{
  "version": 4,
  "terraform_version": "1.14.3",
  "serial": 409,
  "lineage": "41fa29cf-1ea1-40b4-3da9-c80b98d3401f",
  "outputs": {},
  "resources": [
    {
      "mode": "managed",
      "type": "aws_iam_role_policy_attachment",
      "name": "admin_blog_posts_lambda_event_policy_attachment",
      "provider": "provider[\"registry.terraform.io/hashicorp/aws\"]",
      "instances": [
        {
          "schema_version": 0,
          "attributes": {
            "id": "admin_blog_posts-lambda-role-2026021721364080490000000d",
            "policy_arn": "arn:aws:iam::721937028630:policy/admin_lambda_eventbridge_access_policy",
            "role": "admin_blog_posts-lambda-role"
          },
          "sensitive_attributes": [],
          "identity_schema_version": 0,
          "private": "bnVsbA==",
          "dependencies": [
            "module.admin_blog_posts_lambda.aws_iam_role.lambda_role",
            "module.admin_blog_posts_lambda_event_permission.aws_iam_policy.eventbridge_access",
            "module.cleanup_lambda.aws_cloudwatch_log_group.lambda",
            "module.cleanup_lambda.aws_iam_role.lambda_role",
            "module.cleanup_lambda.aws_iam_role_policy_attachment.basic_execution",
            "module.cleanup_lambda.aws_lambda_function.this",
            "module.event.aws_cloudwatch_event_bus.this",
            "module.lambda_layer.aws_lambda_layer_version.this",
            "module.media_bucket.aws_s3_bucket.protected",
            "module.media_bucket.aws_s3_bucket.unprotected",
            "module.notifications_lambda.aws_cloudwatch_log_group.lambda",
            "module.notifications_lambda.aws_iam_role.lambda_role",
            "module.notifications_lambda.aws_iam_role_policy_attachment.basic_execution",
            "module.notifications_lambda.aws_lambda_function.this"
          ]
        }
      ]
    },
    {
      "mode": "managed",
      "type": "aws_iam_role_policy_attachment",
      "name": "admin_blog_posts_lambda_policy_attachment",
      "provider": "provider[\"registry.terraform.io/hashicorp/aws\"]",
      "instances": [
        {
          "schema_version": 0,
          "attributes": {
            "id": "admin_blog_posts-lambda-role-2026021721363542610000000b",
            "policy_arn": "arn:aws:iam::721937028630:policy/admin-lambda-dynamodb-policy",
            "role": "admin_blog_posts-lambda-role"
          },
          "sensitive_attributes": [],
          "identity_schema_version": 0,
          "private": "bnVsbA==",
          "dependencies": [
            "module.admin_blog_posts_lambda.aws_iam_role.lambda_role",
            "module.admin_blog_posts_lambda_permission.aws_iam_policy.admin_lambda_dynamodb_policy",
            "module.posts_table.aws_dynamodb_table.this"
          ]
        }
      ]
    },
    {
      "mode": "managed",
      "type": "aws_iam_role_policy_attachment",
      "name": "cleanup_lambda_s3_policy_attachment",
      "provider": "provider[\"registry.terraform.io/hashicorp/aws\"]",
      "instances": [
        {
          "schema_version": 0,
          "attributes": {
            "id": "cleanup_lambda-lambda-role-20260217213614698200000008",
            "policy_arn": "arn:aws:iam::721937028630:policy/cleanup_lambda_s3_access_policy",
            "role": "cleanup_lambda-lambda-role"
          },
          "sensitive_attributes": [],
          "identity_schema_version": 0,
          "private": "bnVsbA==",
          "dependencies": [
            "module.cleanup_lambda.aws_iam_role.lambda_role",
            "module.cleanup_lambda_s3_permission.aws_iam_policy.s3_access",
            "module.media_bucket.aws_s3_bucket.protected",
            "module.media_bucket.aws_s3_bucket.unprotected"
          ]
        }
      ]
    },
    {
      "mode": "managed",
      "type": "aws_iam_role_policy_attachment",
      "name": "leads_lambda_event_policy_attachment",
      "provider": "provider[\"registry.terraform.io/hashicorp/aws\"]",
      "instances": [
        {
          "schema_version": 0,
          "attributes": {
            "id": "leads_lambda-lambda-role-2026021721364085550000000e",
            "policy_arn": "arn:aws:iam::721937028630:policy/leads_lambda_eventbridge_invoke_policy",
            "role": "leads_lambda-lambda-role"
          },
          "sensitive_attributes": [],
          "identity_schema_version": 0,
          "private": "bnVsbA==",
          "dependencies": [
            "module.cleanup_lambda.aws_cloudwatch_log_group.lambda",
            "module.cleanup_lambda.aws_iam_role.lambda_role",
            "module.cleanup_lambda.aws_iam_role_policy_attachment.basic_execution",
            "module.cleanup_lambda.aws_lambda_function.this",
            "module.event.aws_cloudwatch_event_bus.this",
            "module.lambda_layer.aws_lambda_layer_version.this",
            "module.leads_lambda.aws_iam_role.lambda_role",
            "module.leads_lambda_event_permission.aws_iam_policy.eventbridge_invoke",
            "module.media_bucket.aws_s3_bucket.protected",
            "module.media_bucket.aws_s3_bucket.unprotected",
            "module.notifications_lambda.aws_cloudwatch_log_group.lambda",
            "module.notifications_lambda.aws_iam_role.lambda_role",
            "module.notifications_lambda.aws_iam_role_policy_attachment.basic_execution",
            "module.notifications_lambda.aws_lambda_function.this"
          ]
        }
      ]
    },
    {
      "mode": "managed",
      "type": "aws_iam_role_policy_attachment",
      "name": "leads_lambda_policy_attachment",
      "provider": "provider[\"registry.terraform.io/hashicorp/aws\"]",
      "instances": [
        {
          "schema_version": 0,
          "attributes": {
            "id": "leads_lambda-lambda-role-2026021721362648980000000a",
            "policy_arn": "arn:aws:iam::721937028630:policy/leads-lambda-dynamodb-policy",
            "role": "leads_lambda-lambda-role"
          },
          "sensitive_attributes": [],
          "identity_schema_version": 0,
          "private": "bnVsbA==",
          "dependencies": [
            "module.leads_lambda.aws_iam_role.lambda_role",
            "module.leads_lambda_permissions.aws_iam_policy.leads_lambda_policy",
            "module.leads_table.aws_dynamodb_table.this"
          ]
        }
      ]
    },
    {
      "mode": "managed",
      "type": "aws_iam_role_policy_attachment",
      "name": "notifications_lambda_ses_policy_attachment",
      "provider": "provider[\"registry.terraform.io/hashicorp/aws\"]",
      "instances": [
        {
          "schema_version": 0,
          "attributes": {
            "id": "notifications_lambda-lambda-role-20260217213614255000000007",
            "policy_arn": "arn:aws:iam::721937028630:policy/notifications_lambda_ses_access_policy",
            "role": "notifications_lambda-lambda-role"
          },
          "sensitive_attributes": [],
          "identity_schema_version": 0,
          "private": "bnVsbA==",
          "dependencies": [
            "module.notifications_lambda.aws_iam_role.lambda_role",
            "module.notifications_lambda_ses_permission.aws_iam_policy.ses_access",
            "module.notifications_ses.aws_ses_email_identity.email"
          ]
        }
      ]
    },
    {
      "mode": "managed",
      "type": "aws_iam_role_policy_attachment",
      "name": "presign_lambda_policy_attachment",
      "provider": "provider[\"registry.terraform.io/hashicorp/aws\"]",
      "instances": [
        {
          "schema_version": 0,
          "attributes": {
            "id": "presign_lambda-lambda-role-20260217213614729200000009",
            "policy_arn": "arn:aws:iam::721937028630:policy/presign-lambda-s3-policy",
            "role": "presign_lambda-lambda-role"
          },
          "sensitive_attributes": [],
          "identity_schema_version": 0,
          "private": "bnVsbA==",
          "dependencies": [
            "module.media_bucket.aws_s3_bucket.protected",
            "module.media_bucket.aws_s3_bucket.unprotected",
            "module.presign_lambda.aws_iam_role.lambda_role",
            "module.presign_lambda_permissions.aws_iam_policy.presign_lambda_s3_policy"
          ]
        }
      ]
    },
    {
      "mode": "managed",
      "type": "aws_iam_role_policy_attachment",
      "name": "public_posts_lambda_policy_attachment",
      "provider": "provider[\"registry.terraform.io/hashicorp/aws\"]",
      "instances": [
        {
          "schema_version": 0,
          "attributes": {
            "id": "public_posts_lambda-lambda-role-2026021721363549310000000c",
            "policy_arn": "arn:aws:iam::721937028630:policy/public-lambda-dynamodb-policy",
            "role": "public_posts_lambda-lambda-role"
          },
          "sensitive_attributes": [],
          "identity_schema_version": 0,
          "private": "bnVsbA==",
          "dependencies": [
            "module.posts_table.aws_dynamodb_table.this",
            "module.public_posts_lambda.aws_iam_role.lambda_role",
            "module.public_posts_lambda_permissions.aws_iam_policy.public_lambda_dynamodb_policy"
          ]
        }
      ]
    },
    {
      "module": "module.admin_api.module.api",
      "mode": "managed",
      "type": "aws_api_gateway_rest_api",
      "name": "this",
      "provider": "provider[\"registry.terraform.io/hashicorp/aws\"]",
      "instances": [
        {
          "schema_version": 0,
          "attributes": {
            "api_key_source": "HEADER",
            "arn": "arn:aws:apigateway:eu-west-1::/restapis/webnnnwvg3",
            "binary_media_types": [],
            "body": null,
            "created_date": "2026-02-17T21:36:10Z",
            "description": "",
            "disable_execute_api_endpoint": false,
            "endpoint_configuration": [
              {
                "types": [
                  "REGIONAL"
                ],
                "vpc_endpoint_ids": []
              }
            ],
            "execution_arn": "arn:aws:execute-api:eu-west-1:721937028630:webnnnwvg3",
            "fail_on_warnings": null,
            "id": "webnnnwvg3",
            "minimum_compression_size": -1,
            "name": "admin-api",
            "parameters": null,
            "policy": "",
            "put_rest_api_mode": null,
            "root_resource_id": "4pwpiotwe2",
            "tags": {},
            "tags_all": {}
          },
          "sensitive_attributes": [],
          "identity_schema_version": 0,
          "private": "bnVsbA==",
          "create_before_destroy": true
        }
      ]
    },
    {
      "module": "module.admin_api.module.integrations",
      "mode": "managed",
      "type": "aws_api_gateway_integration",
      "name": "this",
      "provider": "provider[\"registry.terraform.io/hashicorp/aws\"]",
      "instances": [
        {
          "index_key": "archive_post",
          "schema_version": 0,
          "attributes": {
            "cache_key_parameters": null,
            "cache_namespace": "zdm05j",
            "connection_id": "",
            "connection_type": "INTERNET",
            "content_handling": "",
            "credentials": "",
            "http_method": "POST",
            "id": "agi-webnnnwvg3-zdm05j-POST",
            "integration_http_method": "POST",
            "passthrough_behavior": "WHEN_NO_MATCH",
            "request_parameters": null,
            "request_templates": null,
            "resource_id": "zdm05j",
            "rest_api_id": "webnnnwvg3",
            "timeout_milliseconds": 29000,
            "tls_config": [],
            "type": "AWS_PROXY",
            "uri": "arn:aws:apigateway:eu-west-1:lambda:path/2015-03-31/functions/arn:aws:lambda:eu-west-1:721937028630:function:admin_blog_posts/invocations"
          },
          "sensitive_attributes": [],
          "identity_schema_version": 0,
          "private": "bnVsbA==",
          "dependencies": [
            "module.admin_api.module.api.aws_api_gateway_rest_api.this",
            "module.admin_api.module.methods.aws_api_gateway_method.this",
            "module.admin_api.module.resources.aws_api_gateway_resource.level_1",
            "module.admin_api.module.resources.aws_api_gateway_resource.level_2",
            "module.admin_api.module.resources.aws_api_gateway_resource.level_3",
            "module.admin_api.module.resources.aws_api_gateway_resource.level_4",
            "module.admin_api.module.resources.aws_api_gateway_resource.level_5",
            "module.admin_blog_posts_lambda.aws_cloudwatch_log_group.lambda",
            "module.admin_blog_posts_lambda.aws_iam_role.lambda_role",
            "module.admin_blog_posts_lambda.aws_iam_role_policy_attachment.basic_execution",
            "module.admin_blog_posts_lambda.aws_lambda_function.this",
            "module.lambda_layer.aws_lambda_layer_version.this",
            "module.leads_lambda.aws_cloudwatch_log_group.lambda",
            "module.leads_lambda.aws_iam_role.lambda_role",
            "module.leads_lambda.aws_iam_role_policy_attachment.basic_execution",
            "module.leads_lambda.aws_lambda_function.this",
            "module.leads_table.aws_dynamodb_table.this",
            "module.media_bucket.aws_s3_bucket.protected",
            "module.media_bucket.aws_s3_bucket.unprotected",
            "module.posts_table.aws_dynamodb_table.this",
            "module.presign_lambda.aws_cloudwatch_log_group.lambda",
            "module.presign_lambda.aws_iam_role.lambda_role",
            "module.presign_lambda.aws_iam_role_policy_attachment.basic_execution",
            "module.presign_lambda.aws_lambda_function.this"
          ],
          "create_before_destroy": true
        },
        {
          "index_key": "create_post",
          "schema_version": 0,
          "attributes": {
            "cache_key_parameters": null,
            "cache_namespace": "xbsc23",
            "connection_id": "",
            "connection_type": "INTERNET",
            "content_handling": "",
            "credentials": "",
            "http_method": "POST",
            "id": "agi-webnnnwvg3-xbsc23-POST",
            "integration_http_method": "POST",
            "passthrough_behavior": "WHEN_NO_MATCH",
            "request_parameters": null,
            "request_templates": null,
            "resource_id": "xbsc23",
            "rest_api_id": "webnnnwvg3",
            "timeout_milliseconds": 29000,
            "tls_config": [],
            "type": "AWS_PROXY",
            "uri": "arn:aws:apigateway:eu-west-1:lambda:path/2015-03-31/functions/arn:aws:lambda:eu-west-1:721937028630:function:admin_blog_posts/invocations"
          },
          "sensitive_attributes": [],
          "identity_schema_version": 0,
          "private": "bnVsbA==",
          "dependencies": [
            "module.admin_api.module.api.aws_api_gateway_rest_api.this",
            "module.admin_api.module.methods.aws_api_gateway_method.this",
            "module.admin_api.module.resources.aws_api_gateway_resource.level_1",
            "module.admin_api.module.resources.aws_api_gateway_resource.level_2",
            "module.admin_api.module.resources.aws_api_gateway_resource.level_3",
            "module.admin_api.module.resources.aws_api_gateway_resource.level_4",
            "module.admin_api.module.resources.aws_api_gateway_resource.level_5",
            "module.admin_blog_posts_lambda.aws_cloudwatch_log_group.lambda",
            "module.admin_blog_posts_lambda.aws_iam_role.lambda_role",
            "module.admin_blog_posts_lambda.aws_iam_role_policy_attachment.basic_execution",
            "module.admin_blog_posts_lambda.aws_lambda_function.this",
            "module.lambda_layer.aws_lambda_layer_version.this",
            "module.leads_lambda.aws_cloudwatch_log_group.lambda",
            "module.leads_lambda.aws_iam_role.lambda_role",
            "module.leads_lambda.aws_iam_role_policy_attachment.basic_execution",
            "module.leads_lambda.aws_lambda_function.this",
            "module.leads_table.aws_dynamodb_table.this",
            "module.media_bucket.aws_s3_bucket.protected",
            "module.media_bucket.aws_s3_bucket.unprotected",
            "module.posts_table.aws_dynamodb_table.this",
            "module.presign_lambda.aws_cloudwatch_log_group.lambda",
            "module.presign_lambda.aws_iam_role.lambda_role",
            "module.presign_lambda.aws_iam_role_policy_attachment.basic_execution",
            "module.presign_lambda.aws_lambda_function.this"
          ],
          "create_before_destroy": true
        },
        {
          "index_key": "delete_lead",
          "schema_version": 0,
          "attributes": {
            "cache_key_parameters": null,
            "cache_namespace": "0ahqyi",
            "connection_id": "",
            "connection_type": "INTERNET",
            "content_handling": "",
            "credentials": "",
            "http_method": "DELETE",
            "id": "agi-webnnnwvg3-0ahqyi-DELETE",
            "integration_http_method": "POST",
            "passthrough_behavior": "WHEN_NO_MATCH",
            "request_parameters": null,
            "request_templates": null,
            "resource_id": "0ahqyi",
            "rest_api_id": "webnnnwvg3",
            "timeout_milliseconds": 29000,
            "tls_config": [],
            "type": "AWS_PROXY",
            "uri": "arn:aws:apigateway:eu-west-1:lambda:path/2015-03-31/functions/arn:aws:lambda:eu-west-1:721937028630:function:leads_lambda/invocations"
          },
          "sensitive_attributes": [],
          "identity_schema_version": 0,
          "private": "bnVsbA==",
          "dependencies": [
            "module.admin_api.module.api.aws_api_gateway_rest_api.this",
            "module.admin_api.module.methods.aws_api_gateway_method.this",
            "module.admin_api.module.resources.aws_api_gateway_resource.level_1",
            "module.admin_api.module.resources.aws_api_gateway_resource.level_2",
            "module.admin_api.module.resources.aws_api_gateway_resource.level_3",
            "module.admin_api.module.resources.aws_api_gateway_resource.level_4",
            "module.admin_api.module.resources.aws_api_gateway_resource.level_5",
            "module.admin_blog_posts_lambda.aws_cloudwatch_log_group.lambda",
            "module.admin_blog_posts_lambda.aws_iam_role.lambda_role",
            "module.admin_blog_posts_lambda.aws_iam_role_policy_attachment.basic_execution",
            "module.admin_blog_posts_lambda.aws_lambda_function.this",
            "module.lambda_layer.aws_lambda_layer_version.this",
            "module.leads_lambda.aws_cloudwatch_log_group.lambda",
            "module.leads_lambda.aws_iam_role.lambda_role",
            "module.leads_lambda.aws_iam_role_policy_attachment.basic_execution",
            "module.leads_lambda.aws_lambda_function.this",
            "module.leads_table.aws_dynamodb_table.this",
            "module.media_bucket.aws_s3_bucket.protected",
            "module.media_bucket.aws_s3_bucket.unprotected",
            "module.posts_table.aws_dynamodb_table.this",
            "module.presign_lambda.aws_cloudwatch_log_group.lambda",
            "module.presign_lambda.aws_iam_role.lambda_role",
            "module.presign_lambda.aws_iam_role_policy_attachment.basic_execution",
            "module.presign_lambda.aws_lambda_function.this"
          ],
          "create_before_destroy": true
        },
        {
          "index_key": "delete_post",
          "schema_version": 0,
          "attributes": {
            "cache_key_parameters": null,
            "cache_namespace": "lju9zr",
            "connection_id": "",
            "connection_type": "INTERNET",
            "content_handling": "",
            "credentials": "",
            "http_method": "DELETE",
            "id": "agi-webnnnwvg3-lju9zr-DELETE",
            "integration_http_method": "POST",
            "passthrough_behavior": "WHEN_NO_MATCH",
            "request_parameters": null,
            "request_templates": null,
            "resource_id": "lju9zr",
            "rest_api_id": "webnnnwvg3",
            "timeout_milliseconds": 29000,
            "tls_config": [],
            "type": "AWS_PROXY",
            "uri": "arn:aws:apigateway:eu-west-1:lambda:path/2015-03-31/functions/arn:aws:lambda:eu-west-1:721937028630:function:admin_blog_posts/invocations"
          },
          "sensitive_attributes": [],
          "identity_schema_version": 0,
          "private": "bnVsbA==",
          "dependencies": [
            "module.admin_api.module.api.aws_api_gateway_rest_api.this",
            "module.admin_api.module.methods.aws_api_gateway_method.this",
            "module.admin_api.module.resources.aws_api_gateway_resource.level_1",
            "module.admin_api.module.resources.aws_api_gateway_resource.level_2",
            "module.admin_api.module.resources.aws_api_gateway_resource.level_3",
            "module.admin_api.module.resources.aws_api_gateway_resource.level_4",
            "module.admin_api.module.resources.aws_api_gateway_resource.level_5",
            "module.admin_blog_posts_lambda.aws_cloudwatch_log_group.lambda",
            "module.admin_blog_posts_lambda.aws_iam_role.lambda_role",
            "module.admin_blog_posts_lambda.aws_iam_role_policy_attachment.basic_execution",
            "module.admin_blog_posts_lambda.aws_lambda_function.this",
            "module.lambda_layer.aws_lambda_layer_version.this",
            "module.leads_lambda.aws_cloudwatch_log_group.lambda",
            "module.leads_lambda.aws_iam_role.lambda_role",
            "module.leads_lambda.aws_iam_role_policy_attachment.basic_execution",
            "module.leads_lambda.aws_lambda_function.this",
            "module.leads_table.aws_dynamodb_table.this",
            "module.media_bucket.aws_s3_bucket.protected",
            "module.media_bucket.aws_s3_bucket.unprotected",
            "module.posts_table.aws_dynamodb_table.this",
            "module.presign_lambda.aws_cloudwatch_log_group.lambda",
            "module.presign_lambda.aws_iam_role.lambda_role",
            "module.presign_lambda.aws_iam_role_policy_attachment.basic_execution",
            "module.presign_lambda.aws_lambda_function.this"
          ],
          "create_before_destroy": true
        },
        {
          "index_key": "get_lead",
          "schema_version": 0,
          "attributes": {
            "cache_key_parameters": null,
            "cache_namespace": "0ahqyi",
            "connection_id": "",
            "connection_type": "INTERNET",
            "content_handling": "",
            "credentials": "",
            "http_method": "GET",
            "id": "agi-webnnnwvg3-0ahqyi-GET",
            "integration_http_method": "POST",
            "passthrough_behavior": "WHEN_NO_MATCH",
            "request_parameters": null,
            "request_templates": null,
            "resource_id": "0ahqyi",
            "rest_api_id": "webnnnwvg3",
            "timeout_milliseconds": 29000,
            "tls_config": [],
            "type": "AWS_PROXY",
            "uri": "arn:aws:apigateway:eu-west-1:lambda:path/2015-03-31/functions/arn:aws:lambda:eu-west-1:721937028630:function:leads_lambda/invocations"
          },
          "sensitive_attributes": [],
          "identity_schema_version": 0,
          "private": "bnVsbA==",
          "dependencies": [
            "module.admin_api.module.api.aws_api_gateway_rest_api.this",
            "module.admin_api.module.methods.aws_api_gateway_method.this",
            "module.admin_api.module.resources.aws_api_gateway_resource.level_1",
            "module.admin_api.module.resources.aws_api_gateway_resource.level_2",
            "module.admin_api.module.resources.aws_api_gateway_resource.level_3",
            "module.admin_api.module.resources.aws_api_gateway_resource.level_4",
            "module.admin_api.module.resources.aws_api_gateway_resource.level_5",
            "module.admin_blog_posts_lambda.aws_cloudwatch_log_group.lambda",
            "module.admin_blog_posts_lambda.aws_iam_role.lambda_role",
            "module.admin_blog_posts_lambda.aws_iam_role_policy_attachment.basic_execution",
            "module.admin_blog_posts_lambda.aws_lambda_function.this",
            "module.lambda_layer.aws_lambda_layer_version.this",
            "module.leads_lambda.aws_cloudwatch_log_group.lambda",
            "module.leads_lambda.aws_iam_role.lambda_role",
            "module.leads_lambda.aws_iam_role_policy_attachment.basic_execution",
            "module.leads_lambda.aws_lambda_function.this",
            "module.leads_table.aws_dynamodb_table.this",
            "module.media_bucket.aws_s3_bucket.protected",
            "module.media_bucket.aws_s3_bucket.unprotected",
            "module.posts_table.aws_dynamodb_table.this",
            "module.presign_lambda.aws_cloudwatch_log_group.lambda",
            "module.presign_lambda.aws_iam_role.lambda_role",
            "module.presign_lambda.aws_iam_role_policy_attachment.basic_execution",
            "module.presign_lambda.aws_lambda_function.this"
          ],
          "create_before_destroy": true
        },
        {
          "index_key": "get_leads",
          "schema_version": 0,
          "attributes": {
            "cache_key_parameters": null,
            "cache_namespace": "0vmu9c",
            "connection_id": "",
            "connection_type": "INTERNET",
            "content_handling": "",
            "credentials": "",
            "http_method": "GET",
            "id": "agi-webnnnwvg3-0vmu9c-GET",
            "integration_http_method": "POST",
            "passthrough_behavior": "WHEN_NO_MATCH",
            "request_parameters": null,
            "request_templates": null,
            "resource_id": "0vmu9c",
            "rest_api_id": "webnnnwvg3",
            "timeout_milliseconds": 29000,
            "tls_config": [],
            "type": "AWS_PROXY",
            "uri": "arn:aws:apigateway:eu-west-1:lambda:path/2015-03-31/functions/arn:aws:lambda:eu-west-1:721937028630:function:leads_lambda/invocations"
          },
          "sensitive_attributes": [],
          "identity_schema_version": 0,
          "private": "bnVsbA==",
          "dependencies": [
            "module.admin_api.module.api.aws_api_gateway_rest_api.this",
            "module.admin_api.module.methods.aws_api_gateway_method.this",
            "module.admin_api.module.resources.aws_api_gateway_resource.level_1",
            "module.admin_api.module.resources.aws_api_gateway_resource.level_2",
            "module.admin_api.module.resources.aws_api_gateway_resource.level_3",
            "module.admin_api.module.resources.aws_api_gateway_resource.level_4",
            "module.admin_api.module.resources.aws_api_gateway_resource.level_5",
            "module.admin_blog_posts_lambda.aws_cloudwatch_log_group.lambda",
            "module.admin_blog_posts_lambda.aws_iam_role.lambda_role",
            "module.admin_blog_posts_lambda.aws_iam_role_policy_attachment.basic_execution",
            "module.admin_blog_posts_lambda.aws_lambda_function.this",
            "module.lambda_layer.aws_lambda_layer_version.this",
            "module.leads_lambda.aws_cloudwatch_log_group.lambda",
            "module.leads_lambda.aws_iam_role.lambda_role",
            "module.leads_lambda.aws_iam_role_policy_attachment.basic_execution",
            "module.leads_lambda.aws_lambda_function.this",
            "module.leads_table.aws_dynamodb_table.this",
            "module.media_bucket.aws_s3_bucket.protected",
            "module.media_bucket.aws_s3_bucket.unprotected",
            "module.posts_table.aws_dynamodb_table.this",
            "module.presign_lambda.aws_cloudwatch_log_group.lambda",
            "module.presign_lambda.aws_iam_role.lambda_role",
            "module.presign_lambda.aws_iam_role_policy_attachment.basic_execution",
            "module.presign_lambda.aws_lambda_function.this"
          ],
          "create_before_destroy": true
        },
        {
          "index_key": "get_post",
          "schema_version": 0,
          "attributes": {
            "cache_key_parameters": null,
            "cache_namespace": "lju9zr",
            "connection_id": "",
            "connection_type": "INTERNET",
            "content_handling": "",
            "credentials": "",
            "http_method": "GET",
            "id": "agi-webnnnwvg3-lju9zr-GET",
            "integration_http_method": "POST",
            "passthrough_behavior": "WHEN_NO_MATCH",
            "request_parameters": null,
            "request_templates": null,
            "resource_id": "lju9zr",
            "rest_api_id": "webnnnwvg3",
            "timeout_milliseconds": 29000,
            "tls_config": [],
            "type": "AWS_PROXY",
            "uri": "arn:aws:apigateway:eu-west-1:lambda:path/2015-03-31/functions/arn:aws:lambda:eu-west-1:721937028630:function:admin_blog_posts/invocations"
          },
          "sensitive_attributes": [],
          "identity_schema_version": 0,
          "private": "bnVsbA==",
          "dependencies": [
            "module.admin_api.module.api.aws_api_gateway_rest_api.this",
            "module.admin_api.module.methods.aws_api_gateway_method.this",
            "module.admin_api.module.resources.aws_api_gateway_resource.level_1",
            "module.admin_api.module.resources.aws_api_gateway_resource.level_2",
            "module.admin_api.module.resources.aws_api_gateway_resource.level_3",
            "module.admin_api.module.resources.aws_api_gateway_resource.level_4",
            "module.admin_api.module.resources.aws_api_gateway_resource.level_5",
            "module.admin_blog_posts_lambda.aws_cloudwatch_log_group.lambda",
            "module.admin_blog_posts_lambda.aws_iam_role.lambda_role",
            "module.admin_blog_posts_lambda.aws_iam_role_policy_attachment.basic_execution",
            "module.admin_blog_posts_lambda.aws_lambda_function.this",
            "module.lambda_layer.aws_lambda_layer_version.this",
            "module.leads_lambda.aws_cloudwatch_log_group.lambda",
            "module.leads_lambda.aws_iam_role.lambda_role",
            "module.leads_lambda.aws_iam_role_policy_attachment.basic_execution",
            "module.leads_lambda.aws_lambda_function.this",
            "module.leads_table.aws_dynamodb_table.this",
            "module.media_bucket.aws_s3_bucket.protected",
            "module.media_bucket.aws_s3_bucket.unprotected",
            "module.posts_table.aws_dynamodb_table.this",
            "module.presign_lambda.aws_cloudwatch_log_group.lambda",
            "module.presign_lambda.aws_iam_role.lambda_role",
            "module.presign_lambda.aws_iam_role_policy_attachment.basic_execution",
            "module.presign_lambda.aws_lambda_function.this"
          ],
          "create_before_destroy": true
        },
        {
          "index_key": "get_posts",
          "schema_version": 0,
          "attributes": {
            "cache_key_parameters": null,
            "cache_namespace": "xbsc23",
            "connection_id": "",
            "connection_type": "INTERNET",
            "content_handling": "",
            "credentials": "",
            "http_method": "GET",
            "id": "agi-webnnnwvg3-xbsc23-GET",
            "integration_http_method": "POST",
            "passthrough_behavior": "WHEN_NO_MATCH",
            "request_parameters": null,
            "request_templates": null,
            "resource_id": "xbsc23",
            "rest_api_id": "webnnnwvg3",
            "timeout_milliseconds": 29000,
            "tls_config": [],
            "type": "AWS_PROXY",
            "uri": "arn:aws:apigateway:eu-west-1:lambda:path/2015-03-31/functions/arn:aws:lambda:eu-west-1:721937028630:function:admin_blog_posts/invocations"
          },
          "sensitive_attributes": [],
          "identity_schema_version": 0,
          "private": "bnVsbA==",
          "dependencies": [
            "module.admin_api.module.api.aws_api_gateway_rest_api.this",
            "module.admin_api.module.methods.aws_api_gateway_method.this",
            "module.admin_api.module.resources.aws_api_gateway_resource.level_1",
            "module.admin_api.module.resources.aws_api_gateway_resource.level_2",
            "module.admin_api.module.resources.aws_api_gateway_resource.level_3",
            "module.admin_api.module.resources.aws_api_gateway_resource.level_4",
            "module.admin_api.module.resources.aws_api_gateway_resource.level_5",
            "module.admin_blog_posts_lambda.aws_cloudwatch_log_group.lambda",
            "module.admin_blog_posts_lambda.aws_iam_role.lambda_role",
            "module.admin_blog_posts_lambda.aws_iam_role_policy_attachment.basic_execution",
            "module.admin_blog_posts_lambda.aws_lambda_function.this",
            "module.lambda_layer.aws_lambda_layer_version.this",
            "module.leads_lambda.aws_cloudwatch_log_group.lambda",
            "module.leads_lambda.aws_iam_role.lambda_role",
            "module.leads_lambda.aws_iam_role_policy_attachment.basic_execution",
            "module.leads_lambda.aws_lambda_function.this",
            "module.leads_table.aws_dynamodb_table.this",
            "module.media_bucket.aws_s3_bucket.protected",
            "module.media_bucket.aws_s3_bucket.unprotected",
            "module.posts_table.aws_dynamodb_table.this",
            "module.presign_lambda.aws_cloudwatch_log_group.lambda",
            "module.presign_lambda.aws_iam_role.lambda_role",
            "module.presign_lambda.aws_iam_role_policy_attachment.basic_execution",
            "module.presign_lambda.aws_lambda_function.this"
          ],
          "create_before_destroy": true
        },
        {
          "index_key": "get_upload_url",
          "schema_version": 0,
          "attributes": {
            "cache_key_parameters": [],
            "cache_namespace": "opbut5",
            "connection_id": "",
            "connection_type": "INTERNET",
            "content_handling": "",
            "credentials": "",
            "http_method": "GET",
            "id": "agi-webnnnwvg3-opbut5-GET",
            "integration_http_method": "POST",
            "passthrough_behavior": "WHEN_NO_MATCH",
            "request_parameters": {},
            "request_templates": {},
            "resource_id": "opbut5",
            "rest_api_id": "webnnnwvg3",
            "timeout_milliseconds": 29000,
            "tls_config": [],
            "type": "AWS_PROXY",
            "uri": "arn:aws:apigateway:eu-west-1:lambda:path/2015-03-31/functions/arn:aws:lambda:eu-west-1:721937028630:function:presign_lambda/invocations"
          },
          "sensitive_attributes": [],
          "identity_schema_version": 0,
          "private": "bnVsbA==",
          "dependencies": [
            "module.admin_api.module.api.aws_api_gateway_rest_api.this",
            "module.admin_api.module.methods.aws_api_gateway_method.this",
            "module.admin_api.module.resources.aws_api_gateway_resource.level_1",
            "module.admin_api.module.resources.aws_api_gateway_resource.level_2",
            "module.admin_api.module.resources.aws_api_gateway_resource.level_3",
            "module.admin_api.module.resources.aws_api_gateway_resource.level_4",
            "module.admin_api.module.resources.aws_api_gateway_resource.level_5",
            "module.admin_blog_posts_lambda.aws_cloudwatch_log_group.lambda",
            "module.admin_blog_posts_lambda.aws_iam_role.lambda_role",
            "module.admin_blog_posts_lambda.aws_iam_role_policy_attachment.basic_execution",
            "module.admin_blog_posts_lambda.aws_lambda_function.this",
            "module.lambda_layer.aws_lambda_layer_version.this",
            "module.leads_lambda.aws_cloudwatch_log_group.lambda",
            "module.leads_lambda.aws_iam_role.lambda_role",
            "module.leads_lambda.aws_iam_role_policy_attachment.basic_execution",
            "module.leads_lambda.aws_lambda_function.this",
            "module.leads_table.aws_dynamodb_table.this",
            "module.media_bucket.aws_s3_bucket.protected",
            "module.media_bucket.aws_s3_bucket.unprotected",
            "module.posts_table.aws_dynamodb_table.this",
            "module.presign_lambda.aws_cloudwatch_log_group.lambda",
            "module.presign_lambda.aws_iam_role.lambda_role",
            "module.presign_lambda.aws_iam_role_policy_attachment.basic_execution",
            "module.presign_lambda.aws_lambda_function.this"
          ],
          "create_before_destroy": true
        },
        {
          "index_key": "leadId_options",
          "schema_version": 0,
          "attributes": {
            "cache_key_parameters": null,
            "cache_namespace": "0ahqyi",
            "connection_id": "",
            "connection_type": "INTERNET",
            "content_handling": "",
            "credentials": "",
            "http_method": "OPTIONS",
            "id": "agi-webnnnwvg3-0ahqyi-OPTIONS",
            "integration_http_method": "",
            "passthrough_behavior": "WHEN_NO_MATCH",
            "request_parameters": null,
            "request_templates": {
              "application/json": "            {\n                \"statusCode\": 200\n            }\n"
            },
            "resource_id": "0ahqyi",
            "rest_api_id": "webnnnwvg3",
            "timeout_milliseconds": 29000,
            "tls_config": [],
            "type": "MOCK",
            "uri": ""
          },
          "sensitive_attributes": [],
          "identity_schema_version": 0,
          "private": "bnVsbA==",
          "dependencies": [
            "module.admin_api.module.api.aws_api_gateway_rest_api.this",
            "module.admin_api.module.methods.aws_api_gateway_method.this",
            "module.admin_api.module.resources.aws_api_gateway_resource.level_1",
            "module.admin_api.module.resources.aws_api_gateway_resource.level_2",
            "module.admin_api.module.resources.aws_api_gateway_resource.level_3",
            "module.admin_api.module.resources.aws_api_gateway_resource.level_4",
            "module.admin_api.module.resources.aws_api_gateway_resource.level_5",
            "module.admin_blog_posts_lambda.aws_cloudwatch_log_group.lambda",
            "module.admin_blog_posts_lambda.aws_iam_role.lambda_role",
            "module.admin_blog_posts_lambda.aws_iam_role_policy_attachment.basic_execution",
            "module.admin_blog_posts_lambda.aws_lambda_function.this",
            "module.lambda_layer.aws_lambda_layer_version.this",
            "module.leads_lambda.aws_cloudwatch_log_group.lambda",
            "module.leads_lambda.aws_iam_role.lambda_role",
            "module.leads_lambda.aws_iam_role_policy_attachment.basic_execution",
            "module.leads_lambda.aws_lambda_function.this",
            "module.leads_table.aws_dynamodb_table.this",
            "module.media_bucket.aws_s3_bucket.protected",
            "module.media_bucket.aws_s3_bucket.unprotected",
            "module.posts_table.aws_dynamodb_table.this",
            "module.presign_lambda.aws_cloudwatch_log_group.lambda",
            "module.presign_lambda.aws_iam_role.lambda_role",
            "module.presign_lambda.aws_iam_role_policy_attachment.basic_execution",
            "module.presign_lambda.aws_lambda_function.this"
          ],
          "create_before_destroy": true
        },
        {
          "index_key": "leads_options",
          "schema_version": 0,
          "attributes": {
            "cache_key_parameters": null,
            "cache_namespace": "0vmu9c",
            "connection_id": "",
            "connection_type": "INTERNET",
            "content_handling": "",
            "credentials": "",
            "http_method": "OPTIONS",
            "id": "agi-webnnnwvg3-0vmu9c-OPTIONS",
            "integration_http_method": "",
            "passthrough_behavior": "WHEN_NO_MATCH",
            "request_parameters": null,
            "request_templates": {
              "application/json": "            {\n                \"statusCode\": 200\n            }\n"
            },
            "resource_id": "0vmu9c",
            "rest_api_id": "webnnnwvg3",
            "timeout_milliseconds": 29000,
            "tls_config": [],
            "type": "MOCK",
            "uri": ""
          },
          "sensitive_attributes": [],
          "identity_schema_version": 0,
          "private": "bnVsbA==",
          "dependencies": [
            "module.admin_api.module.api.aws_api_gateway_rest_api.this",
            "module.admin_api.module.methods.aws_api_gateway_method.this",
            "module.admin_api.module.resources.aws_api_gateway_resource.level_1",
            "module.admin_api.module.resources.aws_api_gateway_resource.level_2",
            "module.admin_api.module.resources.aws_api_gateway_resource.level_3",
            "module.admin_api.module.resources.aws_api_gateway_resource.level_4",
            "module.admin_api.module.resources.aws_api_gateway_resource.level_5",
            "module.admin_blog_posts_lambda.aws_cloudwatch_log_group.lambda",
            "module.admin_blog_posts_lambda.aws_iam_role.lambda_role",
            "module.admin_blog_posts_lambda.aws_iam_role_policy_attachment.basic_execution",
            "module.admin_blog_posts_lambda.aws_lambda_function.this",
            "module.lambda_layer.aws_lambda_layer_version.this",
            "module.leads_lambda.aws_cloudwatch_log_group.lambda",
            "module.leads_lambda.aws_iam_role.lambda_role",
            "module.leads_lambda.aws_iam_role_policy_attachment.basic_execution",
            "module.leads_lambda.aws_lambda_function.this",
            "module.leads_table.aws_dynamodb_table.this",
            "module.media_bucket.aws_s3_bucket.protected",
            "module.media_bucket.aws_s3_bucket.unprotected",
            "module.posts_table.aws_dynamodb_table.this",
            "module.presign_lambda.aws_cloudwatch_log_group.lambda",
            "module.presign_lambda.aws_iam_role.lambda_role",
            "module.presign_lambda.aws_iam_role_policy_attachment.basic_execution",
            "module.presign_lambda.aws_lambda_function.this"
          ],
          "create_before_destroy": true
        },
        {
          "index_key": "postId_options",
          "schema_version": 0,
          "attributes": {
            "cache_key_parameters": null,
            "cache_namespace": "lju9zr",
            "connection_id": "",
            "connection_type": "INTERNET",
            "content_handling": "",
            "credentials": "",
            "http_method": "OPTIONS",
            "id": "agi-webnnnwvg3-lju9zr-OPTIONS",
            "integration_http_method": "",
            "passthrough_behavior": "WHEN_NO_MATCH",
            "request_parameters": null,
            "request_templates": {
              "application/json": "            {\n                \"statusCode\": 200   \n                }\n"
            },
            "resource_id": "lju9zr",
            "rest_api_id": "webnnnwvg3",
            "timeout_milliseconds": 29000,
            "tls_config": [],
            "type": "MOCK",
            "uri": ""
          },
          "sensitive_attributes": [],
          "identity_schema_version": 0,
          "private": "bnVsbA==",
          "dependencies": [
            "module.admin_api.module.api.aws_api_gateway_rest_api.this",
            "module.admin_api.module.methods.aws_api_gateway_method.this",
            "module.admin_api.module.resources.aws_api_gateway_resource.level_1",
            "module.admin_api.module.resources.aws_api_gateway_resource.level_2",
            "module.admin_api.module.resources.aws_api_gateway_resource.level_3",
            "module.admin_api.module.resources.aws_api_gateway_resource.level_4",
            "module.admin_api.module.resources.aws_api_gateway_resource.level_5",
            "module.admin_blog_posts_lambda.aws_cloudwatch_log_group.lambda",
            "module.admin_blog_posts_lambda.aws_iam_role.lambda_role",
            "module.admin_blog_posts_lambda.aws_iam_role_policy_attachment.basic_execution",
            "module.admin_blog_posts_lambda.aws_lambda_function.this",
            "module.lambda_layer.aws_lambda_layer_version.this",
            "module.leads_lambda.aws_cloudwatch_log_group.lambda",
            "module.leads_lambda.aws_iam_role.lambda_role",
            "module.leads_lambda.aws_iam_role_policy_attachment.basic_execution",
            "module.leads_lambda.aws_lambda_function.this",
            "module.leads_table.aws_dynamodb_table.this",
            "module.media_bucket.aws_s3_bucket.protected",
            "module.media_bucket.aws_s3_bucket.unprotected",
            "module.posts_table.aws_dynamodb_table.this",
            "module.presign_lambda.aws_cloudwatch_log_group.lambda",
            "module.presign_lambda.aws_iam_role.lambda_role",
            "module.presign_lambda.aws_iam_role_policy_attachment.basic_execution",
            "module.presign_lambda.aws_lambda_function.this"
          ],
          "create_before_destroy": true
        },
        {
          "index_key": "posts_options",
          "schema_version": 0,
          "attributes": {
            "cache_key_parameters": null,
            "cache_namespace": "xbsc23",
            "connection_id": "",
            "connection_type": "INTERNET",
            "content_handling": "",
            "credentials": "",
            "http_method": "OPTIONS",
            "id": "agi-webnnnwvg3-xbsc23-OPTIONS",
            "integration_http_method": "",
            "passthrough_behavior": "WHEN_NO_MATCH",
            "request_parameters": null,
            "request_templates": {
              "application/json": "            {\n                \"statusCode\": 200\n            }\n"
            },
            "resource_id": "xbsc23",
            "rest_api_id": "webnnnwvg3",
            "timeout_milliseconds": 29000,
            "tls_config": [],
            "type": "MOCK",
            "uri": ""
          },
          "sensitive_attributes": [],
          "identity_schema_version": 0,
          "private": "bnVsbA==",
          "dependencies": [
            "module.admin_api.module.api.aws_api_gateway_rest_api.this",
            "module.admin_api.module.methods.aws_api_gateway_method.this",
            "module.admin_api.module.resources.aws_api_gateway_resource.level_1",
            "module.admin_api.module.resources.aws_api_gateway_resource.level_2",
            "module.admin_api.module.resources.aws_api_gateway_resource.level_3",
            "module.admin_api.module.resources.aws_api_gateway_resource.level_4",
            "module.admin_api.module.resources.aws_api_gateway_resource.level_5",
            "module.admin_blog_posts_lambda.aws_cloudwatch_log_group.lambda",
            "module.admin_blog_posts_lambda.aws_iam_role.lambda_role",
            "module.admin_blog_posts_lambda.aws_iam_role_policy_attachment.basic_execution",
            "module.admin_blog_posts_lambda.aws_lambda_function.this",
            "module.lambda_layer.aws_lambda_layer_version.this",
            "module.leads_lambda.aws_cloudwatch_log_group.lambda",
            "module.leads_lambda.aws_iam_role.lambda_role",
            "module.leads_lambda.aws_iam_role_policy_attachment.basic_execution",
            "module.leads_lambda.aws_lambda_function.this",
            "module.leads_table.aws_dynamodb_table.this",
            "module.media_bucket.aws_s3_bucket.protected",
            "module.media_bucket.aws_s3_bucket.unprotected",
            "module.posts_table.aws_dynamodb_table.this",
            "module.presign_lambda.aws_cloudwatch_log_group.lambda",
            "module.presign_lambda.aws_iam_role.lambda_role",
            "module.presign_lambda.aws_iam_role_policy_attachment.basic_execution",
            "module.presign_lambda.aws_lambda_function.this"
          ],
          "create_before_destroy": true
        },
        {
          "index_key": "publish_post",
          "schema_version": 0,
          "attributes": {
            "cache_key_parameters": null,
            "cache_namespace": "c0kko8",
            "connection_id": "",
            "connection_type": "INTERNET",
            "content_handling": "",
            "credentials": "",
            "http_method": "POST",
            "id": "agi-webnnnwvg3-c0kko8-POST",
            "integration_http_method": "POST",
            "passthrough_behavior": "WHEN_NO_MATCH",
            "request_parameters": null,
            "request_templates": null,
            "resource_id": "c0kko8",
            "rest_api_id": "webnnnwvg3",
            "timeout_milliseconds": 29000,
            "tls_config": [],
            "type": "AWS_PROXY",
            "uri": "arn:aws:apigateway:eu-west-1:lambda:path/2015-03-31/functions/arn:aws:lambda:eu-west-1:721937028630:function:admin_blog_posts/invocations"
          },
          "sensitive_attributes": [],
          "identity_schema_version": 0,
          "private": "bnVsbA==",
          "dependencies": [
            "module.admin_api.module.api.aws_api_gateway_rest_api.this",
            "module.admin_api.module.methods.aws_api_gateway_method.this",
            "module.admin_api.module.resources.aws_api_gateway_resource.level_1",
            "module.admin_api.module.resources.aws_api_gateway_resource.level_2",
            "module.admin_api.module.resources.aws_api_gateway_resource.level_3",
            "module.admin_api.module.resources.aws_api_gateway_resource.level_4",
            "module.admin_api.module.resources.aws_api_gateway_resource.level_5",
            "module.admin_blog_posts_lambda.aws_cloudwatch_log_group.lambda",
            "module.admin_blog_posts_lambda.aws_iam_role.lambda_role",
            "module.admin_blog_posts_lambda.aws_iam_role_policy_attachment.basic_execution",
            "module.admin_blog_posts_lambda.aws_lambda_function.this",
            "module.lambda_layer.aws_lambda_layer_version.this",
            "module.leads_lambda.aws_cloudwatch_log_group.lambda",
            "module.leads_lambda.aws_iam_role.lambda_role",
            "module.leads_lambda.aws_iam_role_policy_attachment.basic_execution",
            "module.leads_lambda.aws_lambda_function.this",
            "module.leads_table.aws_dynamodb_table.this",
            "module.media_bucket.aws_s3_bucket.protected",
            "module.media_bucket.aws_s3_bucket.unprotected",
            "module.posts_table.aws_dynamodb_table.this",
            "module.presign_lambda.aws_cloudwatch_log_group.lambda",
            "module.presign_lambda.aws_iam_role.lambda_role",
            "module.presign_lambda.aws_iam_role_policy_attachment.basic_execution",
            "module.presign_lambda.aws_lambda_function.this"
          ],
          "create_before_destroy": true
        },
        {
          "index_key": "unarchive_post",
          "schema_version": 0,
          "attributes": {
            "cache_key_parameters": null,
            "cache_namespace": "ybf2j3",
            "connection_id": "",
            "connection_type": "INTERNET",
            "content_handling": "",
            "credentials": "",
            "http_method": "POST",
            "id": "agi-webnnnwvg3-ybf2j3-POST",
            "integration_http_method": "POST",
            "passthrough_behavior": "WHEN_NO_MATCH",
            "request_parameters": null,
            "request_templates": null,
            "resource_id": "ybf2j3",
            "rest_api_id": "webnnnwvg3",
            "timeout_milliseconds": 29000,
            "tls_config": [],
            "type": "AWS_PROXY",
            "uri": "arn:aws:apigateway:eu-west-1:lambda:path/2015-03-31/functions/arn:aws:lambda:eu-west-1:721937028630:function:admin_blog_posts/invocations"
          },
          "sensitive_attributes": [],
          "identity_schema_version": 0,
          "private": "bnVsbA==",
          "dependencies": [
            "module.admin_api.module.api.aws_api_gateway_rest_api.this",
            "module.admin_api.module.methods.aws_api_gateway_method.this",
            "module.admin_api.module.resources.aws_api_gateway_resource.level_1",
            "module.admin_api.module.resources.aws_api_gateway_resource.level_2",
            "module.admin_api.module.resources.aws_api_gateway_resource.level_3",
            "module.admin_api.module.resources.aws_api_gateway_resource.level_4",
            "module.admin_api.module.resources.aws_api_gateway_resource.level_5",
            "module.admin_blog_posts_lambda.aws_cloudwatch_log_group.lambda",
            "module.admin_blog_posts_lambda.aws_iam_role.lambda_role",
            "module.admin_blog_posts_lambda.aws_iam_role_policy_attachment.basic_execution",
            "module.admin_blog_posts_lambda.aws_lambda_function.this",
            "module.lambda_layer.aws_lambda_layer_version.this",
            "module.leads_lambda.aws_cloudwatch_log_group.lambda",
            "module.leads_lambda.aws_iam_role.lambda_role",
            "module.leads_lambda.aws_iam_role_policy_attachment.basic_execution",
            "module.leads_lambda.aws_lambda_function.this",
            "module.leads_table.aws_dynamodb_table.this",
            "module.media_bucket.aws_s3_bucket.protected",
            "module.media_bucket.aws_s3_bucket.unprotected",
            "module.posts_table.aws_dynamodb_table.this",
            "module.presign_lambda.aws_cloudwatch_log_group.lambda",
            "module.presign_lambda.aws_iam_role.lambda_role",
            "module.presign_lambda.aws_iam_role_policy_attachment.basic_execution",
            "module.presign_lambda.aws_lambda_function.this"
          ],
          "create_before_destroy": true
        },
        {
          "index_key": "unpublish_post",
          "schema_version": 0,
          "attributes": {
            "cache_key_parameters": null,
            "cache_namespace": "mibc95",
            "connection_id": "",
            "connection_type": "INTERNET",
            "content_handling": "",
            "credentials": "",
            "http_method": "POST",
            "id": "agi-webnnnwvg3-mibc95-POST",
            "integration_http_method": "POST",
            "passthrough_behavior": "WHEN_NO_MATCH",
            "request_parameters": null,
            "request_templates": null,
            "resource_id": "mibc95",
            "rest_api_id": "webnnnwvg3",
            "timeout_milliseconds": 29000,
            "tls_config": [],
            "type": "AWS_PROXY",
            "uri": "arn:aws:apigateway:eu-west-1:lambda:path/2015-03-31/functions/arn:aws:lambda:eu-west-1:721937028630:function:admin_blog_posts/invocations"
          },
          "sensitive_attributes": [],
          "identity_schema_version": 0,
          "private": "bnVsbA==",
          "dependencies": [
            "module.admin_api.module.api.aws_api_gateway_rest_api.this",
            "module.admin_api.module.methods.aws_api_gateway_method.this",
            "module.admin_api.module.resources.aws_api_gateway_resource.level_1",
            "module.admin_api.module.resources.aws_api_gateway_resource.level_2",
            "module.admin_api.module.resources.aws_api_gateway_resource.level_3",
            "module.admin_api.module.resources.aws_api_gateway_resource.level_4",
            "module.admin_api.module.resources.aws_api_gateway_resource.level_5",
            "module.admin_blog_posts_lambda.aws_cloudwatch_log_group.lambda",
            "module.admin_blog_posts_lambda.aws_iam_role.lambda_role",
            "module.admin_blog_posts_lambda.aws_iam_role_policy_attachment.basic_execution",
            "module.admin_blog_posts_lambda.aws_lambda_function.this",
            "module.lambda_layer.aws_lambda_layer_version.this",
            "module.leads_lambda.aws_cloudwatch_log_group.lambda",
            "module.leads_lambda.aws_iam_role.lambda_role",
            "module.leads_lambda.aws_iam_role_policy_attachment.basic_execution",
            "module.leads_lambda.aws_lambda_function.this",
            "module.leads_table.aws_dynamodb_table.this",
            "module.media_bucket.aws_s3_bucket.protected",
            "module.media_bucket.aws_s3_bucket.unprotected",
            "module.posts_table.aws_dynamodb_table.this",
            "module.presign_lambda.aws_cloudwatch_log_group.lambda",
            "module.presign_lambda.aws_iam_role.lambda_role",
            "module.presign_lambda.aws_iam_role_policy_attachment.basic_execution",
            "module.presign_lambda.aws_lambda_function.this"
          ],
          "create_before_destroy": true
        },
        {
          "index_key": "update_lead",
          "schema_version": 0,
          "attributes": {
            "cache_key_parameters": null,
            "cache_namespace": "0ahqyi",
            "connection_id": "",
            "connection_type": "INTERNET",
            "content_handling": "",
            "credentials": "",
            "http_method": "PUT",
            "id": "agi-webnnnwvg3-0ahqyi-PUT",
            "integration_http_method": "POST",
            "passthrough_behavior": "WHEN_NO_MATCH",
            "request_parameters": null,
            "request_templates": null,
            "resource_id": "0ahqyi",
            "rest_api_id": "webnnnwvg3",
            "timeout_milliseconds": 29000,
            "tls_config": [],
            "type": "AWS_PROXY",
            "uri": "arn:aws:apigateway:eu-west-1:lambda:path/2015-03-31/functions/arn:aws:lambda:eu-west-1:721937028630:function:leads_lambda/invocations"
          },
          "sensitive_attributes": [],
          "identity_schema_version": 0,
          "private": "bnVsbA==",
          "dependencies": [
            "module.admin_api.module.api.aws_api_gateway_rest_api.this",
            "module.admin_api.module.methods.aws_api_gateway_method.this",
            "module.admin_api.module.resources.aws_api_gateway_resource.level_1",
            "module.admin_api.module.resources.aws_api_gateway_resource.level_2",
            "module.admin_api.module.resources.aws_api_gateway_resource.level_3",
            "module.admin_api.module.resources.aws_api_gateway_resource.level_4",
            "module.admin_api.module.resources.aws_api_gateway_resource.level_5",
            "module.admin_blog_posts_lambda.aws_cloudwatch_log_group.lambda",
            "module.admin_blog_posts_lambda.aws_iam_role.lambda_role",
            "module.admin_blog_posts_lambda.aws_iam_role_policy_attachment.basic_execution",
            "module.admin_blog_posts_lambda.aws_lambda_function.this",
            "module.lambda_layer.aws_lambda_layer_version.this",
            "module.leads_lambda.aws_cloudwatch_log_group.lambda",
            "module.leads_lambda.aws_iam_role.lambda_role",
            "module.leads_lambda.aws_iam_role_policy_attachment.basic_execution",
            "module.leads_lambda.aws_lambda_function.this",
            "module.leads_table.aws_dynamodb_table.this",
            "module.media_bucket.aws_s3_bucket.protected",
            "module.media_bucket.aws_s3_bucket.unprotected",
            "module.posts_table.aws_dynamodb_table.this",
            "module.presign_lambda.aws_cloudwatch_log_group.lambda",
            "module.presign_lambda.aws_iam_role.lambda_role",
            "module.presign_lambda.aws_iam_role_policy_attachment.basic_execution",
            "module.presign_lambda.aws_lambda_function.this"
          ],
          "create_before_destroy": true
        },
        {
          "index_key": "update_post",
          "schema_version": 0,
          "attributes": {
            "cache_key_parameters": null,
            "cache_namespace": "lju9zr",
            "connection_id": "",
            "connection_type": "INTERNET",
            "content_handling": "",
            "credentials": "",
            "http_method": "PUT",
            "id": "agi-webnnnwvg3-lju9zr-PUT",
            "integration_http_method": "POST",
            "passthrough_behavior": "WHEN_NO_MATCH",
            "request_parameters": null,
            "request_templates": null,
            "resource_id": "lju9zr",
            "rest_api_id": "webnnnwvg3",
            "timeout_milliseconds": 29000,
            "tls_config": [],
            "type": "AWS_PROXY",
            "uri": "arn:aws:apigateway:eu-west-1:lambda:path/2015-03-31/functions/arn:aws:lambda:eu-west-1:721937028630:function:admin_blog_posts/invocations"
          },
          "sensitive_attributes": [],
          "identity_schema_version": 0,
          "private": "bnVsbA==",
          "dependencies": [
            "module.admin_api.module.api.aws_api_gateway_rest_api.this",
            "module.admin_api.module.methods.aws_api_gateway_method.this",
            "module.admin_api.module.resources.aws_api_gateway_resource.level_1",
            "module.admin_api.module.resources.aws_api_gateway_resource.level_2",
            "module.admin_api.module.resources.aws_api_gateway_resource.level_3",
            "module.admin_api.module.resources.aws_api_gateway_resource.level_4",
            "module.admin_api.module.resources.aws_api_gateway_resource.level_5",
            "module.admin_blog_posts_lambda.aws_cloudwatch_log_group.lambda",
            "module.admin_blog_posts_lambda.aws_iam_role.lambda_role",
            "module.admin_blog_posts_lambda.aws_iam_role_policy_attachment.basic_execution",
            "module.admin_blog_posts_lambda.aws_lambda_function.this",
            "module.lambda_layer.aws_lambda_layer_version.this",
            "module.leads_lambda.aws_cloudwatch_log_group.lambda",
            "module.leads_lambda.aws_iam_role.lambda_role",
            "module.leads_lambda.aws_iam_role_policy_attachment.basic_execution",
            "module.leads_lambda.aws_lambda_function.this",
            "module.leads_table.aws_dynamodb_table.this",
            "module.media_bucket.aws_s3_bucket.protected",
            "module.media_bucket.aws_s3_bucket.unprotected",
            "module.posts_table.aws_dynamodb_table.this",
            "module.presign_lambda.aws_cloudwatch_log_group.lambda",
            "module.presign_lambda.aws_iam_role.lambda_role",
            "module.presign_lambda.aws_iam_role_policy_attachment.basic_execution",
            "module.presign_lambda.aws_lambda_function.this"
          ],
          "create_before_destroy": true
        },
        {
          "index_key": "upload_url_options",
          "schema_version": 0,
          "attributes": {
            "cache_key_parameters": null,
            "cache_namespace": "opbut5",
            "connection_id": "",
            "connection_type": "INTERNET",
            "content_handling": "",
            "credentials": "",
            "http_method": "OPTIONS",
            "id": "agi-webnnnwvg3-opbut5-OPTIONS",
            "integration_http_method": "",
            "passthrough_behavior": "WHEN_NO_MATCH",
            "request_parameters": null,
            "request_templates": {
              "application/json": "            {\n                \"statusCode\": 200\n            }\n"
            },
            "resource_id": "opbut5",
            "rest_api_id": "webnnnwvg3",
            "timeout_milliseconds": 29000,
            "tls_config": [],
            "type": "MOCK",
            "uri": ""
          },
          "sensitive_attributes": [],
          "identity_schema_version": 0,
          "private": "bnVsbA==",
          "dependencies": [
            "module.admin_api.module.api.aws_api_gateway_rest_api.this",
            "module.admin_api.module.methods.aws_api_gateway_method.this",
            "module.admin_api.module.resources.aws_api_gateway_resource.level_1",
            "module.admin_api.module.resources.aws_api_gateway_resource.level_2",
            "module.admin_api.module.resources.aws_api_gateway_resource.level_3",
            "module.admin_api.module.resources.aws_api_gateway_resource.level_4",
            "module.admin_api.module.resources.aws_api_gateway_resource.level_5",
            "module.admin_blog_posts_lambda.aws_cloudwatch_log_group.lambda",
            "module.admin_blog_posts_lambda.aws_iam_role.lambda_role",
            "module.admin_blog_posts_lambda.aws_iam_role_policy_attachment.basic_execution",
            "module.admin_blog_posts_lambda.aws_lambda_function.this",
            "module.lambda_layer.aws_lambda_layer_version.this",
            "module.leads_lambda.aws_cloudwatch_log_group.lambda",
            "module.leads_lambda.aws_iam_role.lambda_role",
            "module.leads_lambda.aws_iam_role_policy_attachment.basic_execution",
            "module.leads_lambda.aws_lambda_function.this",
            "module.leads_table.aws_dynamodb_table.this",
            "module.media_bucket.aws_s3_bucket.protected",
            "module.media_bucket.aws_s3_bucket.unprotected",
            "module.posts_table.aws_dynamodb_table.this",
            "module.presign_lambda.aws_cloudwatch_log_group.lambda",
            "module.presign_lambda.aws_iam_role.lambda_role",
            "module.presign_lambda.aws_iam_role_policy_attachment.basic_execution",
            "module.presign_lambda.aws_lambda_function.this"
          ],
          "create_before_destroy": true
        }
      ]
    },
    {
      "module": "module.admin_api.module.methods",
      "mode": "managed",
      "type": "aws_api_gateway_method",
      "name": "this",
      "provider": "provider[\"registry.terraform.io/hashicorp/aws\"]",
      "instances": [
        {
          "index_key": "archive_post",
          "schema_version": 0,
          "attributes": {
            "api_key_required": false,
            "authorization": "NONE",
            "authorization_scopes": [],
            "authorizer_id": "",
            "http_method": "POST",
            "id": "agm-webnnnwvg3-zdm05j-POST",
            "operation_name": "",
            "request_models": {},
            "request_parameters": {},
            "request_validator_id": "",
            "resource_id": "zdm05j",
            "rest_api_id": "webnnnwvg3"
          },
          "sensitive_attributes": [],
          "identity_schema_version": 0,
          "private": "bnVsbA==",
          "dependencies": [
            "module.admin_api.module.api.aws_api_gateway_rest_api.this",
            "module.admin_api.module.resources.aws_api_gateway_resource.level_1",
            "module.admin_api.module.resources.aws_api_gateway_resource.level_2",
            "module.admin_api.module.resources.aws_api_gateway_resource.level_3",
            "module.admin_api.module.resources.aws_api_gateway_resource.level_4",
            "module.admin_api.module.resources.aws_api_gateway_resource.level_5"
          ],
          "create_before_destroy": true
        },
        {
          "index_key": "create_post",
          "schema_version": 0,
          "attributes": {
            "api_key_required": false,
            "authorization": "NONE",
            "authorization_scopes": [],
            "authorizer_id": "",
            "http_method": "POST",
            "id": "agm-webnnnwvg3-xbsc23-POST",
            "operation_name": "",
            "request_models": {},
            "request_parameters": {},
            "request_validator_id": "",
            "resource_id": "xbsc23",
            "rest_api_id": "webnnnwvg3"
          },
          "sensitive_attributes": [],
          "identity_schema_version": 0,
          "private": "bnVsbA==",
          "dependencies": [
            "module.admin_api.module.api.aws_api_gateway_rest_api.this",
            "module.admin_api.module.resources.aws_api_gateway_resource.level_1",
            "module.admin_api.module.resources.aws_api_gateway_resource.level_2",
            "module.admin_api.module.resources.aws_api_gateway_resource.level_3",
            "module.admin_api.module.resources.aws_api_gateway_resource.level_4",
            "module.admin_api.module.resources.aws_api_gateway_resource.level_5"
          ],
          "create_before_destroy": true
        },
        {
          "index_key": "delete_lead",
          "schema_version": 0,
          "attributes": {
            "api_key_required": false,
            "authorization": "NONE",
            "authorization_scopes": [],
            "authorizer_id": "",
            "http_method": "DELETE",
            "id": "agm-webnnnwvg3-0ahqyi-DELETE",
            "operation_name": "",
            "request_models": {},
            "request_parameters": {},
            "request_validator_id": "",
            "resource_id": "0ahqyi",
            "rest_api_id": "webnnnwvg3"
          },
          "sensitive_attributes": [],
          "identity_schema_version": 0,
          "private": "bnVsbA==",
          "dependencies": [
            "module.admin_api.module.api.aws_api_gateway_rest_api.this",
            "module.admin_api.module.resources.aws_api_gateway_resource.level_1",
            "module.admin_api.module.resources.aws_api_gateway_resource.level_2",
            "module.admin_api.module.resources.aws_api_gateway_resource.level_3",
            "module.admin_api.module.resources.aws_api_gateway_resource.level_4",
            "module.admin_api.module.resources.aws_api_gateway_resource.level_5"
          ],
          "create_before_destroy": true
        },
        {
          "index_key": "delete_post",
          "schema_version": 0,
          "attributes": {
            "api_key_required": false,
            "authorization": "NONE",
            "authorization_scopes": [],
            "authorizer_id": "",
            "http_method": "DELETE",
            "id": "agm-webnnnwvg3-lju9zr-DELETE",
            "operation_name": "",
            "request_models": {},
            "request_parameters": {},
            "request_validator_id": "",
            "resource_id": "lju9zr",
            "rest_api_id": "webnnnwvg3"
          },
          "sensitive_attributes": [],
          "identity_schema_version": 0,
          "private": "bnVsbA==",
          "dependencies": [
            "module.admin_api.module.api.aws_api_gateway_rest_api.this",
            "module.admin_api.module.resources.aws_api_gateway_resource.level_1",
            "module.admin_api.module.resources.aws_api_gateway_resource.level_2",
            "module.admin_api.module.resources.aws_api_gateway_resource.level_3",
            "module.admin_api.module.resources.aws_api_gateway_resource.level_4",
            "module.admin_api.module.resources.aws_api_gateway_resource.level_5"
          ],
          "create_before_destroy": true
        },
        {
          "index_key": "get_lead",
          "schema_version": 0,
          "attributes": {
            "api_key_required": false,
            "authorization": "NONE",
            "authorization_scopes": [],
            "authorizer_id": "",
            "http_method": "GET",
            "id": "agm-webnnnwvg3-0ahqyi-GET",
            "operation_name": "",
            "request_models": {},
            "request_parameters": {},
            "request_validator_id": "",
            "resource_id": "0ahqyi",
            "rest_api_id": "webnnnwvg3"
          },
          "sensitive_attributes": [],
          "identity_schema_version": 0,
          "private": "bnVsbA==",
          "dependencies": [
            "module.admin_api.module.api.aws_api_gateway_rest_api.this",
            "module.admin_api.module.resources.aws_api_gateway_resource.level_1",
            "module.admin_api.module.resources.aws_api_gateway_resource.level_2",
            "module.admin_api.module.resources.aws_api_gateway_resource.level_3",
            "module.admin_api.module.resources.aws_api_gateway_resource.level_4",
            "module.admin_api.module.resources.aws_api_gateway_resource.level_5"
          ],
          "create_before_destroy": true
        },
        {
          "index_key": "get_leads",
          "schema_version": 0,
          "attributes": {
            "api_key_required": false,
            "authorization": "NONE",
            "authorization_scopes": [],
            "authorizer_id": "",
            "http_method": "GET",
            "id": "agm-webnnnwvg3-0vmu9c-GET",
            "operation_name": "",
            "request_models": {},
            "request_parameters": {},
            "request_validator_id": "",
            "resource_id": "0vmu9c",
            "rest_api_id": "webnnnwvg3"
          },
          "sensitive_attributes": [],
          "identity_schema_version": 0,
          "private": "bnVsbA==",
          "dependencies": [
            "module.admin_api.module.api.aws_api_gateway_rest_api.this",
            "module.admin_api.module.resources.aws_api_gateway_resource.level_1",
            "module.admin_api.module.resources.aws_api_gateway_resource.level_2",
            "module.admin_api.module.resources.aws_api_gateway_resource.level_3",
            "module.admin_api.module.resources.aws_api_gateway_resource.level_4",
            "module.admin_api.module.resources.aws_api_gateway_resource.level_5"
          ],
          "create_before_destroy": true
        },
        {
          "index_key": "get_post",
          "schema_version": 0,
          "attributes": {
            "api_key_required": false,
            "authorization": "NONE",
            "authorization_scopes": [],
            "authorizer_id": "",
            "http_method": "GET",
            "id": "agm-webnnnwvg3-lju9zr-GET",
            "operation_name": "",
            "request_models": {},
            "request_parameters": {},
            "request_validator_id": "",
            "resource_id": "lju9zr",
            "rest_api_id": "webnnnwvg3"
          },
          "sensitive_attributes": [],
          "identity_schema_version": 0,
          "private": "bnVsbA==",
          "dependencies": [
            "module.admin_api.module.api.aws_api_gateway_rest_api.this",
            "module.admin_api.module.resources.aws_api_gateway_resource.level_1",
            "module.admin_api.module.resources.aws_api_gateway_resource.level_2",
            "module.admin_api.module.resources.aws_api_gateway_resource.level_3",
            "module.admin_api.module.resources.aws_api_gateway_resource.level_4",
            "module.admin_api.module.resources.aws_api_gateway_resource.level_5"
          ],
          "create_before_destroy": true
        },
        {
          "index_key": "get_posts",
          "schema_version": 0,
          "attributes": {
            "api_key_required": false,
            "authorization": "NONE",
            "authorization_scopes": [],
            "authorizer_id": "",
            "http_method": "GET",
            "id": "agm-webnnnwvg3-xbsc23-GET",
            "operation_name": "",
            "request_models": {},
            "request_parameters": {},
            "request_validator_id": "",
            "resource_id": "xbsc23",
            "rest_api_id": "webnnnwvg3"
          },
          "sensitive_attributes": [],
          "identity_schema_version": 0,
          "private": "bnVsbA==",
          "dependencies": [
            "module.admin_api.module.api.aws_api_gateway_rest_api.this",
            "module.admin_api.module.resources.aws_api_gateway_resource.level_1",
            "module.admin_api.module.resources.aws_api_gateway_resource.level_2",
            "module.admin_api.module.resources.aws_api_gateway_resource.level_3",
            "module.admin_api.module.resources.aws_api_gateway_resource.level_4",
            "module.admin_api.module.resources.aws_api_gateway_resource.level_5"
          ],
          "create_before_destroy": true
        },
        {
          "index_key": "get_upload_url",
          "schema_version": 0,
          "attributes": {
            "api_key_required": false,
            "authorization": "NONE",
            "authorization_scopes": [],
            "authorizer_id": "",
            "http_method": "GET",
            "id": "agm-webnnnwvg3-opbut5-GET",
            "operation_name": "",
            "request_models": {},
            "request_parameters": {},
            "request_validator_id": "",
            "resource_id": "opbut5",
            "rest_api_id": "webnnnwvg3"
          },
          "sensitive_attributes": [],
          "identity_schema_version": 0,
          "private": "bnVsbA==",
          "dependencies": [
            "module.admin_api.module.api.aws_api_gateway_rest_api.this",
            "module.admin_api.module.resources.aws_api_gateway_resource.level_1",
            "module.admin_api.module.resources.aws_api_gateway_resource.level_2",
            "module.admin_api.module.resources.aws_api_gateway_resource.level_3",
            "module.admin_api.module.resources.aws_api_gateway_resource.level_4",
            "module.admin_api.module.resources.aws_api_gateway_resource.level_5"
          ],
          "create_before_destroy": true
        },
        {
          "index_key": "leadId_options",
          "schema_version": 0,
          "attributes": {
            "api_key_required": false,
            "authorization": "NONE",
            "authorization_scopes": [],
            "authorizer_id": "",
            "http_method": "OPTIONS",
            "id": "agm-webnnnwvg3-0ahqyi-OPTIONS",
            "operation_name": "",
            "request_models": {},
            "request_parameters": {},
            "request_validator_id": "",
            "resource_id": "0ahqyi",
            "rest_api_id": "webnnnwvg3"
          },
          "sensitive_attributes": [],
          "identity_schema_version": 0,
          "private": "bnVsbA==",
          "dependencies": [
            "module.admin_api.module.api.aws_api_gateway_rest_api.this",
            "module.admin_api.module.resources.aws_api_gateway_resource.level_1",
            "module.admin_api.module.resources.aws_api_gateway_resource.level_2",
            "module.admin_api.module.resources.aws_api_gateway_resource.level_3",
            "module.admin_api.module.resources.aws_api_gateway_resource.level_4",
            "module.admin_api.module.resources.aws_api_gateway_resource.level_5"
          ],
          "create_before_destroy": true
        },
        {
          "index_key": "leads_options",
          "schema_version": 0,
          "attributes": {
            "api_key_required": false,
            "authorization": "NONE",
            "authorization_scopes": [],
            "authorizer_id": "",
            "http_method": "OPTIONS",
            "id": "agm-webnnnwvg3-0vmu9c-OPTIONS",
            "operation_name": "",
            "request_models": {},
            "request_parameters": {},
            "request_validator_id": "",
            "resource_id": "0vmu9c",
            "rest_api_id": "webnnnwvg3"
          },
          "sensitive_attributes": [],
          "identity_schema_version": 0,
          "private": "bnVsbA==",
          "dependencies": [
            "module.admin_api.module.api.aws_api_gateway_rest_api.this",
            "module.admin_api.module.resources.aws_api_gateway_resource.level_1",
            "module.admin_api.module.resources.aws_api_gateway_resource.level_2",
            "module.admin_api.module.resources.aws_api_gateway_resource.level_3",
            "module.admin_api.module.resources.aws_api_gateway_resource.level_4",
            "module.admin_api.module.resources.aws_api_gateway_resource.level_5"
          ],
          "create_before_destroy": true
        },
        {
          "index_key": "postId_options",
          "schema_version": 0,
          "attributes": {
            "api_key_required": false,
            "authorization": "NONE",
            "authorization_scopes": [],
            "authorizer_id": "",
            "http_method": "OPTIONS",
            "id": "agm-webnnnwvg3-lju9zr-OPTIONS",
            "operation_name": "",
            "request_models": {},
            "request_parameters": {},
            "request_validator_id": "",
            "resource_id": "lju9zr",
            "rest_api_id": "webnnnwvg3"
          },
          "sensitive_attributes": [],
          "identity_schema_version": 0,
          "private": "bnVsbA==",
          "dependencies": [
            "module.admin_api.module.api.aws_api_gateway_rest_api.this",
            "module.admin_api.module.resources.aws_api_gateway_resource.level_1",
            "module.admin_api.module.resources.aws_api_gateway_resource.level_2",
            "module.admin_api.module.resources.aws_api_gateway_resource.level_3",
            "module.admin_api.module.resources.aws_api_gateway_resource.level_4",
            "module.admin_api.module.resources.aws_api_gateway_resource.level_5"
          ],
          "create_before_destroy": true
        },
        {
          "index_key": "posts_options",
          "schema_version": 0,
          "attributes": {
            "api_key_required": false,
            "authorization": "NONE",
            "authorization_scopes": [],
            "authorizer_id": "",
            "http_method": "OPTIONS",
            "id": "agm-webnnnwvg3-xbsc23-OPTIONS",
            "operation_name": "",
            "request_models": {},
            "request_parameters": {},
            "request_validator_id": "",
            "resource_id": "xbsc23",
            "rest_api_id": "webnnnwvg3"
          },
          "sensitive_attributes": [],
          "identity_schema_version": 0,
          "private": "bnVsbA==",
          "dependencies": [
            "module.admin_api.module.api.aws_api_gateway_rest_api.this",
            "module.admin_api.module.resources.aws_api_gateway_resource.level_1",
            "module.admin_api.module.resources.aws_api_gateway_resource.level_2",
            "module.admin_api.module.resources.aws_api_gateway_resource.level_3",
            "module.admin_api.module.resources.aws_api_gateway_resource.level_4",
            "module.admin_api.module.resources.aws_api_gateway_resource.level_5"
          ],
          "create_before_destroy": true
        },
        {
          "index_key": "publish_post",
          "schema_version": 0,
          "attributes": {
            "api_key_required": false,
            "authorization": "NONE",
            "authorization_scopes": [],
            "authorizer_id": "",
            "http_method": "POST",
            "id": "agm-webnnnwvg3-c0kko8-POST",
            "operation_name": "",
            "request_models": {},
            "request_parameters": {},
            "request_validator_id": "",
            "resource_id": "c0kko8",
            "rest_api_id": "webnnnwvg3"
          },
          "sensitive_attributes": [],
          "identity_schema_version": 0,
          "private": "bnVsbA==",
          "dependencies": [
            "module.admin_api.module.api.aws_api_gateway_rest_api.this",
            "module.admin_api.module.resources.aws_api_gateway_resource.level_1",
            "module.admin_api.module.resources.aws_api_gateway_resource.level_2",
            "module.admin_api.module.resources.aws_api_gateway_resource.level_3",
            "module.admin_api.module.resources.aws_api_gateway_resource.level_4",
            "module.admin_api.module.resources.aws_api_gateway_resource.level_5"
          ],
          "create_before_destroy": true
        },
        {
          "index_key": "unarchive_post",
          "schema_version": 0,
          "attributes": {
            "api_key_required": false,
            "authorization": "NONE",
            "authorization_scopes": [],
            "authorizer_id": "",
            "http_method": "POST",
            "id": "agm-webnnnwvg3-ybf2j3-POST",
            "operation_name": "",
            "request_models": {},
            "request_parameters": {},
            "request_validator_id": "",
            "resource_id": "ybf2j3",
            "rest_api_id": "webnnnwvg3"
          },
          "sensitive_attributes": [],
          "identity_schema_version": 0,
          "private": "bnVsbA==",
          "dependencies": [
            "module.admin_api.module.api.aws_api_gateway_rest_api.this",
            "module.admin_api.module.resources.aws_api_gateway_resource.level_1",
            "module.admin_api.module.resources.aws_api_gateway_resource.level_2",
            "module.admin_api.module.resources.aws_api_gateway_resource.level_3",
            "module.admin_api.module.resources.aws_api_gateway_resource.level_4",
            "module.admin_api.module.resources.aws_api_gateway_resource.level_5"
          ],
          "create_before_destroy": true
        },
        {
          "index_key": "unpublish_post",
          "schema_version": 0,
          "attributes": {
            "api_key_required": false,
            "authorization": "NONE",
            "authorization_scopes": [],
            "authorizer_id": "",
            "http_method": "POST",
            "id": "agm-webnnnwvg3-mibc95-POST",
            "operation_name": "",
            "request_models": {},
            "request_parameters": {},
            "request_validator_id": "",
            "resource_id": "mibc95",
            "rest_api_id": "webnnnwvg3"
          },
          "sensitive_attributes": [],
          "identity_schema_version": 0,
          "private": "bnVsbA==",
          "dependencies": [
            "module.admin_api.module.api.aws_api_gateway_rest_api.this",
            "module.admin_api.module.resources.aws_api_gateway_resource.level_1",
            "module.admin_api.module.resources.aws_api_gateway_resource.level_2",
            "module.admin_api.module.resources.aws_api_gateway_resource.level_3",
            "module.admin_api.module.resources.aws_api_gateway_resource.level_4",
            "module.admin_api.module.resources.aws_api_gateway_resource.level_5"
          ],
          "create_before_destroy": true
        },
        {
          "index_key": "update_lead",
          "schema_version": 0,
          "attributes": {
            "api_key_required": false,
            "authorization": "NONE",
            "authorization_scopes": [],
            "authorizer_id": "",
            "http_method": "PUT",
            "id": "agm-webnnnwvg3-0ahqyi-PUT",
            "operation_name": "",
            "request_models": {},
            "request_parameters": {},
            "request_validator_id": "",
            "resource_id": "0ahqyi",
            "rest_api_id": "webnnnwvg3"
          },
          "sensitive_attributes": [],
          "identity_schema_version": 0,
          "private": "bnVsbA==",
          "dependencies": [
            "module.admin_api.module.api.aws_api_gateway_rest_api.this",
            "module.admin_api.module.resources.aws_api_gateway_resource.level_1",
            "module.admin_api.module.resources.aws_api_gateway_resource.level_2",
            "module.admin_api.module.resources.aws_api_gateway_resource.level_3",
            "module.admin_api.module.resources.aws_api_gateway_resource.level_4",
            "module.admin_api.module.resources.aws_api_gateway_resource.level_5"
          ],
          "create_before_destroy": true
        },
        {
          "index_key": "update_post",
          "schema_version": 0,
          "attributes": {
            "api_key_required": false,
            "authorization": "NONE",
            "authorization_scopes": [],
            "authorizer_id": "",
            "http_method": "PUT",
            "id": "agm-webnnnwvg3-lju9zr-PUT",
            "operation_name": "",
            "request_models": {},
            "request_parameters": {},
            "request_validator_id": "",
            "resource_id": "lju9zr",
            "rest_api_id": "webnnnwvg3"
          },
          "sensitive_attributes": [],
          "identity_schema_version": 0,
          "private": "bnVsbA==",
          "dependencies": [
            "module.admin_api.module.api.aws_api_gateway_rest_api.this",
            "module.admin_api.module.resources.aws_api_gateway_resource.level_1",
            "module.admin_api.module.resources.aws_api_gateway_resource.level_2",
            "module.admin_api.module.resources.aws_api_gateway_resource.level_3",
            "module.admin_api.module.resources.aws_api_gateway_resource.level_4",
            "module.admin_api.module.resources.aws_api_gateway_resource.level_5"
          ],
          "create_before_destroy": true
        },
        {
          "index_key": "upload_url_options",
          "schema_version": 0,
          "attributes": {
            "api_key_required": false,
            "authorization": "NONE",
            "authorization_scopes": [],
            "authorizer_id": "",
            "http_method": "OPTIONS",
            "id": "agm-webnnnwvg3-opbut5-OPTIONS",
            "operation_name": "",
            "request_models": {},
            "request_parameters": {},
            "request_validator_id": "",
            "resource_id": "opbut5",
            "rest_api_id": "webnnnwvg3"
          },
          "sensitive_attributes": [],
          "identity_schema_version": 0,
          "private": "bnVsbA==",
          "dependencies": [
            "module.admin_api.module.api.aws_api_gateway_rest_api.this",
            "module.admin_api.module.resources.aws_api_gateway_resource.level_1",
            "module.admin_api.module.resources.aws_api_gateway_resource.level_2",
            "module.admin_api.module.resources.aws_api_gateway_resource.level_3",
            "module.admin_api.module.resources.aws_api_gateway_resource.level_4",
            "module.admin_api.module.resources.aws_api_gateway_resource.level_5"
          ],
          "create_before_destroy": true
        }
      ]
    },
    {
      "module": "module.admin_api.module.resources",
      "mode": "managed",
      "type": "aws_api_gateway_resource",
      "name": "level_1",
      "provider": "provider[\"registry.terraform.io/hashicorp/aws\"]",
      "instances": [
        {
          "index_key": "admin",
          "schema_version": 0,
          "attributes": {
            "id": "tqxskq",
            "parent_id": "4pwpiotwe2",
            "path": "/admin",
            "path_part": "admin",
            "rest_api_id": "webnnnwvg3"
          },
          "sensitive_attributes": [],
          "identity_schema_version": 0,
          "private": "bnVsbA==",
          "dependencies": [
            "module.admin_api.module.api.aws_api_gateway_rest_api.this"
          ],
          "create_before_destroy": true
        }
      ]
    },
    {
      "module": "module.admin_api.module.resources",
      "mode": "managed",
      "type": "aws_api_gateway_resource",
      "name": "level_2",
      "provider": "provider[\"registry.terraform.io/hashicorp/aws\"]",
      "instances": [
        {
          "index_key": "leads",
          "schema_version": 0,
          "attributes": {
            "id": "0vmu9c",
            "parent_id": "tqxskq",
            "path": "/admin/leads",
            "path_part": "leads",
            "rest_api_id": "webnnnwvg3"
          },
          "sensitive_attributes": [],
          "identity_schema_version": 0,
          "private": "bnVsbA==",
          "dependencies": [
            "module.admin_api.module.api.aws_api_gateway_rest_api.this",
            "module.admin_api.module.resources.aws_api_gateway_resource.level_1"
          ],
          "create_before_destroy": true
        },
        {
          "index_key": "media",
          "schema_version": 0,
          "attributes": {
            "id": "x6dbqd",
            "parent_id": "tqxskq",
            "path": "/admin/media",
            "path_part": "media",
            "rest_api_id": "webnnnwvg3"
          },
          "sensitive_attributes": [],
          "identity_schema_version": 0,
          "private": "bnVsbA==",
          "dependencies": [
            "module.admin_api.module.api.aws_api_gateway_rest_api.this",
            "module.admin_api.module.resources.aws_api_gateway_resource.level_1"
          ],
          "create_before_destroy": true
        },
        {
          "index_key": "posts",
          "schema_version": 0,
          "attributes": {
            "id": "xbsc23",
            "parent_id": "tqxskq",
            "path": "/admin/posts",
            "path_part": "posts",
            "rest_api_id": "webnnnwvg3"
          },
          "sensitive_attributes": [],
          "identity_schema_version": 0,
          "private": "bnVsbA==",
          "dependencies": [
            "module.admin_api.module.api.aws_api_gateway_rest_api.this",
            "module.admin_api.module.resources.aws_api_gateway_resource.level_1"
          ],
          "create_before_destroy": true
        }
      ]
    },
    {
      "module": "module.admin_api.module.resources",
      "mode": "managed",
      "type": "aws_api_gateway_resource",
      "name": "level_3",
      "provider": "provider[\"registry.terraform.io/hashicorp/aws\"]",
      "instances": [
        {
          "index_key": "leadId",
          "schema_version": 0,
          "attributes": {
            "id": "0ahqyi",
            "parent_id": "0vmu9c",
            "path": "/admin/leads/{leadId}",
            "path_part": "{leadId}",
            "rest_api_id": "webnnnwvg3"
          },
          "sensitive_attributes": [],
          "identity_schema_version": 0,
          "private": "bnVsbA==",
          "dependencies": [
            "module.admin_api.module.api.aws_api_gateway_rest_api.this",
            "module.admin_api.module.resources.aws_api_gateway_resource.level_1",
            "module.admin_api.module.resources.aws_api_gateway_resource.level_2"
          ],
          "create_before_destroy": true
        },
        {
          "index_key": "postId",
          "schema_version": 0,
          "attributes": {
            "id": "lju9zr",
            "parent_id": "xbsc23",
            "path": "/admin/posts/{postId}",
            "path_part": "{postId}",
            "rest_api_id": "webnnnwvg3"
          },
          "sensitive_attributes": [],
          "identity_schema_version": 0,
          "private": "bnVsbA==",
          "dependencies": [
            "module.admin_api.module.api.aws_api_gateway_rest_api.this",
            "module.admin_api.module.resources.aws_api_gateway_resource.level_1",
            "module.admin_api.module.resources.aws_api_gateway_resource.level_2"
          ],
          "create_before_destroy": true
        },
        {
          "index_key": "upload_url",
          "schema_version": 0,
          "attributes": {
            "id": "opbut5",
            "parent_id": "x6dbqd",
            "path": "/admin/media/upload_url",
            "path_part": "upload_url",
            "rest_api_id": "webnnnwvg3"
          },
          "sensitive_attributes": [],
          "identity_schema_version": 0,
          "private": "bnVsbA==",
          "dependencies": [
            "module.admin_api.module.api.aws_api_gateway_rest_api.this",
            "module.admin_api.module.resources.aws_api_gateway_resource.level_1",
            "module.admin_api.module.resources.aws_api_gateway_resource.level_2"
          ],
          "create_before_destroy": true
        }
      ]
    },
    {
      "module": "module.admin_api.module.resources",
      "mode": "managed",
      "type": "aws_api_gateway_resource",
      "name": "level_4",
      "provider": "provider[\"registry.terraform.io/hashicorp/aws\"]",
      "instances": [
        {
          "index_key": "archive",
          "schema_version": 0,
          "attributes": {
            "id": "zdm05j",
            "parent_id": "lju9zr",
            "path": "/admin/posts/{postId}/archive",
            "path_part": "archive",
            "rest_api_id": "webnnnwvg3"
          },
          "sensitive_attributes": [],
          "identity_schema_version": 0,
          "private": "bnVsbA==",
          "dependencies": [
            "module.admin_api.module.api.aws_api_gateway_rest_api.this",
            "module.admin_api.module.resources.aws_api_gateway_resource.level_1",
            "module.admin_api.module.resources.aws_api_gateway_resource.level_2",
            "module.admin_api.module.resources.aws_api_gateway_resource.level_3"
          ],
          "create_before_destroy": true
        },
        {
          "index_key": "publish",
          "schema_version": 0,
          "attributes": {
            "id": "c0kko8",
            "parent_id": "lju9zr",
            "path": "/admin/posts/{postId}/publish",
            "path_part": "publish",
            "rest_api_id": "webnnnwvg3"
          },
          "sensitive_attributes": [],
          "identity_schema_version": 0,
          "private": "bnVsbA==",
          "dependencies": [
            "module.admin_api.module.api.aws_api_gateway_rest_api.this",
            "module.admin_api.module.resources.aws_api_gateway_resource.level_1",
            "module.admin_api.module.resources.aws_api_gateway_resource.level_2",
            "module.admin_api.module.resources.aws_api_gateway_resource.level_3"
          ],
          "create_before_destroy": true
        },
        {
          "index_key": "unarchive",
          "schema_version": 0,
          "attributes": {
            "id": "ybf2j3",
            "parent_id": "lju9zr",
            "path": "/admin/posts/{postId}/unarchive",
            "path_part": "unarchive",
            "rest_api_id": "webnnnwvg3"
          },
          "sensitive_attributes": [],
          "identity_schema_version": 0,
          "private": "bnVsbA==",
          "dependencies": [
            "module.admin_api.module.api.aws_api_gateway_rest_api.this",
            "module.admin_api.module.resources.aws_api_gateway_resource.level_1",
            "module.admin_api.module.resources.aws_api_gateway_resource.level_2",
            "module.admin_api.module.resources.aws_api_gateway_resource.level_3"
          ],
          "create_before_destroy": true
        },
        {
          "index_key": "unpublish",
          "schema_version": 0,
          "attributes": {
            "id": "mibc95",
            "parent_id": "lju9zr",
            "path": "/admin/posts/{postId}/unpublish",
            "path_part": "unpublish",
            "rest_api_id": "webnnnwvg3"
          },
          "sensitive_attributes": [],
          "identity_schema_version": 0,
          "private": "bnVsbA==",
          "dependencies": [
            "module.admin_api.module.api.aws_api_gateway_rest_api.this",
            "module.admin_api.module.resources.aws_api_gateway_resource.level_1",
            "module.admin_api.module.resources.aws_api_gateway_resource.level_2",
            "module.admin_api.module.resources.aws_api_gateway_resource.level_3"
          ],
          "create_before_destroy": true
        }
      ]
    },
    {
      "module": "module.admin_api.module.responses",
      "mode": "managed",
      "type": "aws_api_gateway_integration_response",
      "name": "this",
      "provider": "provider[\"registry.terraform.io/hashicorp/aws\"]",
      "instances": [
        {
          "index_key": "leadId_options_200",
          "schema_version": 0,
          "attributes": {
            "content_handling": "",
            "http_method": "OPTIONS",
            "id": "agir-webnnnwvg3-0ahqyi-OPTIONS-200",
            "resource_id": "0ahqyi",
            "response_parameters": {
              "method.response.header.Access-Control-Allow-Headers": "'Content-Type,Authorization'",
              "method.response.header.Access-Control-Allow-Methods": "'GET,PUT,DELETE,OPTIONS'",
              "method.response.header.Access-Control-Allow-Origin": "'*'"
            },
            "response_templates": null,
            "rest_api_id": "webnnnwvg3",
            "selection_pattern": "",
            "status_code": "200"
          },
          "sensitive_attributes": [],
          "identity_schema_version": 0,
          "private": "bnVsbA==",
          "dependencies": [
            "module.admin_api.module.api.aws_api_gateway_rest_api.this",
            "module.admin_api.module.integrations.aws_api_gateway_integration.this",
            "module.admin_api.module.methods.aws_api_gateway_method.this",
            "module.admin_api.module.resources.aws_api_gateway_resource.level_1",
            "module.admin_api.module.resources.aws_api_gateway_resource.level_2",
            "module.admin_api.module.resources.aws_api_gateway_resource.level_3",
            "module.admin_api.module.resources.aws_api_gateway_resource.level_4",
            "module.admin_api.module.resources.aws_api_gateway_resource.level_5",
            "module.admin_api.module.responses.aws_api_gateway_method_response.this",
            "module.admin_blog_posts_lambda.aws_cloudwatch_log_group.lambda",
            "module.admin_blog_posts_lambda.aws_iam_role.lambda_role",
            "module.admin_blog_posts_lambda.aws_iam_role_policy_attachment.basic_execution",
            "module.admin_blog_posts_lambda.aws_lambda_function.this",
            "module.lambda_layer.aws_lambda_layer_version.this",
            "module.leads_lambda.aws_cloudwatch_log_group.lambda",
            "module.leads_lambda.aws_iam_role.lambda_role",
            "module.leads_lambda.aws_iam_role_policy_attachment.basic_execution",
            "module.leads_lambda.aws_lambda_function.this",
            "module.leads_table.aws_dynamodb_table.this",
            "module.media_bucket.aws_s3_bucket.protected",
            "module.media_bucket.aws_s3_bucket.unprotected",
            "module.posts_table.aws_dynamodb_table.this",
            "module.presign_lambda.aws_cloudwatch_log_group.lambda",
            "module.presign_lambda.aws_iam_role.lambda_role",
            "module.presign_lambda.aws_iam_role_policy_attachment.basic_execution",
            "module.presign_lambda.aws_lambda_function.this"
          ],
          "create_before_destroy": true
        },
        {
          "index_key": "leads_options_200",
          "schema_version": 0,
          "attributes": {
            "content_handling": "",
            "http_method": "OPTIONS",
            "id": "agir-webnnnwvg3-0vmu9c-OPTIONS-200",
            "resource_id": "0vmu9c",
            "response_parameters": {
              "method.response.header.Access-Control-Allow-Headers": "'Content-Type,Authorization'",
              "method.response.header.Access-Control-Allow-Methods": "'GET,PUT,DELETE,OPTIONS'",
              "method.response.header.Access-Control-Allow-Origin": "'*'"
            },
            "response_templates": null,
            "rest_api_id": "webnnnwvg3",
            "selection_pattern": "",
            "status_code": "200"
          },
          "sensitive_attributes": [],
          "identity_schema_version": 0,
          "private": "bnVsbA==",
          "dependencies": [
            "module.admin_api.module.api.aws_api_gateway_rest_api.this",
            "module.admin_api.module.integrations.aws_api_gateway_integration.this",
            "module.admin_api.module.methods.aws_api_gateway_method.this",
            "module.admin_api.module.resources.aws_api_gateway_resource.level_1",
            "module.admin_api.module.resources.aws_api_gateway_resource.level_2",
            "module.admin_api.module.resources.aws_api_gateway_resource.level_3",
            "module.admin_api.module.resources.aws_api_gateway_resource.level_4",
            "module.admin_api.module.resources.aws_api_gateway_resource.level_5",
            "module.admin_api.module.responses.aws_api_gateway_method_response.this",
            "module.admin_blog_posts_lambda.aws_cloudwatch_log_group.lambda",
            "module.admin_blog_posts_lambda.aws_iam_role.lambda_role",
            "module.admin_blog_posts_lambda.aws_iam_role_policy_attachment.basic_execution",
            "module.admin_blog_posts_lambda.aws_lambda_function.this",
            "module.lambda_layer.aws_lambda_layer_version.this",
            "module.leads_lambda.aws_cloudwatch_log_group.lambda",
            "module.leads_lambda.aws_iam_role.lambda_role",
            "module.leads_lambda.aws_iam_role_policy_attachment.basic_execution",
            "module.leads_lambda.aws_lambda_function.this",
            "module.leads_table.aws_dynamodb_table.this",
            "module.media_bucket.aws_s3_bucket.protected",
            "module.media_bucket.aws_s3_bucket.unprotected",
            "module.posts_table.aws_dynamodb_table.this",
            "module.presign_lambda.aws_cloudwatch_log_group.lambda",
            "module.presign_lambda.aws_iam_role.lambda_role",
            "module.presign_lambda.aws_iam_role_policy_attachment.basic_execution",
            "module.presign_lambda.aws_lambda_function.this"
          ],
          "create_before_destroy": true
        },
        {
          "index_key": "postId_options_200",
          "schema_version": 0,
          "attributes": {
            "content_handling": "",
            "http_method": "OPTIONS",
            "id": "agir-webnnnwvg3-lju9zr-OPTIONS-200",
            "resource_id": "lju9zr",
            "response_parameters": {
              "method.response.header.Access-Control-Allow-Headers": "'Content-Type,Authorization'",
              "method.response.header.Access-Control-Allow-Methods": "'GET,PUT,DELETE,OPTIONS'",
              "method.response.header.Access-Control-Allow-Origin": "'*'"
            },
            "response_templates": null,
            "rest_api_id": "webnnnwvg3",
            "selection_pattern": "",
            "status_code": "200"
          },
          "sensitive_attributes": [],
          "identity_schema_version": 0,
          "private": "bnVsbA==",
          "dependencies": [
            "module.admin_api.module.api.aws_api_gateway_rest_api.this",
            "module.admin_api.module.integrations.aws_api_gateway_integration.this",
            "module.admin_api.module.methods.aws_api_gateway_method.this",
            "module.admin_api.module.resources.aws_api_gateway_resource.level_1",
            "module.admin_api.module.resources.aws_api_gateway_resource.level_2",
            "module.admin_api.module.resources.aws_api_gateway_resource.level_3",
            "module.admin_api.module.resources.aws_api_gateway_resource.level_4",
            "module.admin_api.module.resources.aws_api_gateway_resource.level_5",
            "module.admin_api.module.responses.aws_api_gateway_method_response.this",
            "module.admin_blog_posts_lambda.aws_cloudwatch_log_group.lambda",
            "module.admin_blog_posts_lambda.aws_iam_role.lambda_role",
            "module.admin_blog_posts_lambda.aws_iam_role_policy_attachment.basic_execution",
            "module.admin_blog_posts_lambda.aws_lambda_function.this",
            "module.lambda_layer.aws_lambda_layer_version.this",
            "module.leads_lambda.aws_cloudwatch_log_group.lambda",
            "module.leads_lambda.aws_iam_role.lambda_role",
            "module.leads_lambda.aws_iam_role_policy_attachment.basic_execution",
            "module.leads_lambda.aws_lambda_function.this",
            "module.leads_table.aws_dynamodb_table.this",
            "module.media_bucket.aws_s3_bucket.protected",
            "module.media_bucket.aws_s3_bucket.unprotected",
            "module.posts_table.aws_dynamodb_table.this",
            "module.presign_lambda.aws_cloudwatch_log_group.lambda",
            "module.presign_lambda.aws_iam_role.lambda_role",
            "module.presign_lambda.aws_iam_role_policy_attachment.basic_execution",
            "module.presign_lambda.aws_lambda_function.this"
          ],
          "create_before_destroy": true
        },
        {
          "index_key": "posts_options_200",
          "schema_version": 0,
          "attributes": {
            "content_handling": "",
            "http_method": "OPTIONS",
            "id": "agir-webnnnwvg3-xbsc23-OPTIONS-200",
            "resource_id": "xbsc23",
            "response_parameters": {
              "method.response.header.Access-Control-Allow-Headers": "'Content-Type,Authorization'",
              "method.response.header.Access-Control-Allow-Methods": "'GET,POST,PUT,DELETE,OPTIONS'",
              "method.response.header.Access-Control-Allow-Origin": "'*'"
            },
            "response_templates": null,
            "rest_api_id": "webnnnwvg3",
            "selection_pattern": "",
            "status_code": "200"
          },
          "sensitive_attributes": [],
          "identity_schema_version": 0,
          "private": "bnVsbA==",
          "dependencies": [
            "module.admin_api.module.api.aws_api_gateway_rest_api.this",
            "module.admin_api.module.integrations.aws_api_gateway_integration.this",
            "module.admin_api.module.methods.aws_api_gateway_method.this",
            "module.admin_api.module.resources.aws_api_gateway_resource.level_1",
            "module.admin_api.module.resources.aws_api_gateway_resource.level_2",
            "module.admin_api.module.resources.aws_api_gateway_resource.level_3",
            "module.admin_api.module.resources.aws_api_gateway_resource.level_4",
            "module.admin_api.module.resources.aws_api_gateway_resource.level_5",
            "module.admin_api.module.responses.aws_api_gateway_method_response.this",
            "module.admin_blog_posts_lambda.aws_cloudwatch_log_group.lambda",
            "module.admin_blog_posts_lambda.aws_iam_role.lambda_role",
            "module.admin_blog_posts_lambda.aws_iam_role_policy_attachment.basic_execution",
            "module.admin_blog_posts_lambda.aws_lambda_function.this",
            "module.lambda_layer.aws_lambda_layer_version.this",
            "module.leads_lambda.aws_cloudwatch_log_group.lambda",
            "module.leads_lambda.aws_iam_role.lambda_role",
            "module.leads_lambda.aws_iam_role_policy_attachment.basic_execution",
            "module.leads_lambda.aws_lambda_function.this",
            "module.leads_table.aws_dynamodb_table.this",
            "module.media_bucket.aws_s3_bucket.protected",
            "module.media_bucket.aws_s3_bucket.unprotected",
            "module.posts_table.aws_dynamodb_table.this",
            "module.presign_lambda.aws_cloudwatch_log_group.lambda",
            "module.presign_lambda.aws_iam_role.lambda_role",
            "module.presign_lambda.aws_iam_role_policy_attachment.basic_execution",
            "module.presign_lambda.aws_lambda_function.this"
          ],
          "create_before_destroy": true
        },
        {
          "index_key": "upload_url_options_200",
          "schema_version": 0,
          "attributes": {
            "content_handling": "",
            "http_method": "OPTIONS",
            "id": "agir-webnnnwvg3-opbut5-OPTIONS-200",
            "resource_id": "opbut5",
            "response_parameters": {
              "method.response.header.Access-Control-Allow-Headers": "'Content-Type,Authorization'",
              "method.response.header.Access-Control-Allow-Methods": "'GET,OPTIONS'",
              "method.response.header.Access-Control-Allow-Origin": "'*'"
            },
            "response_templates": null,
            "rest_api_id": "webnnnwvg3",
            "selection_pattern": "",
            "status_code": "200"
          },
          "sensitive_attributes": [],
          "identity_schema_version": 0,
          "private": "bnVsbA==",
          "dependencies": [
            "module.admin_api.module.api.aws_api_gateway_rest_api.this",
            "module.admin_api.module.integrations.aws_api_gateway_integration.this",
            "module.admin_api.module.methods.aws_api_gateway_method.this",
            "module.admin_api.module.resources.aws_api_gateway_resource.level_1",
            "module.admin_api.module.resources.aws_api_gateway_resource.level_2",
            "module.admin_api.module.resources.aws_api_gateway_resource.level_3",
            "module.admin_api.module.resources.aws_api_gateway_resource.level_4",
            "module.admin_api.module.resources.aws_api_gateway_resource.level_5",
            "module.admin_api.module.responses.aws_api_gateway_method_response.this",
            "module.admin_blog_posts_lambda.aws_cloudwatch_log_group.lambda",
            "module.admin_blog_posts_lambda.aws_iam_role.lambda_role",
            "module.admin_blog_posts_lambda.aws_iam_role_policy_attachment.basic_execution",
            "module.admin_blog_posts_lambda.aws_lambda_function.this",
            "module.lambda_layer.aws_lambda_layer_version.this",
            "module.leads_lambda.aws_cloudwatch_log_group.lambda",
            "module.leads_lambda.aws_iam_role.lambda_role",
            "module.leads_lambda.aws_iam_role_policy_attachment.basic_execution",
            "module.leads_lambda.aws_lambda_function.this",
            "module.leads_table.aws_dynamodb_table.this",
            "module.media_bucket.aws_s3_bucket.protected",
            "module.media_bucket.aws_s3_bucket.unprotected",
            "module.posts_table.aws_dynamodb_table.this",
            "module.presign_lambda.aws_cloudwatch_log_group.lambda",
            "module.presign_lambda.aws_iam_role.lambda_role",
            "module.presign_lambda.aws_iam_role_policy_attachment.basic_execution",
            "module.presign_lambda.aws_lambda_function.this"
          ],
          "create_before_destroy": true
        }
      ]
    },
    {
      "module": "module.admin_api.module.responses",
      "mode": "managed",
      "type": "aws_api_gateway_method_response",
      "name": "this",
      "provider": "provider[\"registry.terraform.io/hashicorp/aws\"]",
      "instances": [
        {
          "index_key": "leadId_options_200",
          "schema_version": 0,
          "attributes": {
            "http_method": "OPTIONS",
            "id": "agmr-webnnnwvg3-0ahqyi-OPTIONS-200",
            "resource_id": "0ahqyi",
            "response_models": null,
            "response_parameters": {
              "method.response.header.Access-Control-Allow-Headers": true,
              "method.response.header.Access-Control-Allow-Methods": true,
              "method.response.header.Access-Control-Allow-Origin": true
            },
            "rest_api_id": "webnnnwvg3",
            "status_code": "200"
          },
          "sensitive_attributes": [],
          "identity_schema_version": 0,
          "private": "bnVsbA==",
          "dependencies": [
            "module.admin_api.module.api.aws_api_gateway_rest_api.this",
            "module.admin_api.module.integrations.aws_api_gateway_integration.this",
            "module.admin_api.module.methods.aws_api_gateway_method.this",
            "module.admin_api.module.resources.aws_api_gateway_resource.level_1",
            "module.admin_api.module.resources.aws_api_gateway_resource.level_2",
            "module.admin_api.module.resources.aws_api_gateway_resource.level_3",
            "module.admin_api.module.resources.aws_api_gateway_resource.level_4",
            "module.admin_api.module.resources.aws_api_gateway_resource.level_5",
            "module.admin_blog_posts_lambda.aws_cloudwatch_log_group.lambda",
            "module.admin_blog_posts_lambda.aws_iam_role.lambda_role",
            "module.admin_blog_posts_lambda.aws_iam_role_policy_attachment.basic_execution",
            "module.admin_blog_posts_lambda.aws_lambda_function.this",
            "module.lambda_layer.aws_lambda_layer_version.this",
            "module.leads_lambda.aws_cloudwatch_log_group.lambda",
            "module.leads_lambda.aws_iam_role.lambda_role",
            "module.leads_lambda.aws_iam_role_policy_attachment.basic_execution",
            "module.leads_lambda.aws_lambda_function.this",
            "module.leads_table.aws_dynamodb_table.this",
            "module.media_bucket.aws_s3_bucket.protected",
            "module.media_bucket.aws_s3_bucket.unprotected",
            "module.posts_table.aws_dynamodb_table.this",
            "module.presign_lambda.aws_cloudwatch_log_group.lambda",
            "module.presign_lambda.aws_iam_role.lambda_role",
            "module.presign_lambda.aws_iam_role_policy_attachment.basic_execution",
            "module.presign_lambda.aws_lambda_function.this"
          ],
          "create_before_destroy": true
        },
        {
          "index_key": "leads_options_200",
          "schema_version": 0,
          "attributes": {
            "http_method": "OPTIONS",
            "id": "agmr-webnnnwvg3-0vmu9c-OPTIONS-200",
            "resource_id": "0vmu9c",
            "response_models": null,
            "response_parameters": {
              "method.response.header.Access-Control-Allow-Headers": true,
              "method.response.header.Access-Control-Allow-Methods": true,
              "method.response.header.Access-Control-Allow-Origin": true
            },
            "rest_api_id": "webnnnwvg3",
            "status_code": "200"
          },
          "sensitive_attributes": [],
          "identity_schema_version": 0,
          "private": "bnVsbA==",
          "dependencies": [
            "module.admin_api.module.api.aws_api_gateway_rest_api.this",
            "module.admin_api.module.integrations.aws_api_gateway_integration.this",
            "module.admin_api.module.methods.aws_api_gateway_method.this",
            "module.admin_api.module.resources.aws_api_gateway_resource.level_1",
            "module.admin_api.module.resources.aws_api_gateway_resource.level_2",
            "module.admin_api.module.resources.aws_api_gateway_resource.level_3",
            "module.admin_api.module.resources.aws_api_gateway_resource.level_4",
            "module.admin_api.module.resources.aws_api_gateway_resource.level_5",
            "module.admin_blog_posts_lambda.aws_cloudwatch_log_group.lambda",
            "module.admin_blog_posts_lambda.aws_iam_role.lambda_role",
            "module.admin_blog_posts_lambda.aws_iam_role_policy_attachment.basic_execution",
            "module.admin_blog_posts_lambda.aws_lambda_function.this",
            "module.lambda_layer.aws_lambda_layer_version.this",
            "module.leads_lambda.aws_cloudwatch_log_group.lambda",
            "module.leads_lambda.aws_iam_role.lambda_role",
            "module.leads_lambda.aws_iam_role_policy_attachment.basic_execution",
            "module.leads_lambda.aws_lambda_function.this",
            "module.leads_table.aws_dynamodb_table.this",
            "module.media_bucket.aws_s3_bucket.protected",
            "module.media_bucket.aws_s3_bucket.unprotected",
            "module.posts_table.aws_dynamodb_table.this",
            "module.presign_lambda.aws_cloudwatch_log_group.lambda",
            "module.presign_lambda.aws_iam_role.lambda_role",
            "module.presign_lambda.aws_iam_role_policy_attachment.basic_execution",
            "module.presign_lambda.aws_lambda_function.this"
          ],
          "create_before_destroy": true
        },
        {
          "index_key": "postId_options_200",
          "schema_version": 0,
          "attributes": {
            "http_method": "OPTIONS",
            "id": "agmr-webnnnwvg3-lju9zr-OPTIONS-200",
            "resource_id": "lju9zr",
            "response_models": null,
            "response_parameters": {
              "method.response.header.Access-Control-Allow-Headers": true,
              "method.response.header.Access-Control-Allow-Methods": true,
              "method.response.header.Access-Control-Allow-Origin": true
            },
            "rest_api_id": "webnnnwvg3",
            "status_code": "200"
          },
          "sensitive_attributes": [],
          "identity_schema_version": 0,
          "private": "bnVsbA==",
          "dependencies": [
            "module.admin_api.module.api.aws_api_gateway_rest_api.this",
            "module.admin_api.module.integrations.aws_api_gateway_integration.this",
            "module.admin_api.module.methods.aws_api_gateway_method.this",
            "module.admin_api.module.resources.aws_api_gateway_resource.level_1",
            "module.admin_api.module.resources.aws_api_gateway_resource.level_2",
            "module.admin_api.module.resources.aws_api_gateway_resource.level_3",
            "module.admin_api.module.resources.aws_api_gateway_resource.level_4",
            "module.admin_api.module.resources.aws_api_gateway_resource.level_5",
            "module.admin_blog_posts_lambda.aws_cloudwatch_log_group.lambda",
            "module.admin_blog_posts_lambda.aws_iam_role.lambda_role",
            "module.admin_blog_posts_lambda.aws_iam_role_policy_attachment.basic_execution",
            "module.admin_blog_posts_lambda.aws_lambda_function.this",
            "module.lambda_layer.aws_lambda_layer_version.this",
            "module.leads_lambda.aws_cloudwatch_log_group.lambda",
            "module.leads_lambda.aws_iam_role.lambda_role",
            "module.leads_lambda.aws_iam_role_policy_attachment.basic_execution",
            "module.leads_lambda.aws_lambda_function.this",
            "module.leads_table.aws_dynamodb_table.this",
            "module.media_bucket.aws_s3_bucket.protected",
            "module.media_bucket.aws_s3_bucket.unprotected",
            "module.posts_table.aws_dynamodb_table.this",
            "module.presign_lambda.aws_cloudwatch_log_group.lambda",
            "module.presign_lambda.aws_iam_role.lambda_role",
            "module.presign_lambda.aws_iam_role_policy_attachment.basic_execution",
            "module.presign_lambda.aws_lambda_function.this"
          ],
          "create_before_destroy": true
        },
        {
          "index_key": "posts_options_200",
          "schema_version": 0,
          "attributes": {
            "http_method": "OPTIONS",
            "id": "agmr-webnnnwvg3-xbsc23-OPTIONS-200",
            "resource_id": "xbsc23",
            "response_models": null,
            "response_parameters": {
              "method.response.header.Access-Control-Allow-Headers": true,
              "method.response.header.Access-Control-Allow-Methods": true,
              "method.response.header.Access-Control-Allow-Origin": true
            },
            "rest_api_id": "webnnnwvg3",
            "status_code": "200"
          },
          "sensitive_attributes": [],
          "identity_schema_version": 0,
          "private": "bnVsbA==",
          "dependencies": [
            "module.admin_api.module.api.aws_api_gateway_rest_api.this",
            "module.admin_api.module.integrations.aws_api_gateway_integration.this",
            "module.admin_api.module.methods.aws_api_gateway_method.this",
            "module.admin_api.module.resources.aws_api_gateway_resource.level_1",
            "module.admin_api.module.resources.aws_api_gateway_resource.level_2",
            "module.admin_api.module.resources.aws_api_gateway_resource.level_3",
            "module.admin_api.module.resources.aws_api_gateway_resource.level_4",
            "module.admin_api.module.resources.aws_api_gateway_resource.level_5",
            "module.admin_blog_posts_lambda.aws_cloudwatch_log_group.lambda",
            "module.admin_blog_posts_lambda.aws_iam_role.lambda_role",
            "module.admin_blog_posts_lambda.aws_iam_role_policy_attachment.basic_execution",
            "module.admin_blog_posts_lambda.aws_lambda_function.this",
            "module.lambda_layer.aws_lambda_layer_version.this",
            "module.leads_lambda.aws_cloudwatch_log_group.lambda",
            "module.leads_lambda.aws_iam_role.lambda_role",
            "module.leads_lambda.aws_iam_role_policy_attachment.basic_execution",
            "module.leads_lambda.aws_lambda_function.this",
            "module.leads_table.aws_dynamodb_table.this",
            "module.media_bucket.aws_s3_bucket.protected",
            "module.media_bucket.aws_s3_bucket.unprotected",
            "module.posts_table.aws_dynamodb_table.this",
            "module.presign_lambda.aws_cloudwatch_log_group.lambda",
            "module.presign_lambda.aws_iam_role.lambda_role",
            "module.presign_lambda.aws_iam_role_policy_attachment.basic_execution",
            "module.presign_lambda.aws_lambda_function.this"
          ],
          "create_before_destroy": true
        },
        {
          "index_key": "upload_url_options_200",
          "schema_version": 0,
          "attributes": {
            "http_method": "OPTIONS",
            "id": "agmr-webnnnwvg3-opbut5-OPTIONS-200",
            "resource_id": "opbut5",
            "response_models": null,
            "response_parameters": {
              "method.response.header.Access-Control-Allow-Headers": true,
              "method.response.header.Access-Control-Allow-Methods": true,
              "method.response.header.Access-Control-Allow-Origin": true
            },
            "rest_api_id": "webnnnwvg3",
            "status_code": "200"
          },
          "sensitive_attributes": [],
          "identity_schema_version": 0,
          "private": "bnVsbA==",
          "dependencies": [
            "module.admin_api.module.api.aws_api_gateway_rest_api.this",
            "module.admin_api.module.integrations.aws_api_gateway_integration.this",
            "module.admin_api.module.methods.aws_api_gateway_method.this",
            "module.admin_api.module.resources.aws_api_gateway_resource.level_1",
            "module.admin_api.module.resources.aws_api_gateway_resource.level_2",
            "module.admin_api.module.resources.aws_api_gateway_resource.level_3",
            "module.admin_api.module.resources.aws_api_gateway_resource.level_4",
            "module.admin_api.module.resources.aws_api_gateway_resource.level_5",
            "module.admin_blog_posts_lambda.aws_cloudwatch_log_group.lambda",
            "module.admin_blog_posts_lambda.aws_iam_role.lambda_role",
            "module.admin_blog_posts_lambda.aws_iam_role_policy_attachment.basic_execution",
            "module.admin_blog_posts_lambda.aws_lambda_function.this",
            "module.lambda_layer.aws_lambda_layer_version.this",
            "module.leads_lambda.aws_cloudwatch_log_group.lambda",
            "module.leads_lambda.aws_iam_role.lambda_role",
            "module.leads_lambda.aws_iam_role_policy_attachment.basic_execution",
            "module.leads_lambda.aws_lambda_function.this",
            "module.leads_table.aws_dynamodb_table.this",
            "module.media_bucket.aws_s3_bucket.protected",
            "module.media_bucket.aws_s3_bucket.unprotected",
            "module.posts_table.aws_dynamodb_table.this",
            "module.presign_lambda.aws_cloudwatch_log_group.lambda",
            "module.presign_lambda.aws_iam_role.lambda_role",
            "module.presign_lambda.aws_iam_role_policy_attachment.basic_execution",
            "module.presign_lambda.aws_lambda_function.this"
          ],
          "create_before_destroy": true
        }
      ]
    },
    {
      "module": "module.admin_api.module.stage",
      "mode": "managed",
      "type": "aws_api_gateway_deployment",
      "name": "this",
      "provider": "provider[\"registry.terraform.io/hashicorp/aws\"]",
      "instances": [
        {
          "schema_version": 0,
          "attributes": {
            "created_date": "2026-02-17T21:40:56Z",
            "description": "",
            "execution_arn": "arn:aws:execute-api:eu-west-1:721937028630:webnnnwvg3/",
            "id": "7y267p",
            "invoke_url": "https://webnnnwvg3.execute-api.eu-west-1.amazonaws.com/",
            "rest_api_id": "webnnnwvg3",
            "stage_description": null,
            "stage_name": null,
            "triggers": {
              "redeployment": "3202bd4bfb9cebd3d36534d4574f75fae4f04198"
            },
            "variables": null
          },
          "sensitive_attributes": [],
          "identity_schema_version": 0,
          "private": "bnVsbA==",
          "dependencies": [
            "module.admin_api.module.api.aws_api_gateway_rest_api.this",
            "module.admin_api.module.integrations.aws_api_gateway_integration.this",
            "module.admin_api.module.methods.aws_api_gateway_method.this",
            "module.admin_api.module.resources.aws_api_gateway_resource.level_1",
            "module.admin_api.module.resources.aws_api_gateway_resource.level_2",
            "module.admin_api.module.resources.aws_api_gateway_resource.level_3",
            "module.admin_api.module.resources.aws_api_gateway_resource.level_4",
            "module.admin_api.module.resources.aws_api_gateway_resource.level_5",
            "module.admin_api.module.responses.aws_api_gateway_integration_response.this",
            "module.admin_api.module.responses.aws_api_gateway_method_response.this",
            "module.admin_blog_posts_lambda.aws_cloudwatch_log_group.lambda",
            "module.admin_blog_posts_lambda.aws_iam_role.lambda_role",
            "module.admin_blog_posts_lambda.aws_iam_role_policy_attachment.basic_execution",
            "module.admin_blog_posts_lambda.aws_lambda_function.this",
            "module.lambda_layer.aws_lambda_layer_version.this",
            "module.leads_lambda.aws_cloudwatch_log_group.lambda",
            "module.leads_lambda.aws_iam_role.lambda_role",
            "module.leads_lambda.aws_iam_role_policy_attachment.basic_execution",
            "module.leads_lambda.aws_lambda_function.this",
            "module.leads_table.aws_dynamodb_table.this",
            "module.media_bucket.aws_s3_bucket.protected",
            "module.media_bucket.aws_s3_bucket.unprotected",
            "module.posts_table.aws_dynamodb_table.this",
            "module.presign_lambda.aws_cloudwatch_log_group.lambda",
            "module.presign_lambda.aws_iam_role.lambda_role",
            "module.presign_lambda.aws_iam_role_policy_attachment.basic_execution",
            "module.presign_lambda.aws_lambda_function.this"
          ],
          "create_before_destroy": true
        }
      ]
    },
    {
      "module": "module.admin_api.module.stage",
      "mode": "managed",
      "type": "aws_api_gateway_stage",
      "name": "this",
      "provider": "provider[\"registry.terraform.io/hashicorp/aws\"]",
      "instances": [
        {
          "schema_version": 0,
          "attributes": {
            "access_log_settings": [],
            "arn": "arn:aws:apigateway:eu-west-1::/restapis/webnnnwvg3/stages/v1",
            "cache_cluster_enabled": false,
            "cache_cluster_size": "",
            "canary_settings": [],
            "client_certificate_id": "",
            "deployment_id": "7y267p",
            "description": "",
            "documentation_version": "",
            "execution_arn": "arn:aws:execute-api:eu-west-1:721937028630:webnnnwvg3/v1",
            "id": "ags-webnnnwvg3-v1",
            "invoke_url": "https://webnnnwvg3.execute-api.eu-west-1.amazonaws.com/v1",
            "rest_api_id": "webnnnwvg3",
            "stage_name": "v1",
            "tags": null,
            "tags_all": {},
            "variables": null,
            "web_acl_arn": "",
            "xray_tracing_enabled": false
          },
          "sensitive_attributes": [],
          "identity_schema_version": 0,
          "private": "bnVsbA==",
          "dependencies": [
            "module.admin_api.module.api.aws_api_gateway_rest_api.this",
            "module.admin_api.module.integrations.aws_api_gateway_integration.this",
            "module.admin_api.module.methods.aws_api_gateway_method.this",
            "module.admin_api.module.resources.aws_api_gateway_resource.level_1",
            "module.admin_api.module.resources.aws_api_gateway_resource.level_2",
            "module.admin_api.module.resources.aws_api_gateway_resource.level_3",
            "module.admin_api.module.resources.aws_api_gateway_resource.level_4",
            "module.admin_api.module.resources.aws_api_gateway_resource.level_5",
            "module.admin_api.module.responses.aws_api_gateway_integration_response.this",
            "module.admin_api.module.responses.aws_api_gateway_method_response.this",
            "module.admin_api.module.stage.aws_api_gateway_deployment.this",
            "module.admin_api.module.stage.aws_cloudwatch_log_group.apigw_access",
            "module.admin_blog_posts_lambda.aws_cloudwatch_log_group.lambda",
            "module.admin_blog_posts_lambda.aws_iam_role.lambda_role",
            "module.admin_blog_posts_lambda.aws_iam_role_policy_attachment.basic_execution",
            "module.admin_blog_posts_lambda.aws_lambda_function.this",
            "module.lambda_layer.aws_lambda_layer_version.this",
            "module.leads_lambda.aws_cloudwatch_log_group.lambda",
            "module.leads_lambda.aws_iam_role.lambda_role",
            "module.leads_lambda.aws_iam_role_policy_attachment.basic_execution",
            "module.leads_lambda.aws_lambda_function.this",
            "module.leads_table.aws_dynamodb_table.this",
            "module.media_bucket.aws_s3_bucket.protected",
            "module.media_bucket.aws_s3_bucket.unprotected",
            "module.posts_table.aws_dynamodb_table.this",
            "module.presign_lambda.aws_cloudwatch_log_group.lambda",
            "module.presign_lambda.aws_iam_role.lambda_role",
            "module.presign_lambda.aws_iam_role_policy_attachment.basic_execution",
            "module.presign_lambda.aws_lambda_function.this"
          ]
        }
      ]
    },
    {
      "module": "module.admin_blog_posts_lambda",
      "mode": "managed",
      "type": "aws_cloudwatch_log_group",
      "name": "lambda",
      "provider": "provider[\"registry.terraform.io/hashicorp/aws\"]",
      "instances": [
        {
          "index_key": 0,
          "schema_version": 0,
          "attributes": {
            "arn": "arn:aws:logs:eu-west-1:721937028630:log-group:/aws/lambda/admin_blog_posts",
            "id": "/aws/lambda/admin_blog_posts",
            "kms_key_id": "",
            "name": "/aws/lambda/admin_blog_posts",
            "name_prefix": "",
            "retention_in_days": 14,
            "skip_destroy": false,
            "tags": {
              "Name": "admin_blog_posts-log-group"
            },
            "tags_all": {
              "Name": "admin_blog_posts-log-group"
            }
          },
          "sensitive_attributes": [],
          "identity_schema_version": 0,
          "private": "bnVsbA==",
          "create_before_destroy": true
        }
      ]
    },
    {
      "module": "module.admin_blog_posts_lambda",
      "mode": "managed",
      "type": "aws_iam_role",
      "name": "lambda_role",
      "provider": "provider[\"registry.terraform.io/hashicorp/aws\"]",
      "instances": [
        {
          "index_key": 0,
          "schema_version": 0,
          "attributes": {
            "arn": "arn:aws:iam::721937028630:role/admin_blog_posts-lambda-role",
            "assume_role_policy": "{\"Statement\":[{\"Action\":\"sts:AssumeRole\",\"Effect\":\"Allow\",\"Principal\":{\"Service\":\"lambda.amazonaws.com\"}}],\"Version\":\"2012-10-17\"}",
            "create_date": "2026-02-17T21:36:11Z",
            "description": "",
            "force_detach_policies": false,
            "id": "admin_blog_posts-lambda-role",
            "inline_policy": [],
            "managed_policy_arns": [
              "arn:aws:iam::721937028630:policy/admin-lambda-dynamodb-policy",
              "arn:aws:iam::721937028630:policy/admin_lambda_eventbridge_access_policy",
              "arn:aws:iam::aws:policy/service-role/AWSLambdaBasicExecutionRole"
            ],
            "max_session_duration": 3600,
            "name": "admin_blog_posts-lambda-role",
            "name_prefix": "",
            "path": "/",
            "permissions_boundary": null,
            "role_last_used": [
              {
                "last_used_date": "",
                "region": ""
              }
            ],
            "tags": {
              "Name": "admin_blog_posts-lambda-role"
            },
            "tags_all": {
              "Name": "admin_blog_posts-lambda-role"
            },
            "unique_id": "AROA2QFWM2YLGOGGN7VX3"
          },
          "sensitive_attributes": [],
          "identity_schema_version": 0,
          "private": "bnVsbA==",
          "create_before_destroy": true
        }
      ]
    },
    {
      "module": "module.admin_blog_posts_lambda",
      "mode": "managed",
      "type": "aws_iam_role_policy_attachment",
      "name": "basic_execution",
      "provider": "provider[\"registry.terraform.io/hashicorp/aws\"]",
      "instances": [
        {
          "index_key": 0,
          "schema_version": 0,
          "attributes": {
            "id": "admin_blog_posts-lambda-role-20260217213613400900000005",
            "policy_arn": "arn:aws:iam::aws:policy/service-role/AWSLambdaBasicExecutionRole",
            "role": "admin_blog_posts-lambda-role"
          },
          "sensitive_attributes": [],
          "identity_schema_version": 0,
          "private": "bnVsbA==",
          "dependencies": [
            "module.admin_blog_posts_lambda.aws_iam_role.lambda_role"
          ],
          "create_before_destroy": true
        }
      ]
    },
    {
      "module": "module.admin_blog_posts_lambda",
      "mode": "managed",
      "type": "aws_lambda_alias",
      "name": "this",
      "provider": "provider[\"registry.terraform.io/hashicorp/aws\"]",
      "instances": [
        {
          "index_key": "beta",
          "schema_version": 0,
          "attributes": {
            "arn": "arn:aws:lambda:eu-west-1:721937028630:function:admin_blog_posts:beta",
            "description": "Beta alias for admin_blog_posts",
            "function_name": "admin_blog_posts",
            "function_version": "1",
            "id": "arn:aws:lambda:eu-west-1:721937028630:function:admin_blog_posts:beta",
            "invoke_arn": "arn:aws:apigateway:eu-west-1:lambda:path/2015-03-31/functions/arn:aws:lambda:eu-west-1:721937028630:function:admin_blog_posts:beta/invocations",
            "name": "beta",
            "routing_config": []
          },
          "sensitive_attributes": [],
          "identity_schema_version": 0,
          "private": "bnVsbA==",
          "dependencies": [
            "module.admin_blog_posts_lambda.aws_cloudwatch_log_group.lambda",
            "module.admin_blog_posts_lambda.aws_iam_role.lambda_role",
            "module.admin_blog_posts_lambda.aws_iam_role_policy_attachment.basic_execution",
            "module.admin_blog_posts_lambda.aws_lambda_function.this",
            "module.lambda_layer.aws_lambda_layer_version.this",
            "module.posts_table.aws_dynamodb_table.this"
          ]
        },
        {
          "index_key": "live",
          "schema_version": 0,
          "attributes": {
            "arn": "arn:aws:lambda:eu-west-1:721937028630:function:admin_blog_posts:live",
            "description": "Live alias for admin_blog_posts",
            "function_name": "admin_blog_posts",
            "function_version": "1",
            "id": "arn:aws:lambda:eu-west-1:721937028630:function:admin_blog_posts:live",
            "invoke_arn": "arn:aws:apigateway:eu-west-1:lambda:path/2015-03-31/functions/arn:aws:lambda:eu-west-1:721937028630:function:admin_blog_posts:live/invocations",
            "name": "live",
            "routing_config": []
          },
          "sensitive_attributes": [],
          "identity_schema_version": 0,
          "private": "bnVsbA==",
          "dependencies": [
            "module.admin_blog_posts_lambda.aws_cloudwatch_log_group.lambda",
            "module.admin_blog_posts_lambda.aws_iam_role.lambda_role",
            "module.admin_blog_posts_lambda.aws_iam_role_policy_attachment.basic_execution",
            "module.admin_blog_posts_lambda.aws_lambda_function.this",
            "module.lambda_layer.aws_lambda_layer_version.this",
            "module.posts_table.aws_dynamodb_table.this"
          ]
        }
      ]
    },
    {
      "module": "module.admin_blog_posts_lambda",
      "mode": "managed",
      "type": "aws_lambda_function",
      "name": "this",
      "provider": "provider[\"registry.terraform.io/hashicorp/aws\"]",
      "instances": [
        {
          "schema_version": 0,
          "attributes": {
            "architectures": [
              "x86_64"
            ],
            "arn": "arn:aws:lambda:eu-west-1:721937028630:function:admin_blog_posts",
            "code_signing_config_arn": "",
            "dead_letter_config": [],
            "description": "Lambda function for admin blog post operations",
            "environment": [
              {
                "variables": {
                  "POSTS_TABLE": "sblg-posts"
                }
              }
            ],
            "ephemeral_storage": [
              {
                "size": 512
              }
            ],
            "file_system_config": [],
            "filename": "../backend/admin_blog_post/blog_posts.zip",
            "function_name": "admin_blog_posts",
            "handler": "index.handler",
            "id": "admin_blog_posts",
            "image_config": [],
            "image_uri": "",
            "invoke_arn": "arn:aws:apigateway:eu-west-1:lambda:path/2015-03-31/functions/arn:aws:lambda:eu-west-1:721937028630:function:admin_blog_posts/invocations",
            "kms_key_arn": "",
            "last_modified": "2026-02-17T21:36:51.828+0000",
            "layers": [
              "arn:aws:lambda:eu-west-1:721937028630:layer:lambda_layer:1"
            ],
            "memory_size": 128,
            "package_type": "Zip",
            "publish": true,
            "qualified_arn": "arn:aws:lambda:eu-west-1:721937028630:function:admin_blog_posts:1",
            "qualified_invoke_arn": "arn:aws:apigateway:eu-west-1:lambda:path/2015-03-31/functions/arn:aws:lambda:eu-west-1:721937028630:function:admin_blog_posts:1/invocations",
            "replace_security_groups_on_destroy": null,
            "replacement_security_group_ids": null,
            "reserved_concurrent_executions": -1,
            "role": "arn:aws:iam::721937028630:role/admin_blog_posts-lambda-role",
            "runtime": "nodejs18.x",
            "s3_bucket": null,
            "s3_key": null,
            "s3_object_version": null,
            "signing_job_arn": "",
            "signing_profile_version_arn": "",
            "skip_destroy": false,
            "snap_start": [],
            "source_code_hash": "TMF2gSHKb5ukyf7oMR2+G9qtA2D8bTYutngBT04fRqs=",
            "source_code_size": 2261,
            "tags": {
              "Name": "admin_blog_posts-function"
            },
            "tags_all": {
              "Name": "admin_blog_posts-function"
            },
            "timeout": 3,
            "timeouts": null,
            "tracing_config": [
              {
                "mode": "PassThrough"
              }
            ],
            "version": "1",
            "vpc_config": []
          },
          "sensitive_attributes": [],
          "identity_schema_version": 0,
          "private": "eyJlMmJmYjczMC1lY2FhLTExZTYtOGY4OC0zNDM2M2JjN2M0YzAiOnsiY3JlYXRlIjo2MDAwMDAwMDAwMDAsImRlbGV0ZSI6NjAwMDAwMDAwMDAwLCJ1cGRhdGUiOjYwMDAwMDAwMDAwMH19",
          "dependencies": [
            "module.admin_blog_posts_lambda.aws_cloudwatch_log_group.lambda",
            "module.admin_blog_posts_lambda.aws_iam_role.lambda_role",
            "module.admin_blog_posts_lambda.aws_iam_role_policy_attachment.basic_execution",
            "module.lambda_layer.aws_lambda_layer_version.this",
            "module.posts_table.aws_dynamodb_table.this"
          ],
          "create_before_destroy": true
        }
      ]
    },
    {
      "module": "module.admin_blog_posts_lambda_event_permission",
      "mode": "managed",
      "type": "aws_iam_policy",
      "name": "eventbridge_access",
      "provider": "provider[\"registry.terraform.io/hashicorp/aws\"]",
      "instances": [
        {
          "schema_version": 0,
          "attributes": {
            "arn": "arn:aws:iam::721937028630:policy/admin_lambda_eventbridge_access_policy",
            "description": "IAM policy for admin lambda to send events to EventBridge bus",
            "id": "arn:aws:iam::721937028630:policy/admin_lambda_eventbridge_access_policy",
            "name": "admin_lambda_eventbridge_access_policy",
            "name_prefix": "",
            "path": "/",
            "policy": "{\"Statement\":[{\"Action\":[\"events:PutEvents\"],\"Effect\":\"Allow\",\"Resource\":\"arn:aws:events:eu-west-1:721937028630:event-bus/blog-events-bus\"}],\"Version\":\"2012-10-17\"}",
            "policy_id": "ANPA2QFWM2YLCRTSMYDEA",
            "tags": {},
            "tags_all": {}
          },
          "sensitive_attributes": [],
          "identity_schema_version": 0,
          "private": "bnVsbA==",
          "dependencies": [
            "module.cleanup_lambda.aws_cloudwatch_log_group.lambda",
            "module.cleanup_lambda.aws_iam_role.lambda_role",
            "module.cleanup_lambda.aws_iam_role_policy_attachment.basic_execution",
            "module.cleanup_lambda.aws_lambda_function.this",
            "module.event.aws_cloudwatch_event_bus.this",
            "module.lambda_layer.aws_lambda_layer_version.this",
            "module.media_bucket.aws_s3_bucket.protected",
            "module.media_bucket.aws_s3_bucket.unprotected",
            "module.notifications_lambda.aws_cloudwatch_log_group.lambda",
            "module.notifications_lambda.aws_iam_role.lambda_role",
            "module.notifications_lambda.aws_iam_role_policy_attachment.basic_execution",
            "module.notifications_lambda.aws_lambda_function.this"
          ]
        }
      ]
    },
    {
      "module": "module.admin_blog_posts_lambda_invoke_permission",
      "mode": "managed",
      "type": "aws_lambda_permission",
      "name": "eventBridgeInvoke",
      "provider": "provider[\"registry.terraform.io/hashicorp/aws\"]",
      "instances": [
        {
          "schema_version": 0,
          "attributes": {
            "action": "lambda:InvokeFunction",
            "event_source_token": null,
            "function_name": "arn:aws:lambda:eu-west-1:721937028630:function:admin_blog_posts",
            "function_url_auth_type": null,
            "id": "AllowExecutionFromAPIGatewayForAdminBlogPostsLambda",
            "principal": "events.amazonaws.com",
            "principal_org_id": null,
            "qualifier": "",
            "source_account": null,
            "source_arn": "arn:aws:execute-api:eu-west-1:721937028630:webnnnwvg3",
            "statement_id": "AllowExecutionFromAPIGatewayForAdminBlogPostsLambda",
            "statement_id_prefix": ""
          },
          "sensitive_attributes": [],
          "identity_schema_version": 0,
          "private": "bnVsbA==",
          "dependencies": [
            "module.admin_api.module.api.aws_api_gateway_rest_api.this",
            "module.admin_blog_posts_lambda.aws_cloudwatch_log_group.lambda",
            "module.admin_blog_posts_lambda.aws_iam_role.lambda_role",
            "module.admin_blog_posts_lambda.aws_iam_role_policy_attachment.basic_execution",
            "module.admin_blog_posts_lambda.aws_lambda_function.this",
            "module.lambda_layer.aws_lambda_layer_version.this",
            "module.posts_table.aws_dynamodb_table.this"
          ]
        }
      ]
    },
    {
      "module": "module.admin_blog_posts_lambda_permission",
      "mode": "managed",
      "type": "aws_iam_policy",
      "name": "admin_lambda_dynamodb_policy",
      "provider": "provider[\"registry.terraform.io/hashicorp/aws\"]",
      "instances": [
        {
          "schema_version": 0,
          "attributes": {
            "arn": "arn:aws:iam::721937028630:policy/admin-lambda-dynamodb-policy",
            "description": "Policy for admin lambda to access dynamodb",
            "id": "arn:aws:iam::721937028630:policy/admin-lambda-dynamodb-policy",
            "name": "admin-lambda-dynamodb-policy",
            "name_prefix": "",
            "path": "/",
            "policy": "{\"Statement\":[{\"Action\":[\"dynamodb:PutItem\",\"dynamodb:GetItem\",\"dynamodb:UpdateItem\",\"dynamodb:DeleteItem\",\"dynamodb:Scan\",\"dynamodb:Query\"],\"Effect\":\"Allow\",\"Resource\":\"arn:aws:dynamodb:eu-west-1:721937028630:table/sblg-posts\"}],\"Version\":\"2012-10-17\"}",
            "policy_id": "ANPA2QFWM2YLJW3NEFF34",
            "tags": {},
            "tags_all": {}
          },
          "sensitive_attributes": [],
          "identity_schema_version": 0,
          "private": "bnVsbA==",
          "dependencies": [
            "module.posts_table.aws_dynamodb_table.this"
          ]
        }
      ]
    },
    {
      "module": "module.admin_frontend_bucket",
      "mode": "managed",
      "type": "aws_s3_bucket",
      "name": "protected",
      "provider": "provider[\"registry.terraform.io/hashicorp/aws\"]",
      "instances": [
        {
          "index_key": 0,
          "schema_version": 0,
          "attributes": {
            "acceleration_status": "",
            "acl": null,
            "arn": "arn:aws:s3:::sblg-admin-frontend-bucket",
            "bucket": "sblg-admin-frontend-bucket",
            "bucket_domain_name": "sblg-admin-frontend-bucket.s3.amazonaws.com",
            "bucket_prefix": "",
            "bucket_regional_domain_name": "sblg-admin-frontend-bucket.s3.eu-west-1.amazonaws.com",
            "cors_rule": [
              {
                "allowed_headers": [
                  "*"
                ],
                "allowed_methods": [
                  "POST",
                  "GET",
                  "DELETE",
                  "PUT"
                ],
                "allowed_origins": [
                  "*"
                ],
                "expose_headers": [],
                "max_age_seconds": 3000
              }
            ],
            "force_destroy": false,
            "grant": [
              {
                "id": "0afede1590d3d298a05c7044ef0d5564416118e7b5d3c7634194a718ef0a238b",
                "permissions": [
                  "FULL_CONTROL"
                ],
                "type": "CanonicalUser",
                "uri": ""
              }
            ],
            "hosted_zone_id": "Z1BKCTXD74EZPE",
            "id": "sblg-admin-frontend-bucket",
            "lifecycle_rule": [
              {
                "abort_incomplete_multipart_upload_days": 0,
                "enabled": true,
                "expiration": [],
                "id": "admin-frontend-lifecycle-rule",
                "noncurrent_version_expiration": [],
                "noncurrent_version_transition": [],
                "prefix": "frontend/",
                "tags": {},
                "transition": [
                  {
                    "date": "",
                    "days": 30,
                    "storage_class": "STANDARD_IA"
                  }
                ]
              }
            ],
            "logging": [],
            "object_lock_configuration": [],
            "object_lock_enabled": false,
            "policy": "",
            "region": "eu-west-1",
            "replication_configuration": [],
            "request_payer": "BucketOwner",
            "server_side_encryption_configuration": [
              {
                "rule": [
                  {
                    "apply_server_side_encryption_by_default": [
                      {
                        "kms_master_key_id": "",
                        "sse_algorithm": "AES256"
                      }
                    ],
                    "bucket_key_enabled": false
                  }
                ]
              }
            ],
            "tags": {},
            "tags_all": {},
            "timeouts": null,
            "versioning": [
              {
                "enabled": true,
                "mfa_delete": false
              }
            ],
            "website": [],
            "website_domain": null,
            "website_endpoint": null
          },
          "sensitive_attributes": [],
          "identity_schema_version": 0,
          "private": "eyJlMmJmYjczMC1lY2FhLTExZTYtOGY4OC0zNDM2M2JjN2M0YzAiOnsiY3JlYXRlIjoxMjAwMDAwMDAwMDAwLCJkZWxldGUiOjM2MDAwMDAwMDAwMDAsInJlYWQiOjEyMDAwMDAwMDAwMDAsInVwZGF0ZSI6MTIwMDAwMDAwMDAwMH19"
        }
      ]
    },
    {
      "module": "module.admin_frontend_bucket",
      "mode": "managed",
      "type": "aws_s3_bucket_cors_configuration",
      "name": "this",
      "provider": "provider[\"registry.terraform.io/hashicorp/aws\"]",
      "instances": [
        {
          "index_key": 0,
          "schema_version": 0,
          "attributes": {
            "bucket": "sblg-admin-frontend-bucket",
            "cors_rule": [
              {
                "allowed_headers": [
                  "*"
                ],
                "allowed_methods": [
                  "DELETE",
                  "GET",
                  "POST",
                  "PUT"
                ],
                "allowed_origins": [
                  "*"
                ],
                "expose_headers": [],
                "id": "",
                "max_age_seconds": 3000
              }
            ],
            "expected_bucket_owner": "",
            "id": "sblg-admin-frontend-bucket"
          },
          "sensitive_attributes": [],
          "identity_schema_version": 0,
          "private": "bnVsbA==",
          "dependencies": [
            "module.admin_frontend_bucket.aws_s3_bucket.protected",
            "module.admin_frontend_bucket.aws_s3_bucket.unprotected"
          ]
        }
      ]
    },
    {
      "module": "module.admin_frontend_bucket",
      "mode": "managed",
      "type": "aws_s3_bucket_lifecycle_configuration",
      "name": "this",
      "provider": "provider[\"registry.terraform.io/hashicorp/aws\"]",
      "instances": [
        {
          "index_key": 0,
          "schema_version": 0,
          "attributes": {
            "bucket": "sblg-admin-frontend-bucket",
            "expected_bucket_owner": "",
            "id": "sblg-admin-frontend-bucket",
            "rule": [
              {
                "abort_incomplete_multipart_upload": [],
                "expiration": [],
                "filter": [
                  {
                    "and": [],
                    "object_size_greater_than": "",
                    "object_size_less_than": "",
                    "prefix": "frontend/",
                    "tag": []
                  }
                ],
                "id": "admin-frontend-lifecycle-rule",
                "noncurrent_version_expiration": [],
                "noncurrent_version_transition": [],
                "prefix": "",
                "status": "Enabled",
                "transition": [
                  {
                    "date": "",
                    "days": 30,
                    "storage_class": "STANDARD_IA"
                  }
                ]
              }
            ]
          },
          "sensitive_attributes": [],
          "identity_schema_version": 0,
          "private": "bnVsbA==",
          "dependencies": [
            "module.admin_frontend_bucket.aws_s3_bucket.protected",
            "module.admin_frontend_bucket.aws_s3_bucket.unprotected"
          ]
        }
      ]
    },
    {
      "module": "module.admin_frontend_bucket",
      "mode": "managed",
      "type": "aws_s3_bucket_public_access_block",
      "name": "this",
      "provider": "provider[\"registry.terraform.io/hashicorp/aws\"]",
      "instances": [
        {
          "index_key": 0,
          "schema_version": 0,
          "attributes": {
            "block_public_acls": true,
            "block_public_policy": true,
            "bucket": "sblg-admin-frontend-bucket",
            "id": "sblg-admin-frontend-bucket",
            "ignore_public_acls": true,
            "restrict_public_buckets": true
          },
          "sensitive_attributes": [],
          "identity_schema_version": 0,
          "private": "bnVsbA==",
          "dependencies": [
            "module.admin_frontend_bucket.aws_s3_bucket.protected",
            "module.admin_frontend_bucket.aws_s3_bucket.unprotected"
          ]
        }
      ]
    },
    {
      "module": "module.admin_frontend_bucket",
      "mode": "managed",
      "type": "aws_s3_bucket_server_side_encryption_configuration",
      "name": "this",
      "provider": "provider[\"registry.terraform.io/hashicorp/aws\"]",
      "instances": [
        {
          "index_key": 0,
          "schema_version": 0,
          "attributes": {
            "bucket": "sblg-admin-frontend-bucket",
            "expected_bucket_owner": "",
            "id": "sblg-admin-frontend-bucket",
            "rule": [
              {
                "apply_server_side_encryption_by_default": [
                  {
                    "kms_master_key_id": "",
                    "sse_algorithm": "AES256"
                  }
                ],
                "bucket_key_enabled": false
              }
            ]
          },
          "sensitive_attributes": [],
          "identity_schema_version": 0,
          "private": "bnVsbA==",
          "dependencies": [
            "module.admin_frontend_bucket.aws_s3_bucket.protected",
            "module.admin_frontend_bucket.aws_s3_bucket.unprotected"
          ]
        }
      ]
    },
    {
      "module": "module.admin_frontend_bucket",
      "mode": "managed",
      "type": "aws_s3_bucket_versioning",
      "name": "this",
      "provider": "provider[\"registry.terraform.io/hashicorp/aws\"]",
      "instances": [
        {
          "schema_version": 0,
          "attributes": {
            "bucket": "sblg-admin-frontend-bucket",
            "expected_bucket_owner": "",
            "id": "sblg-admin-frontend-bucket",
            "mfa": null,
            "versioning_configuration": [
              {
                "mfa_delete": "",
                "status": "Enabled"
              }
            ]
          },
          "sensitive_attributes": [],
          "identity_schema_version": 0,
          "private": "bnVsbA==",
          "dependencies": [
            "module.admin_frontend_bucket.aws_s3_bucket.protected",
            "module.admin_frontend_bucket.aws_s3_bucket.unprotected"
          ]
        }
      ]
    },
    {
      "module": "module.cleanup_lambda",
      "mode": "managed",
      "type": "aws_cloudwatch_log_group",
      "name": "lambda",
      "provider": "provider[\"registry.terraform.io/hashicorp/aws\"]",
      "instances": [
        {
          "index_key": 0,
          "schema_version": 0,
          "attributes": {
            "arn": "arn:aws:logs:eu-west-1:721937028630:log-group:/aws/lambda/cleanup_lambda",
            "id": "/aws/lambda/cleanup_lambda",
            "kms_key_id": "",
            "name": "/aws/lambda/cleanup_lambda",
            "name_prefix": "",
            "retention_in_days": 14,
            "skip_destroy": false,
            "tags": {
              "Name": "cleanup_lambda-log-group"
            },
            "tags_all": {
              "Name": "cleanup_lambda-log-group"
            }
          },
          "sensitive_attributes": [],
          "identity_schema_version": 0,
          "private": "bnVsbA=="
        }
      ]
    },
    {
      "module": "module.cleanup_lambda",
      "mode": "managed",
      "type": "aws_iam_role",
      "name": "lambda_role",
      "provider": "provider[\"registry.terraform.io/hashicorp/aws\"]",
      "instances": [
        {
          "index_key": 0,
          "schema_version": 0,
          "attributes": {
            "arn": "arn:aws:iam::721937028630:role/cleanup_lambda-lambda-role",
            "assume_role_policy": "{\"Statement\":[{\"Action\":\"sts:AssumeRole\",\"Effect\":\"Allow\",\"Principal\":{\"Service\":\"lambda.amazonaws.com\"}}],\"Version\":\"2012-10-17\"}",
            "create_date": "2026-02-17T21:36:11Z",
            "description": "",
            "force_detach_policies": false,
            "id": "cleanup_lambda-lambda-role",
            "inline_policy": [],
            "managed_policy_arns": [
              "arn:aws:iam::721937028630:policy/cleanup_lambda_s3_access_policy",
              "arn:aws:iam::aws:policy/service-role/AWSLambdaBasicExecutionRole"
            ],
            "max_session_duration": 3600,
            "name": "cleanup_lambda-lambda-role",
            "name_prefix": "",
            "path": "/",
            "permissions_boundary": null,
            "role_last_used": [
              {
                "last_used_date": "",
                "region": ""
              }
            ],
            "tags": {
              "Name": "cleanup_lambda-lambda-role"
            },
            "tags_all": {
              "Name": "cleanup_lambda-lambda-role"
            },
            "unique_id": "AROA2QFWM2YLONOROLIDP"
          },
          "sensitive_attributes": [],
          "identity_schema_version": 0,
          "private": "bnVsbA=="
        }
      ]
    },
    {
      "module": "module.cleanup_lambda",
      "mode": "managed",
      "type": "aws_iam_role_policy_attachment",
      "name": "basic_execution",
      "provider": "provider[\"registry.terraform.io/hashicorp/aws\"]",
      "instances": [
        {
          "index_key": 0,
          "schema_version": 0,
          "attributes": {
            "id": "cleanup_lambda-lambda-role-20260217213613836400000006",
            "policy_arn": "arn:aws:iam::aws:policy/service-role/AWSLambdaBasicExecutionRole",
            "role": "cleanup_lambda-lambda-role"
          },
          "sensitive_attributes": [],
          "identity_schema_version": 0,
          "private": "bnVsbA==",
          "dependencies": [
            "module.cleanup_lambda.aws_iam_role.lambda_role"
          ]
        }
      ]
    },
    {
      "module": "module.cleanup_lambda",
      "mode": "managed",
      "type": "aws_lambda_alias",
      "name": "this",
      "provider": "provider[\"registry.terraform.io/hashicorp/aws\"]",
      "instances": [
        {
          "index_key": "beta",
          "schema_version": 0,
          "attributes": {
            "arn": "arn:aws:lambda:eu-west-1:721937028630:function:cleanup_lambda:beta",
            "description": "Beta alias for cleanup_lambda",
            "function_name": "cleanup_lambda",
            "function_version": "1",
            "id": "arn:aws:lambda:eu-west-1:721937028630:function:cleanup_lambda:beta",
            "invoke_arn": "arn:aws:apigateway:eu-west-1:lambda:path/2015-03-31/functions/arn:aws:lambda:eu-west-1:721937028630:function:cleanup_lambda:beta/invocations",
            "name": "beta",
            "routing_config": []
          },
          "sensitive_attributes": [],
          "identity_schema_version": 0,
          "private": "bnVsbA==",
          "dependencies": [
            "module.cleanup_lambda.aws_cloudwatch_log_group.lambda",
            "module.cleanup_lambda.aws_iam_role.lambda_role",
            "module.cleanup_lambda.aws_iam_role_policy_attachment.basic_execution",
            "module.cleanup_lambda.aws_lambda_function.this",
            "module.lambda_layer.aws_lambda_layer_version.this",
            "module.media_bucket.aws_s3_bucket.protected",
            "module.media_bucket.aws_s3_bucket.unprotected"
          ]
        },
        {
          "index_key": "live",
          "schema_version": 0,
          "attributes": {
            "arn": "arn:aws:lambda:eu-west-1:721937028630:function:cleanup_lambda:live",
            "description": "Live alias for cleanup_lambda",
            "function_name": "cleanup_lambda",
            "function_version": "1",
            "id": "arn:aws:lambda:eu-west-1:721937028630:function:cleanup_lambda:live",
            "invoke_arn": "arn:aws:apigateway:eu-west-1:lambda:path/2015-03-31/functions/arn:aws:lambda:eu-west-1:721937028630:function:cleanup_lambda:live/invocations",
            "name": "live",
            "routing_config": []
          },
          "sensitive_attributes": [],
          "identity_schema_version": 0,
          "private": "bnVsbA==",
          "dependencies": [
            "module.cleanup_lambda.aws_cloudwatch_log_group.lambda",
            "module.cleanup_lambda.aws_iam_role.lambda_role",
            "module.cleanup_lambda.aws_iam_role_policy_attachment.basic_execution",
            "module.cleanup_lambda.aws_lambda_function.this",
            "module.lambda_layer.aws_lambda_layer_version.this",
            "module.media_bucket.aws_s3_bucket.protected",
            "module.media_bucket.aws_s3_bucket.unprotected"
          ]
        }
      ]
    },
    {
      "module": "module.cleanup_lambda",
      "mode": "managed",
      "type": "aws_lambda_function",
      "name": "this",
      "provider": "provider[\"registry.terraform.io/hashicorp/aws\"]",
      "instances": [
        {
          "schema_version": 0,
          "attributes": {
            "architectures": [
              "x86_64"
            ],
            "arn": "arn:aws:lambda:eu-west-1:721937028630:function:cleanup_lambda",
            "code_signing_config_arn": "",
            "dead_letter_config": [],
            "description": "Lambda function for cleanup tasks",
            "environment": [
              {
                "variables": {
                  "MEDIA_BUCKET": "sblg-media-bucket",
                  "MEDIA_BUCKET_REGION": "eu-west-1"
                }
              }
            ],
            "ephemeral_storage": [
              {
                "size": 512
              }
            ],
            "file_system_config": [],
            "filename": "../backend/cleanup_lambda/cleanup_lambda.zip",
            "function_name": "cleanup_lambda",
            "handler": "index.handler",
            "id": "cleanup_lambda",
            "image_config": [],
            "image_uri": "",
            "invoke_arn": "arn:aws:apigateway:eu-west-1:lambda:path/2015-03-31/functions/arn:aws:lambda:eu-west-1:721937028630:function:cleanup_lambda/invocations",
            "kms_key_arn": "",
            "last_modified": "2026-02-17T21:36:34.214+0000",
            "layers": [
              "arn:aws:lambda:eu-west-1:721937028630:layer:lambda_layer:1"
            ],
            "memory_size": 128,
            "package_type": "Zip",
            "publish": true,
            "qualified_arn": "arn:aws:lambda:eu-west-1:721937028630:function:cleanup_lambda:1",
            "qualified_invoke_arn": "arn:aws:apigateway:eu-west-1:lambda:path/2015-03-31/functions/arn:aws:lambda:eu-west-1:721937028630:function:cleanup_lambda:1/invocations",
            "replace_security_groups_on_destroy": null,
            "replacement_security_group_ids": null,
            "reserved_concurrent_executions": -1,
            "role": "arn:aws:iam::721937028630:role/cleanup_lambda-lambda-role",
            "runtime": "nodejs18.x",
            "s3_bucket": null,
            "s3_key": null,
            "s3_object_version": null,
            "signing_job_arn": "",
            "signing_profile_version_arn": "",
            "skip_destroy": false,
            "snap_start": [],
            "source_code_hash": "oZef95h9qnsKxyztLFBVQPPCy91/qr6N5GstwblwrP4=",
            "source_code_size": 826,
            "tags": {
              "Name": "cleanup_lambda-function"
            },
            "tags_all": {
              "Name": "cleanup_lambda-function"
            },
            "timeout": 3,
            "timeouts": null,
            "tracing_config": [
              {
                "mode": "PassThrough"
              }
            ],
            "version": "1",
            "vpc_config": []
          },
          "sensitive_attributes": [],
          "identity_schema_version": 0,
          "private": "eyJlMmJmYjczMC1lY2FhLTExZTYtOGY4OC0zNDM2M2JjN2M0YzAiOnsiY3JlYXRlIjo2MDAwMDAwMDAwMDAsImRlbGV0ZSI6NjAwMDAwMDAwMDAwLCJ1cGRhdGUiOjYwMDAwMDAwMDAwMH19",
          "dependencies": [
            "module.cleanup_lambda.aws_cloudwatch_log_group.lambda",
            "module.cleanup_lambda.aws_iam_role.lambda_role",
            "module.cleanup_lambda.aws_iam_role_policy_attachment.basic_execution",
            "module.lambda_layer.aws_lambda_layer_version.this",
            "module.media_bucket.aws_s3_bucket.protected",
            "module.media_bucket.aws_s3_bucket.unprotected"
          ]
        }
      ]
    },
    {
      "module": "module.cleanup_lambda_invoke_permission",
      "mode": "managed",
      "type": "aws_lambda_permission",
      "name": "eventBridgeInvoke",
      "provider": "provider[\"registry.terraform.io/hashicorp/aws\"]",
      "instances": [
        {
          "schema_version": 0,
          "attributes": {
            "action": "lambda:InvokeFunction",
            "event_source_token": null,
            "function_name": "arn:aws:lambda:eu-west-1:721937028630:function:cleanup_lambda",
            "function_url_auth_type": null,
            "id": "AllowExecutionFromEventBridgeForCleanupLambda",
            "principal": "events.amazonaws.com",
            "principal_org_id": null,
            "qualifier": "",
            "source_account": null,
            "source_arn": "arn:aws:events:eu-west-1:721937028630:event-bus/blog-events-bus",
            "statement_id": "AllowExecutionFromEventBridgeForCleanupLambda",
            "statement_id_prefix": ""
          },
          "sensitive_attributes": [],
          "identity_schema_version": 0,
          "private": "bnVsbA==",
          "dependencies": [
            "module.cleanup_lambda.aws_cloudwatch_log_group.lambda",
            "module.cleanup_lambda.aws_iam_role.lambda_role",
            "module.cleanup_lambda.aws_iam_role_policy_attachment.basic_execution",
            "module.cleanup_lambda.aws_lambda_function.this",
            "module.event.aws_cloudwatch_event_bus.this",
            "module.lambda_layer.aws_lambda_layer_version.this",
            "module.media_bucket.aws_s3_bucket.protected",
            "module.media_bucket.aws_s3_bucket.unprotected",
            "module.notifications_lambda.aws_cloudwatch_log_group.lambda",
            "module.notifications_lambda.aws_iam_role.lambda_role",
            "module.notifications_lambda.aws_iam_role_policy_attachment.basic_execution",
            "module.notifications_lambda.aws_lambda_function.this"
          ]
        }
      ]
    },
    {
      "module": "module.cleanup_lambda_s3_permission",
      "mode": "managed",
      "type": "aws_iam_policy",
      "name": "s3_access",
      "provider": "provider[\"registry.terraform.io/hashicorp/aws\"]",
      "instances": [
        {
          "schema_version": 0,
          "attributes": {
            "arn": "arn:aws:iam::721937028630:policy/cleanup_lambda_s3_access_policy",
            "description": "IAM policy for cleanup lambda to access S3 bucket",
            "id": "arn:aws:iam::721937028630:policy/cleanup_lambda_s3_access_policy",
            "name": "cleanup_lambda_s3_access_policy",
            "name_prefix": "",
            "path": "/",
            "policy": "{\"Statement\":[{\"Action\":[\"s3:ListBucket\",\"s3:GetObject\",\"s3:DeleteObject\"],\"Effect\":\"Allow\",\"Resource\":[\"arn:aws:s3:::sblg-media-bucket\",\"arn:aws:s3:::sblg-media-bucket/*\"]}],\"Version\":\"2012-10-17\"}",
            "policy_id": "ANPA2QFWM2YLOL6S65EYW",
            "tags": {},
            "tags_all": {}
          },
          "sensitive_attributes": [],
          "identity_schema_version": 0,
          "private": "bnVsbA==",
          "dependencies": [
            "module.media_bucket.aws_s3_bucket.protected",
            "module.media_bucket.aws_s3_bucket.unprotected"
          ]
        }
      ]
    },
    {
      "module": "module.event",
      "mode": "managed",
      "type": "aws_cloudwatch_event_bus",
      "name": "this",
      "provider": "provider[\"registry.terraform.io/hashicorp/aws\"]",
      "instances": [
        {
          "index_key": "blog-events-bus",
          "schema_version": 0,
          "attributes": {
            "arn": "arn:aws:events:eu-west-1:721937028630:event-bus/blog-events-bus",
            "event_source_name": null,
            "id": "blog-events-bus",
            "name": "blog-events-bus",
            "tags": {},
            "tags_all": {}
          },
          "sensitive_attributes": [],
          "identity_schema_version": 0,
          "private": "bnVsbA==",
          "dependencies": [
            "module.cleanup_lambda.aws_cloudwatch_log_group.lambda",
            "module.cleanup_lambda.aws_iam_role.lambda_role",
            "module.cleanup_lambda.aws_iam_role_policy_attachment.basic_execution",
            "module.cleanup_lambda.aws_lambda_function.this",
            "module.lambda_layer.aws_lambda_layer_version.this",
            "module.media_bucket.aws_s3_bucket.protected",
            "module.media_bucket.aws_s3_bucket.unprotected",
            "module.notifications_lambda.aws_cloudwatch_log_group.lambda",
            "module.notifications_lambda.aws_iam_role.lambda_role",
            "module.notifications_lambda.aws_iam_role_policy_attachment.basic_execution",
            "module.notifications_lambda.aws_lambda_function.this"
          ]
        }
      ]
    },
    {
      "module": "module.event",
      "mode": "managed",
      "type": "aws_cloudwatch_event_rule",
      "name": "this",
      "provider": "provider[\"registry.terraform.io/hashicorp/aws\"]",
      "instances": [
        {
          "index_key": "blog-events-bus:leads-created-rule",
          "schema_version": 0,
          "attributes": {
            "arn": "arn:aws:events:eu-west-1:721937028630:rule/blog-events-bus/leads-created-rule",
            "description": "",
            "event_bus_name": "blog-events-bus",
            "event_pattern": "{\"detail-type\":[\"Lead Created\"],\"source\":[\"blog.leads\"]}",
            "id": "blog-events-bus/leads-created-rule",
            "is_enabled": true,
            "name": "leads-created-rule",
            "name_prefix": "",
            "role_arn": "",
            "schedule_expression": "",
            "tags": {},
            "tags_all": {}
          },
          "sensitive_attributes": [],
          "identity_schema_version": 0,
          "private": "bnVsbA==",
          "dependencies": [
            "module.cleanup_lambda.aws_cloudwatch_log_group.lambda",
            "module.cleanup_lambda.aws_iam_role.lambda_role",
            "module.cleanup_lambda.aws_iam_role_policy_attachment.basic_execution",
            "module.cleanup_lambda.aws_lambda_function.this",
            "module.event.aws_cloudwatch_event_bus.this",
            "module.lambda_layer.aws_lambda_layer_version.this",
            "module.media_bucket.aws_s3_bucket.protected",
            "module.media_bucket.aws_s3_bucket.unprotected",
            "module.notifications_lambda.aws_cloudwatch_log_group.lambda",
            "module.notifications_lambda.aws_iam_role.lambda_role",
            "module.notifications_lambda.aws_iam_role_policy_attachment.basic_execution",
            "module.notifications_lambda.aws_lambda_function.this"
          ]
        },
        {
          "index_key": "blog-events-bus:posts-deleted-rule",
          "schema_version": 0,
          "attributes": {
            "arn": "arn:aws:events:eu-west-1:721937028630:rule/blog-events-bus/posts-deleted-rule",
            "description": "",
            "event_bus_name": "blog-events-bus",
            "event_pattern": "{\"detail-type\":[\"Post Deleted\"],\"source\":[\"blog.posts\"]}",
            "id": "blog-events-bus/posts-deleted-rule",
            "is_enabled": true,
            "name": "posts-deleted-rule",
            "name_prefix": "",
            "role_arn": "",
            "schedule_expression": "",
            "tags": {},
            "tags_all": {}
          },
          "sensitive_attributes": [],
          "identity_schema_version": 0,
          "private": "bnVsbA==",
          "dependencies": [
            "module.cleanup_lambda.aws_cloudwatch_log_group.lambda",
            "module.cleanup_lambda.aws_iam_role.lambda_role",
            "module.cleanup_lambda.aws_iam_role_policy_attachment.basic_execution",
            "module.cleanup_lambda.aws_lambda_function.this",
            "module.event.aws_cloudwatch_event_bus.this",
            "module.lambda_layer.aws_lambda_layer_version.this",
            "module.media_bucket.aws_s3_bucket.protected",
            "module.media_bucket.aws_s3_bucket.unprotected",
            "module.notifications_lambda.aws_cloudwatch_log_group.lambda",
            "module.notifications_lambda.aws_iam_role.lambda_role",
            "module.notifications_lambda.aws_iam_role_policy_attachment.basic_execution",
            "module.notifications_lambda.aws_lambda_function.this"
          ]
        }
      ]
    },
    {
      "module": "module.event",
      "mode": "managed",
      "type": "aws_cloudwatch_event_target",
      "name": "this",
      "provider": "provider[\"registry.terraform.io/hashicorp/aws\"]",
      "instances": [
        {
          "index_key": "blog-events-bus:leads-created-rule:leads-created-target",
          "schema_version": 1,
          "attributes": {
            "arn": "arn:aws:lambda:eu-west-1:721937028630:function:notifications_lambda",
            "batch_target": [],
            "dead_letter_config": [],
            "ecs_target": [],
            "event_bus_name": "blog-events-bus",
            "http_target": [],
            "id": "blog-events-bus-leads-created-rule-leads-created-target",
            "input": "",
            "input_path": "",
            "input_transformer": [],
            "kinesis_target": [],
            "redshift_target": [],
            "retry_policy": [
              {
                "maximum_event_age_in_seconds": 3600,
                "maximum_retry_attempts": 10
              }
            ],
            "role_arn": "",
            "rule": "leads-created-rule",
            "run_command_targets": [],
            "sqs_target": [],
            "target_id": "leads-created-target"
          },
          "sensitive_attributes": [],
          "identity_schema_version": 0,
          "private": "eyJzY2hlbWFfdmVyc2lvbiI6IjEifQ==",
          "dependencies": [
            "module.cleanup_lambda.aws_cloudwatch_log_group.lambda",
            "module.cleanup_lambda.aws_iam_role.lambda_role",
            "module.cleanup_lambda.aws_iam_role_policy_attachment.basic_execution",
            "module.cleanup_lambda.aws_lambda_function.this",
            "module.event.aws_cloudwatch_event_bus.this",
            "module.event.aws_cloudwatch_event_rule.this",
            "module.lambda_layer.aws_lambda_layer_version.this",
            "module.media_bucket.aws_s3_bucket.protected",
            "module.media_bucket.aws_s3_bucket.unprotected",
            "module.notifications_lambda.aws_cloudwatch_log_group.lambda",
            "module.notifications_lambda.aws_iam_role.lambda_role",
            "module.notifications_lambda.aws_iam_role_policy_attachment.basic_execution",
            "module.notifications_lambda.aws_lambda_function.this"
          ]
        },
        {
          "index_key": "blog-events-bus:posts-deleted-rule:posts-deleted-target",
          "schema_version": 1,
          "attributes": {
            "arn": "arn:aws:lambda:eu-west-1:721937028630:function:cleanup_lambda",
            "batch_target": [],
            "dead_letter_config": [],
            "ecs_target": [],
            "event_bus_name": "blog-events-bus",
            "http_target": [],
            "id": "blog-events-bus-posts-deleted-rule-posts-deleted-target",
            "input": "",
            "input_path": "",
            "input_transformer": [],
            "kinesis_target": [],
            "redshift_target": [],
            "retry_policy": [
              {
                "maximum_event_age_in_seconds": 3600,
                "maximum_retry_attempts": 10
              }
            ],
            "role_arn": "",
            "rule": "posts-deleted-rule",
            "run_command_targets": [],
            "sqs_target": [],
            "target_id": "posts-deleted-target"
          },
          "sensitive_attributes": [],
          "identity_schema_version": 0,
          "private": "eyJzY2hlbWFfdmVyc2lvbiI6IjEifQ==",
          "dependencies": [
            "module.cleanup_lambda.aws_cloudwatch_log_group.lambda",
            "module.cleanup_lambda.aws_iam_role.lambda_role",
            "module.cleanup_lambda.aws_iam_role_policy_attachment.basic_execution",
            "module.cleanup_lambda.aws_lambda_function.this",
            "module.event.aws_cloudwatch_event_bus.this",
            "module.event.aws_cloudwatch_event_rule.this",
            "module.lambda_layer.aws_lambda_layer_version.this",
            "module.media_bucket.aws_s3_bucket.protected",
            "module.media_bucket.aws_s3_bucket.unprotected",
            "module.notifications_lambda.aws_cloudwatch_log_group.lambda",
            "module.notifications_lambda.aws_iam_role.lambda_role",
            "module.notifications_lambda.aws_iam_role_policy_attachment.basic_execution",
            "module.notifications_lambda.aws_lambda_function.this"
          ]
        }
      ]
    },
    {
      "module": "module.lambda_layer",
      "mode": "managed",
      "type": "aws_lambda_layer_version",
      "name": "this",
      "provider": "provider[\"registry.terraform.io/hashicorp/aws\"]",
      "instances": [
        {
          "schema_version": 0,
          "attributes": {
            "arn": "arn:aws:lambda:eu-west-1:721937028630:layer:lambda_layer:1",
            "compatible_architectures": [],
            "compatible_runtimes": [
              "nodejs18.x"
            ],
            "created_date": "2026-02-17T21:36:13.787+0000",
            "description": "Lambda layer for shared dependencies",
            "filename": "../backend/blog_lambda_layer/layer.zip",
            "id": "arn:aws:lambda:eu-west-1:721937028630:layer:lambda_layer:1",
            "layer_arn": "arn:aws:lambda:eu-west-1:721937028630:layer:lambda_layer",
            "layer_name": "lambda_layer",
            "license_info": "",
            "s3_bucket": null,
            "s3_key": null,
            "s3_object_version": null,
            "signing_job_arn": "",
            "signing_profile_version_arn": "",
            "skip_destroy": false,
            "source_code_hash": "5A+NYSdJywnsoIgUNDeK2XcK2VbPLDxCCC1G32gunZk=",
            "source_code_size": 5287192,
            "version": "1"
          },
          "sensitive_attributes": [],
          "identity_schema_version": 0,
          "private": "bnVsbA==",
          "create_before_destroy": true
        }
      ]
    },
    {
      "module": "module.leads_lambda",
      "mode": "managed",
      "type": "aws_cloudwatch_log_group",
      "name": "lambda",
      "provider": "provider[\"registry.terraform.io/hashicorp/aws\"]",
      "instances": [
        {
          "index_key": 0,
          "schema_version": 0,
          "attributes": {
            "arn": "arn:aws:logs:eu-west-1:721937028630:log-group:/aws/lambda/leads_lambda",
            "id": "/aws/lambda/leads_lambda",
            "kms_key_id": "",
            "name": "/aws/lambda/leads_lambda",
            "name_prefix": "",
            "retention_in_days": 14,
            "skip_destroy": false,
            "tags": {
              "Name": "leads_lambda-log-group"
            },
            "tags_all": {
              "Name": "leads_lambda-log-group"
            }
          },
          "sensitive_attributes": [],
          "identity_schema_version": 0,
          "private": "bnVsbA==",
          "create_before_destroy": true
        }
      ]
    },
    {
      "module": "module.leads_lambda",
      "mode": "managed",
      "type": "aws_iam_role",
      "name": "lambda_role",
      "provider": "provider[\"registry.terraform.io/hashicorp/aws\"]",
      "instances": [
        {
          "index_key": 0,
          "schema_version": 0,
          "attributes": {
            "arn": "arn:aws:iam::721937028630:role/leads_lambda-lambda-role",
            "assume_role_policy": "{\"Statement\":[{\"Action\":\"sts:AssumeRole\",\"Effect\":\"Allow\",\"Principal\":{\"Service\":\"lambda.amazonaws.com\"}}],\"Version\":\"2012-10-17\"}",
            "create_date": "2026-02-17T21:36:11Z",
            "description": "",
            "force_detach_policies": false,
            "id": "leads_lambda-lambda-role",
            "inline_policy": [],
            "managed_policy_arns": [
              "arn:aws:iam::721937028630:policy/leads-lambda-dynamodb-policy",
              "arn:aws:iam::721937028630:policy/leads_lambda_eventbridge_invoke_policy",
              "arn:aws:iam::aws:policy/service-role/AWSLambdaBasicExecutionRole"
            ],
            "max_session_duration": 3600,
            "name": "leads_lambda-lambda-role",
            "name_prefix": "",
            "path": "/",
            "permissions_boundary": null,
            "role_last_used": [
              {
                "last_used_date": "",
                "region": ""
              }
            ],
            "tags": {
              "Name": "leads_lambda-lambda-role"
            },
            "tags_all": {
              "Name": "leads_lambda-lambda-role"
            },
            "unique_id": "AROA2QFWM2YLFNFNKXVNI"
          },
          "sensitive_attributes": [],
          "identity_schema_version": 0,
          "private": "bnVsbA==",
          "create_before_destroy": true
        }
      ]
    },
    {
      "module": "module.leads_lambda",
      "mode": "managed",
      "type": "aws_iam_role_policy_attachment",
      "name": "basic_execution",
      "provider": "provider[\"registry.terraform.io/hashicorp/aws\"]",
      "instances": [
        {
          "index_key": 0,
          "schema_version": 0,
          "attributes": {
            "id": "leads_lambda-lambda-role-20260217213613322700000004",
            "policy_arn": "arn:aws:iam::aws:policy/service-role/AWSLambdaBasicExecutionRole",
            "role": "leads_lambda-lambda-role"
          },
          "sensitive_attributes": [],
          "identity_schema_version": 0,
          "private": "bnVsbA==",
          "dependencies": [
            "module.leads_lambda.aws_iam_role.lambda_role"
          ],
          "create_before_destroy": true
        }
      ]
    },
    {
      "module": "module.leads_lambda",
      "mode": "managed",
      "type": "aws_lambda_alias",
      "name": "this",
      "provider": "provider[\"registry.terraform.io/hashicorp/aws\"]",
      "instances": [
        {
          "index_key": "beta",
          "schema_version": 0,
          "attributes": {
            "arn": "arn:aws:lambda:eu-west-1:721937028630:function:leads_lambda:beta",
            "description": "Beta alias for leads_lambda",
            "function_name": "leads_lambda",
            "function_version": "1",
            "id": "arn:aws:lambda:eu-west-1:721937028630:function:leads_lambda:beta",
            "invoke_arn": "arn:aws:apigateway:eu-west-1:lambda:path/2015-03-31/functions/arn:aws:lambda:eu-west-1:721937028630:function:leads_lambda:beta/invocations",
            "name": "beta",
            "routing_config": []
          },
          "sensitive_attributes": [],
          "identity_schema_version": 0,
          "private": "bnVsbA==",
          "dependencies": [
            "module.lambda_layer.aws_lambda_layer_version.this",
            "module.leads_lambda.aws_cloudwatch_log_group.lambda",
            "module.leads_lambda.aws_iam_role.lambda_role",
            "module.leads_lambda.aws_iam_role_policy_attachment.basic_execution",
            "module.leads_lambda.aws_lambda_function.this",
            "module.leads_table.aws_dynamodb_table.this"
          ]
        },
        {
          "index_key": "live",
          "schema_version": 0,
          "attributes": {
            "arn": "arn:aws:lambda:eu-west-1:721937028630:function:leads_lambda:live",
            "description": "Live alias for leads_lambda",
            "function_name": "leads_lambda",
            "function_version": "1",
            "id": "arn:aws:lambda:eu-west-1:721937028630:function:leads_lambda:live",
            "invoke_arn": "arn:aws:apigateway:eu-west-1:lambda:path/2015-03-31/functions/arn:aws:lambda:eu-west-1:721937028630:function:leads_lambda:live/invocations",
            "name": "live",
            "routing_config": []
          },
          "sensitive_attributes": [],
          "identity_schema_version": 0,
          "private": "bnVsbA==",
          "dependencies": [
            "module.lambda_layer.aws_lambda_layer_version.this",
            "module.leads_lambda.aws_cloudwatch_log_group.lambda",
            "module.leads_lambda.aws_iam_role.lambda_role",
            "module.leads_lambda.aws_iam_role_policy_attachment.basic_execution",
            "module.leads_lambda.aws_lambda_function.this",
            "module.leads_table.aws_dynamodb_table.this"
          ]
        }
      ]
    },
    {
      "module": "module.leads_lambda",
      "mode": "managed",
      "type": "aws_lambda_function",
      "name": "this",
      "provider": "provider[\"registry.terraform.io/hashicorp/aws\"]",
      "instances": [
        {
          "schema_version": 0,
          "attributes": {
            "architectures": [
              "x86_64"
            ],
            "arn": "arn:aws:lambda:eu-west-1:721937028630:function:leads_lambda",
            "code_signing_config_arn": "",
            "dead_letter_config": [],
            "description": "Lambda function for leads operations",
            "environment": [
              {
                "variables": {
                  "LEADS_TABLE": "sblg-leads"
                }
              }
            ],
            "ephemeral_storage": [
              {
                "size": 512
              }
            ],
            "file_system_config": [],
            "filename": "../backend/leads_lambda/leads_lambda.zip",
            "function_name": "leads_lambda",
            "handler": "index.handler",
            "id": "leads_lambda",
            "image_config": [],
            "image_uri": "",
            "invoke_arn": "arn:aws:apigateway:eu-west-1:lambda:path/2015-03-31/functions/arn:aws:lambda:eu-west-1:721937028630:function:leads_lambda/invocations",
            "kms_key_arn": "",
            "last_modified": "2026-02-17T21:36:40.093+0000",
            "layers": [
              "arn:aws:lambda:eu-west-1:721937028630:layer:lambda_layer:1"
            ],
            "memory_size": 128,
            "package_type": "Zip",
            "publish": true,
            "qualified_arn": "arn:aws:lambda:eu-west-1:721937028630:function:leads_lambda:1",
            "qualified_invoke_arn": "arn:aws:apigateway:eu-west-1:lambda:path/2015-03-31/functions/arn:aws:lambda:eu-west-1:721937028630:function:leads_lambda:1/invocations",
            "replace_security_groups_on_destroy": null,
            "replacement_security_group_ids": null,
            "reserved_concurrent_executions": -1,
            "role": "arn:aws:iam::721937028630:role/leads_lambda-lambda-role",
            "runtime": "nodejs18.x",
            "s3_bucket": null,
            "s3_key": null,
            "s3_object_version": null,
            "signing_job_arn": "",
            "signing_profile_version_arn": "",
            "skip_destroy": false,
            "snap_start": [],
            "source_code_hash": "AcSKDQWk2D5BCiEnTJWW7Wnp+9upmjKnJBGkGT+cVzo=",
            "source_code_size": 1234,
            "tags": {
              "Name": "leads_lambda-function"
            },
            "tags_all": {
              "Name": "leads_lambda-function"
            },
            "timeout": 3,
            "timeouts": null,
            "tracing_config": [
              {
                "mode": "PassThrough"
              }
            ],
            "version": "1",
            "vpc_config": []
          },
          "sensitive_attributes": [],
          "identity_schema_version": 0,
          "private": "eyJlMmJmYjczMC1lY2FhLTExZTYtOGY4OC0zNDM2M2JjN2M0YzAiOnsiY3JlYXRlIjo2MDAwMDAwMDAwMDAsImRlbGV0ZSI6NjAwMDAwMDAwMDAwLCJ1cGRhdGUiOjYwMDAwMDAwMDAwMH19",
          "dependencies": [
            "module.lambda_layer.aws_lambda_layer_version.this",
            "module.leads_lambda.aws_cloudwatch_log_group.lambda",
            "module.leads_lambda.aws_iam_role.lambda_role",
            "module.leads_lambda.aws_iam_role_policy_attachment.basic_execution",
            "module.leads_table.aws_dynamodb_table.this"
          ],
          "create_before_destroy": true
        }
      ]
    },
    {
      "module": "module.leads_lambda_admin_invoke_permission",
      "mode": "managed",
      "type": "aws_lambda_permission",
      "name": "eventBridgeInvoke",
      "provider": "provider[\"registry.terraform.io/hashicorp/aws\"]",
      "instances": [
        {
          "schema_version": 0,
          "attributes": {
            "action": "lambda:InvokeFunction",
            "event_source_token": null,
            "function_name": "arn:aws:lambda:eu-west-1:721937028630:function:leads_lambda",
            "function_url_auth_type": null,
            "id": "AllowExecutionFromAPIGatewayForLeadsLambdaAdmin",
            "principal": "events.amazonaws.com",
            "principal_org_id": null,
            "qualifier": "",
            "source_account": null,
            "source_arn": "arn:aws:execute-api:eu-west-1:721937028630:webnnnwvg3",
            "statement_id": "AllowExecutionFromAPIGatewayForLeadsLambdaAdmin",
            "statement_id_prefix": ""
          },
          "sensitive_attributes": [],
          "identity_schema_version": 0,
          "private": "bnVsbA==",
          "dependencies": [
            "module.admin_api.module.api.aws_api_gateway_rest_api.this",
            "module.lambda_layer.aws_lambda_layer_version.this",
            "module.leads_lambda.aws_cloudwatch_log_group.lambda",
            "module.leads_lambda.aws_iam_role.lambda_role",
            "module.leads_lambda.aws_iam_role_policy_attachment.basic_execution",
            "module.leads_lambda.aws_lambda_function.this",
            "module.leads_table.aws_dynamodb_table.this"
          ]
        }
      ]
    },
    {
      "module": "module.leads_lambda_event_permission",
      "mode": "managed",
      "type": "aws_iam_policy",
      "name": "eventbridge_invoke",
      "provider": "provider[\"registry.terraform.io/hashicorp/aws\"]",
      "instances": [
        {
          "schema_version": 0,
          "attributes": {
            "arn": "arn:aws:iam::721937028630:policy/leads_lambda_eventbridge_invoke_policy",
            "description": "IAM policy for leads lambda to be invoked by EventBridge bus",
            "id": "arn:aws:iam::721937028630:policy/leads_lambda_eventbridge_invoke_policy",
            "name": "leads_lambda_eventbridge_invoke_policy",
            "name_prefix": "",
            "path": "/",
            "policy": "{\"Statement\":[{\"Action\":[\"events:PutEvents\"],\"Effect\":\"Allow\",\"Resource\":\"arn:aws:events:eu-west-1:721937028630:event-bus/blog-events-bus\"}],\"Version\":\"2012-10-17\"}",
            "policy_id": "ANPA2QFWM2YLGMPTFP33L",
            "tags": {},
            "tags_all": {}
          },
          "sensitive_attributes": [],
          "identity_schema_version": 0,
          "private": "bnVsbA==",
          "dependencies": [
            "module.cleanup_lambda.aws_cloudwatch_log_group.lambda",
            "module.cleanup_lambda.aws_iam_role.lambda_role",
            "module.cleanup_lambda.aws_iam_role_policy_attachment.basic_execution",
            "module.cleanup_lambda.aws_lambda_function.this",
            "module.event.aws_cloudwatch_event_bus.this",
            "module.lambda_layer.aws_lambda_layer_version.this",
            "module.media_bucket.aws_s3_bucket.protected",
            "module.media_bucket.aws_s3_bucket.unprotected",
            "module.notifications_lambda.aws_cloudwatch_log_group.lambda",
            "module.notifications_lambda.aws_iam_role.lambda_role",
            "module.notifications_lambda.aws_iam_role_policy_attachment.basic_execution",
            "module.notifications_lambda.aws_lambda_function.this"
          ]
        }
      ]
    },
    {
      "module": "module.leads_lambda_permissions",
      "mode": "managed",
      "type": "aws_iam_policy",
      "name": "leads_lambda_policy",
      "provider": "provider[\"registry.terraform.io/hashicorp/aws\"]",
      "instances": [
        {
          "schema_version": 0,
          "attributes": {
            "arn": "arn:aws:iam::721937028630:policy/leads-lambda-dynamodb-policy",
            "description": "Policy for leads lambda to access dynamodb for leads",
            "id": "arn:aws:iam::721937028630:policy/leads-lambda-dynamodb-policy",
            "name": "leads-lambda-dynamodb-policy",
            "name_prefix": "",
            "path": "/",
            "policy": "{\"Statement\":[{\"Action\":[\"dynamodb:PutItem\",\"dynamodb:GetItem\",\"dynamodb:UpdateItem\",\"dynamodb:DeleteItem\",\"dynamodb:Scan\",\"dynamodb:Query\"],\"Effect\":\"Allow\",\"Resource\":\"arn:aws:dynamodb:eu-west-1:721937028630:table/sblg-leads\"}],\"Version\":\"2012-10-17\"}",
            "policy_id": "ANPA2QFWM2YLDI3TXEI3Q",
            "tags": {},
            "tags_all": {}
          },
          "sensitive_attributes": [],
          "identity_schema_version": 0,
          "private": "bnVsbA==",
          "dependencies": [
            "module.leads_table.aws_dynamodb_table.this"
          ]
        }
      ]
    },
    {
      "module": "module.leads_lambda_public_invoke_permission",
      "mode": "managed",
      "type": "aws_lambda_permission",
      "name": "eventBridgeInvoke",
      "provider": "provider[\"registry.terraform.io/hashicorp/aws\"]",
      "instances": [
        {
          "schema_version": 0,
          "attributes": {
            "action": "lambda:InvokeFunction",
            "event_source_token": null,
            "function_name": "arn:aws:lambda:eu-west-1:721937028630:function:leads_lambda",
            "function_url_auth_type": null,
            "id": "AllowExecutionFromAPIGatewayForLeadsLambdaPublic",
            "principal": "events.amazonaws.com",
            "principal_org_id": null,
            "qualifier": "",
            "source_account": null,
            "source_arn": "arn:aws:execute-api:eu-west-1:721937028630:6ymvifhnfe",
            "statement_id": "AllowExecutionFromAPIGatewayForLeadsLambdaPublic",
            "statement_id_prefix": ""
          },
          "sensitive_attributes": [],
          "identity_schema_version": 0,
          "private": "bnVsbA==",
          "dependencies": [
            "module.lambda_layer.aws_lambda_layer_version.this",
            "module.leads_lambda.aws_cloudwatch_log_group.lambda",
            "module.leads_lambda.aws_iam_role.lambda_role",
            "module.leads_lambda.aws_iam_role_policy_attachment.basic_execution",
            "module.leads_lambda.aws_lambda_function.this",
            "module.leads_table.aws_dynamodb_table.this",
            "module.public_api.module.api.aws_api_gateway_rest_api.this"
          ]
        }
      ]
    },
    {
      "module": "module.leads_table",
      "mode": "managed",
      "type": "aws_dynamodb_table",
      "name": "this",
      "provider": "provider[\"registry.terraform.io/hashicorp/aws\"]",
      "instances": [
        {
          "schema_version": 1,
          "attributes": {
            "arn": "arn:aws:dynamodb:eu-west-1:721937028630:table/sblg-leads",
            "attribute": [
              {
                "name": "leadID",
                "type": "S"
              }
            ],
            "billing_mode": "PAY_PER_REQUEST",
            "deletion_protection_enabled": false,
            "global_secondary_index": [],
            "hash_key": "leadID",
            "id": "sblg-leads",
            "local_secondary_index": [],
            "name": "sblg-leads",
            "point_in_time_recovery": [
              {
                "enabled": true
              }
            ],
            "range_key": null,
            "read_capacity": 0,
            "replica": [],
            "restore_date_time": null,
            "restore_source_name": null,
            "restore_to_latest_time": null,
            "server_side_encryption": [
              {
                "enabled": true,
                "kms_key_arn": ""
              }
            ],
            "stream_arn": "",
            "stream_enabled": false,
            "stream_label": "",
            "stream_view_type": "",
            "table_class": "STANDARD",
            "tags": {},
            "tags_all": {},
            "timeouts": null,
            "ttl": [
              {
                "attribute_name": "",
                "enabled": false
              }
            ],
            "write_capacity": 0
          },
          "sensitive_attributes": [],
          "identity_schema_version": 0,
          "private": "eyJlMmJmYjczMC1lY2FhLTExZTYtOGY4OC0zNDM2M2JjN2M0YzAiOnsiY3JlYXRlIjoxODAwMDAwMDAwMDAwLCJkZWxldGUiOjYwMDAwMDAwMDAwMCwidXBkYXRlIjozNjAwMDAwMDAwMDAwfSwic2NoZW1hX3ZlcnNpb24iOiIxIn0=",
          "create_before_destroy": true
        }
      ]
    },
    {
      "module": "module.media_bucket",
      "mode": "managed",
      "type": "aws_s3_bucket",
      "name": "protected",
      "provider": "provider[\"registry.terraform.io/hashicorp/aws\"]",
      "instances": [
        {
          "index_key": 0,
          "schema_version": 0,
          "attributes": {
            "acceleration_status": "",
            "acl": null,
            "arn": "arn:aws:s3:::sblg-media-bucket",
            "bucket": "sblg-media-bucket",
            "bucket_domain_name": "sblg-media-bucket.s3.amazonaws.com",
            "bucket_prefix": "",
            "bucket_regional_domain_name": "sblg-media-bucket.s3.eu-west-1.amazonaws.com",
            "cors_rule": [
              {
                "allowed_headers": [
                  "*"
                ],
                "allowed_methods": [
                  "POST",
                  "GET"
                ],
                "allowed_origins": [
                  "*"
                ],
                "expose_headers": [],
                "max_age_seconds": 3000
              }
            ],
            "force_destroy": false,
            "grant": [
              {
                "id": "0afede1590d3d298a05c7044ef0d5564416118e7b5d3c7634194a718ef0a238b",
                "permissions": [
                  "FULL_CONTROL"
                ],
                "type": "CanonicalUser",
                "uri": ""
              }
            ],
            "hosted_zone_id": "Z1BKCTXD74EZPE",
            "id": "sblg-media-bucket",
            "lifecycle_rule": [
              {
                "abort_incomplete_multipart_upload_days": 0,
                "enabled": true,
                "expiration": [],
                "id": "media-lifecycle-rule",
                "noncurrent_version_expiration": [],
                "noncurrent_version_transition": [],
                "prefix": "media/",
                "tags": {},
                "transition": [
                  {
                    "date": "",
                    "days": 30,
                    "storage_class": "STANDARD_IA"
                  }
                ]
              },
              {
                "abort_incomplete_multipart_upload_days": 0,
                "enabled": true,
                "expiration": [],
                "id": "version-lifecycle-rule",
                "noncurrent_version_expiration": [
                  {
                    "days": 365
                  }
                ],
                "noncurrent_version_transition": [
                  {
                    "days": 30,
                    "storage_class": "STANDARD_IA"
                  }
                ],
                "prefix": "",
                "tags": {},
                "transition": []
              }
            ],
            "logging": [],
            "object_lock_configuration": [],
            "object_lock_enabled": false,
            "policy": "",
            "region": "eu-west-1",
            "replication_configuration": [],
            "request_payer": "BucketOwner",
            "server_side_encryption_configuration": [
              {
                "rule": [
                  {
                    "apply_server_side_encryption_by_default": [
                      {
                        "kms_master_key_id": "",
                        "sse_algorithm": "AES256"
                      }
                    ],
                    "bucket_key_enabled": false
                  }
                ]
              }
            ],
            "tags": {},
            "tags_all": {},
            "timeouts": null,
            "versioning": [
              {
                "enabled": true,
                "mfa_delete": false
              }
            ],
            "website": [],
            "website_domain": null,
            "website_endpoint": null
          },
          "sensitive_attributes": [],
          "identity_schema_version": 0,
          "private": "eyJlMmJmYjczMC1lY2FhLTExZTYtOGY4OC0zNDM2M2JjN2M0YzAiOnsiY3JlYXRlIjoxMjAwMDAwMDAwMDAwLCJkZWxldGUiOjM2MDAwMDAwMDAwMDAsInJlYWQiOjEyMDAwMDAwMDAwMDAsInVwZGF0ZSI6MTIwMDAwMDAwMDAwMH19",
          "create_before_destroy": true
        }
      ]
    },
    {
      "module": "module.media_bucket",
      "mode": "managed",
      "type": "aws_s3_bucket_cors_configuration",
      "name": "this",
      "provider": "provider[\"registry.terraform.io/hashicorp/aws\"]",
      "instances": [
        {
          "index_key": 0,
          "schema_version": 0,
          "attributes": {
            "bucket": "sblg-media-bucket",
            "cors_rule": [
              {
                "allowed_headers": [
                  "*"
                ],
                "allowed_methods": [
                  "GET",
                  "POST"
                ],
                "allowed_origins": [
                  "*"
                ],
                "expose_headers": [],
                "id": "",
                "max_age_seconds": 3000
              }
            ],
            "expected_bucket_owner": "",
            "id": "sblg-media-bucket"
          },
          "sensitive_attributes": [],
          "identity_schema_version": 0,
          "private": "bnVsbA==",
          "dependencies": [
            "module.media_bucket.aws_s3_bucket.protected",
            "module.media_bucket.aws_s3_bucket.unprotected"
          ]
        }
      ]
    },
    {
      "module": "module.media_bucket",
      "mode": "managed",
      "type": "aws_s3_bucket_lifecycle_configuration",
      "name": "this",
      "provider": "provider[\"registry.terraform.io/hashicorp/aws\"]",
      "instances": [
        {
          "index_key": 0,
          "schema_version": 0,
          "attributes": {
            "bucket": "sblg-media-bucket",
            "expected_bucket_owner": "",
            "id": "sblg-media-bucket",
            "rule": [
              {
                "abort_incomplete_multipart_upload": [],
                "expiration": [],
                "filter": [
                  {
                    "and": [],
                    "object_size_greater_than": "",
                    "object_size_less_than": "",
                    "prefix": "media/",
                    "tag": []
                  }
                ],
                "id": "media-lifecycle-rule",
                "noncurrent_version_expiration": [],
                "noncurrent_version_transition": [],
                "prefix": "",
                "status": "Enabled",
                "transition": [
                  {
                    "date": "",
                    "days": 30,
                    "storage_class": "STANDARD_IA"
                  }
                ]
              },
              {
                "abort_incomplete_multipart_upload": [],
                "expiration": [],
                "filter": [
                  {
                    "and": [],
                    "object_size_greater_than": "",
                    "object_size_less_than": "",
                    "prefix": "",
                    "tag": []
                  }
                ],
                "id": "version-lifecycle-rule",
                "noncurrent_version_expiration": [
                  {
                    "newer_noncurrent_versions": "",
                    "noncurrent_days": 365
                  }
                ],
                "noncurrent_version_transition": [
                  {
                    "newer_noncurrent_versions": "",
                    "noncurrent_days": 30,
                    "storage_class": "STANDARD_IA"
                  }
                ],
                "prefix": "",
                "status": "Enabled",
                "transition": []
              }
            ]
          },
          "sensitive_attributes": [],
          "identity_schema_version": 0,
          "private": "bnVsbA==",
          "dependencies": [
            "module.media_bucket.aws_s3_bucket.protected",
            "module.media_bucket.aws_s3_bucket.unprotected"
          ]
        }
      ]
    },
    {
      "module": "module.media_bucket",
      "mode": "managed",
      "type": "aws_s3_bucket_public_access_block",
      "name": "this",
      "provider": "provider[\"registry.terraform.io/hashicorp/aws\"]",
      "instances": [
        {
          "index_key": 0,
          "schema_version": 0,
          "attributes": {
            "block_public_acls": true,
            "block_public_policy": true,
            "bucket": "sblg-media-bucket",
            "id": "sblg-media-bucket",
            "ignore_public_acls": true,
            "restrict_public_buckets": true
          },
          "sensitive_attributes": [],
          "identity_schema_version": 0,
          "private": "bnVsbA==",
          "dependencies": [
            "module.media_bucket.aws_s3_bucket.protected",
            "module.media_bucket.aws_s3_bucket.unprotected"
          ]
        }
      ]
    },
    {
      "module": "module.media_bucket",
      "mode": "managed",
      "type": "aws_s3_bucket_server_side_encryption_configuration",
      "name": "this",
      "provider": "provider[\"registry.terraform.io/hashicorp/aws\"]",
      "instances": [
        {
          "index_key": 0,
          "schema_version": 0,
          "attributes": {
            "bucket": "sblg-media-bucket",
            "expected_bucket_owner": "",
            "id": "sblg-media-bucket",
            "rule": [
              {
                "apply_server_side_encryption_by_default": [
                  {
                    "kms_master_key_id": "",
                    "sse_algorithm": "AES256"
                  }
                ],
                "bucket_key_enabled": false
              }
            ]
          },
          "sensitive_attributes": [],
          "identity_schema_version": 0,
          "private": "bnVsbA==",
          "dependencies": [
            "module.media_bucket.aws_s3_bucket.protected",
            "module.media_bucket.aws_s3_bucket.unprotected"
          ]
        }
      ]
    },
    {
      "module": "module.media_bucket",
      "mode": "managed",
      "type": "aws_s3_bucket_versioning",
      "name": "this",
      "provider": "provider[\"registry.terraform.io/hashicorp/aws\"]",
      "instances": [
        {
          "schema_version": 0,
          "attributes": {
            "bucket": "sblg-media-bucket",
            "expected_bucket_owner": "",
            "id": "sblg-media-bucket",
            "mfa": null,
            "versioning_configuration": [
              {
                "mfa_delete": "",
                "status": "Enabled"
              }
            ]
          },
          "sensitive_attributes": [],
          "identity_schema_version": 0,
          "private": "bnVsbA==",
          "dependencies": [
            "module.media_bucket.aws_s3_bucket.protected",
            "module.media_bucket.aws_s3_bucket.unprotected"
          ]
        }
      ]
    },
    {
      "module": "module.notifications_lambda",
      "mode": "managed",
      "type": "aws_cloudwatch_log_group",
      "name": "lambda",
      "provider": "provider[\"registry.terraform.io/hashicorp/aws\"]",
      "instances": [
        {
          "index_key": 0,
          "schema_version": 0,
          "attributes": {
            "arn": "arn:aws:logs:eu-west-1:721937028630:log-group:/aws/lambda/notifications_lambda",
            "id": "/aws/lambda/notifications_lambda",
            "kms_key_id": "",
            "name": "/aws/lambda/notifications_lambda",
            "name_prefix": "",
            "retention_in_days": 14,
            "skip_destroy": false,
            "tags": {
              "Name": "notifications_lambda-log-group"
            },
            "tags_all": {
              "Name": "notifications_lambda-log-group"
            }
          },
          "sensitive_attributes": [],
          "identity_schema_version": 0,
          "private": "bnVsbA=="
        }
      ]
    },
    {
      "module": "module.notifications_lambda",
      "mode": "managed",
      "type": "aws_iam_role",
      "name": "lambda_role",
      "provider": "provider[\"registry.terraform.io/hashicorp/aws\"]",
      "instances": [
        {
          "index_key": 0,
          "schema_version": 0,
          "attributes": {
            "arn": "arn:aws:iam::721937028630:role/notifications_lambda-lambda-role",
            "assume_role_policy": "{\"Statement\":[{\"Action\":\"sts:AssumeRole\",\"Effect\":\"Allow\",\"Principal\":{\"Service\":\"lambda.amazonaws.com\"}}],\"Version\":\"2012-10-17\"}",
            "create_date": "2026-02-17T21:36:10Z",
            "description": "",
            "force_detach_policies": false,
            "id": "notifications_lambda-lambda-role",
            "inline_policy": [],
            "managed_policy_arns": [
              "arn:aws:iam::721937028630:policy/notifications_lambda_ses_access_policy",
              "arn:aws:iam::aws:policy/service-role/AWSLambdaBasicExecutionRole"
            ],
            "max_session_duration": 3600,
            "name": "notifications_lambda-lambda-role",
            "name_prefix": "",
            "path": "/",
            "permissions_boundary": null,
            "role_last_used": [
              {
                "last_used_date": "",
                "region": ""
              }
            ],
            "tags": {
              "Name": "notifications_lambda-lambda-role"
            },
            "tags_all": {
              "Name": "notifications_lambda-lambda-role"
            },
            "unique_id": "AROA2QFWM2YLDR22GRB2D"
          },
          "sensitive_attributes": [],
          "identity_schema_version": 0,
          "private": "bnVsbA=="
        }
      ]
    },
    {
      "module": "module.notifications_lambda",
      "mode": "managed",
      "type": "aws_iam_role_policy_attachment",
      "name": "basic_execution",
      "provider": "provider[\"registry.terraform.io/hashicorp/aws\"]",
      "instances": [
        {
          "index_key": 0,
          "schema_version": 0,
          "attributes": {
            "id": "notifications_lambda-lambda-role-20260217213612044500000001",
            "policy_arn": "arn:aws:iam::aws:policy/service-role/AWSLambdaBasicExecutionRole",
            "role": "notifications_lambda-lambda-role"
          },
          "sensitive_attributes": [],
          "identity_schema_version": 0,
          "private": "bnVsbA==",
          "dependencies": [
            "module.notifications_lambda.aws_iam_role.lambda_role"
          ]
        }
      ]
    },
    {
      "module": "module.notifications_lambda",
      "mode": "managed",
      "type": "aws_lambda_alias",
      "name": "this",
      "provider": "provider[\"registry.terraform.io/hashicorp/aws\"]",
      "instances": [
        {
          "index_key": "beta",
          "schema_version": 0,
          "attributes": {
            "arn": "arn:aws:lambda:eu-west-1:721937028630:function:notifications_lambda:beta",
            "description": "Beta alias for notifications_lambda",
            "function_name": "notifications_lambda",
            "function_version": "1",
            "id": "arn:aws:lambda:eu-west-1:721937028630:function:notifications_lambda:beta",
            "invoke_arn": "arn:aws:apigateway:eu-west-1:lambda:path/2015-03-31/functions/arn:aws:lambda:eu-west-1:721937028630:function:notifications_lambda:beta/invocations",
            "name": "beta",
            "routing_config": []
          },
          "sensitive_attributes": [],
          "identity_schema_version": 0,
          "private": "bnVsbA==",
          "dependencies": [
            "module.lambda_layer.aws_lambda_layer_version.this",
            "module.notifications_lambda.aws_cloudwatch_log_group.lambda",
            "module.notifications_lambda.aws_iam_role.lambda_role",
            "module.notifications_lambda.aws_iam_role_policy_attachment.basic_execution",
            "module.notifications_lambda.aws_lambda_function.this"
          ]
        },
        {
          "index_key": "live",
          "schema_version": 0,
          "attributes": {
            "arn": "arn:aws:lambda:eu-west-1:721937028630:function:notifications_lambda:live",
            "description": "Live alias for notifications_lambda",
            "function_name": "notifications_lambda",
            "function_version": "1",
            "id": "arn:aws:lambda:eu-west-1:721937028630:function:notifications_lambda:live",
            "invoke_arn": "arn:aws:apigateway:eu-west-1:lambda:path/2015-03-31/functions/arn:aws:lambda:eu-west-1:721937028630:function:notifications_lambda:live/invocations",
            "name": "live",
            "routing_config": []
          },
          "sensitive_attributes": [],
          "identity_schema_version": 0,
          "private": "bnVsbA==",
          "dependencies": [
            "module.lambda_layer.aws_lambda_layer_version.this",
            "module.notifications_lambda.aws_cloudwatch_log_group.lambda",
            "module.notifications_lambda.aws_iam_role.lambda_role",
            "module.notifications_lambda.aws_iam_role_policy_attachment.basic_execution",
            "module.notifications_lambda.aws_lambda_function.this"
          ]
        }
      ]
    },
    {
      "module": "module.notifications_lambda",
      "mode": "managed",
      "type": "aws_lambda_function",
      "name": "this",
      "provider": "provider[\"registry.terraform.io/hashicorp/aws\"]",
      "instances": [
        {
          "schema_version": 0,
          "attributes": {
            "architectures": [
              "x86_64"
            ],
            "arn": "arn:aws:lambda:eu-west-1:721937028630:function:notifications_lambda",
            "code_signing_config_arn": "",
            "dead_letter_config": [],
            "description": "Lambda function for notifications",
            "environment": [
              {
                "variables": {
                  "FROM_EMAIL": "devsts14@gmail.com",
                  "TO_EMAIL": "devsts14@gmail.com"
                }
              }
            ],
            "ephemeral_storage": [
              {
                "size": 512
              }
            ],
            "file_system_config": [],
            "filename": "../backend/notifications_lambda/notifications_lambda.zip",
            "function_name": "notifications_lambda",
            "handler": "index.handler",
            "id": "notifications_lambda",
            "image_config": [],
            "image_uri": "",
            "invoke_arn": "arn:aws:apigateway:eu-west-1:lambda:path/2015-03-31/functions/arn:aws:lambda:eu-west-1:721937028630:function:notifications_lambda/invocations",
            "kms_key_arn": "",
            "last_modified": "2026-02-17T21:36:22.610+0000",
            "layers": [
              "arn:aws:lambda:eu-west-1:721937028630:layer:lambda_layer:1"
            ],
            "memory_size": 128,
            "package_type": "Zip",
            "publish": true,
            "qualified_arn": "arn:aws:lambda:eu-west-1:721937028630:function:notifications_lambda:1",
            "qualified_invoke_arn": "arn:aws:apigateway:eu-west-1:lambda:path/2015-03-31/functions/arn:aws:lambda:eu-west-1:721937028630:function:notifications_lambda:1/invocations",
            "replace_security_groups_on_destroy": null,
            "replacement_security_group_ids": null,
            "reserved_concurrent_executions": -1,
            "role": "arn:aws:iam::721937028630:role/notifications_lambda-lambda-role",
            "runtime": "nodejs18.x",
            "s3_bucket": null,
            "s3_key": null,
            "s3_object_version": null,
            "signing_job_arn": "",
            "signing_profile_version_arn": "",
            "skip_destroy": false,
            "snap_start": [],
            "source_code_hash": "XAFEWWz73M2Z7PYdbUQgr/jiygZSgSBnGHGhEtkQ2HA=",
            "source_code_size": 680,
            "tags": {
              "Name": "notifications_lambda-function"
            },
            "tags_all": {
              "Name": "notifications_lambda-function"
            },
            "timeout": 3,
            "timeouts": null,
            "tracing_config": [
              {
                "mode": "PassThrough"
              }
            ],
            "version": "1",
            "vpc_config": []
          },
          "sensitive_attributes": [],
          "identity_schema_version": 0,
          "private": "eyJlMmJmYjczMC1lY2FhLTExZTYtOGY4OC0zNDM2M2JjN2M0YzAiOnsiY3JlYXRlIjo2MDAwMDAwMDAwMDAsImRlbGV0ZSI6NjAwMDAwMDAwMDAwLCJ1cGRhdGUiOjYwMDAwMDAwMDAwMH19",
          "dependencies": [
            "module.lambda_layer.aws_lambda_layer_version.this",
            "module.notifications_lambda.aws_cloudwatch_log_group.lambda",
            "module.notifications_lambda.aws_iam_role.lambda_role",
            "module.notifications_lambda.aws_iam_role_policy_attachment.basic_execution"
          ]
        }
      ]
    },
    {
      "module": "module.notifications_lambda_invoke_permission",
      "mode": "managed",
      "type": "aws_lambda_permission",
      "name": "eventBridgeInvoke",
      "provider": "provider[\"registry.terraform.io/hashicorp/aws\"]",
      "instances": [
        {
          "schema_version": 0,
          "attributes": {
            "action": "lambda:InvokeFunction",
            "event_source_token": null,
            "function_name": "arn:aws:lambda:eu-west-1:721937028630:function:notifications_lambda",
            "function_url_auth_type": null,
            "id": "AllowExecutionFromEventBridgeForNotificationsLambda",
            "principal": "events.amazonaws.com",
            "principal_org_id": null,
            "qualifier": "",
            "source_account": null,
            "source_arn": "arn:aws:events:eu-west-1:721937028630:event-bus/blog-events-bus",
            "statement_id": "AllowExecutionFromEventBridgeForNotificationsLambda",
            "statement_id_prefix": ""
          },
          "sensitive_attributes": [],
          "identity_schema_version": 0,
          "private": "bnVsbA==",
          "dependencies": [
            "module.cleanup_lambda.aws_cloudwatch_log_group.lambda",
            "module.cleanup_lambda.aws_iam_role.lambda_role",
            "module.cleanup_lambda.aws_iam_role_policy_attachment.basic_execution",
            "module.cleanup_lambda.aws_lambda_function.this",
            "module.event.aws_cloudwatch_event_bus.this",
            "module.lambda_layer.aws_lambda_layer_version.this",
            "module.media_bucket.aws_s3_bucket.protected",
            "module.media_bucket.aws_s3_bucket.unprotected",
            "module.notifications_lambda.aws_cloudwatch_log_group.lambda",
            "module.notifications_lambda.aws_iam_role.lambda_role",
            "module.notifications_lambda.aws_iam_role_policy_attachment.basic_execution",
            "module.notifications_lambda.aws_lambda_function.this"
          ]
        }
      ]
    },
    {
      "module": "module.notifications_lambda_ses_permission",
      "mode": "managed",
      "type": "aws_iam_policy",
      "name": "ses_access",
      "provider": "provider[\"registry.terraform.io/hashicorp/aws\"]",
      "instances": [
        {
          "schema_version": 0,
          "attributes": {
            "arn": "arn:aws:iam::721937028630:policy/notifications_lambda_ses_access_policy",
            "description": "IAM policy for notifications lambda to access SES",
            "id": "arn:aws:iam::721937028630:policy/notifications_lambda_ses_access_policy",
            "name": "notifications_lambda_ses_access_policy",
            "name_prefix": "",
            "path": "/",
            "policy": "{\"Statement\":[{\"Action\":[\"ses:SendEmail\",\"ses:SendRawEmail\"],\"Effect\":\"Allow\",\"Resource\":\"arn:aws:ses:eu-west-1:721937028630:identity/devsts14@gmail.com\"}],\"Version\":\"2012-10-17\"}",
            "policy_id": "ANPA2QFWM2YLH3ZRDWOZX",
            "tags": {},
            "tags_all": {}
          },
          "sensitive_attributes": [],
          "identity_schema_version": 0,
          "private": "bnVsbA==",
          "dependencies": [
            "module.notifications_ses.aws_ses_email_identity.email"
          ]
        }
      ]
    },
    {
      "module": "module.notifications_ses",
      "mode": "managed",
      "type": "aws_ses_email_identity",
      "name": "email",
      "provider": "provider[\"registry.terraform.io/hashicorp/aws\"]",
      "instances": [
        {
          "index_key": "devsts14@gmail.com",
          "schema_version": 0,
          "attributes": {
            "arn": "arn:aws:ses:eu-west-1:721937028630:identity/devsts14@gmail.com",
            "email": "devsts14@gmail.com",
            "id": "devsts14@gmail.com"
          },
          "sensitive_attributes": [],
          "identity_schema_version": 0,
          "private": "bnVsbA=="
        }
      ]
    },
    {
      "module": "module.posts_table",
      "mode": "managed",
      "type": "aws_dynamodb_table",
      "name": "this",
      "provider": "provider[\"registry.terraform.io/hashicorp/aws\"]",
      "instances": [
        {
          "schema_version": 1,
          "attributes": {
            "arn": "arn:aws:dynamodb:eu-west-1:721937028630:table/sblg-posts",
            "attribute": [
              {
                "name": "authorID",
                "type": "S"
              },
              {
                "name": "createdAt",
                "type": "N"
              },
              {
                "name": "postID",
                "type": "S"
              },
              {
                "name": "publishedAt",
                "type": "N"
              },
              {
                "name": "status",
                "type": "S"
              }
            ],
            "billing_mode": "PAY_PER_REQUEST",
            "deletion_protection_enabled": false,
            "global_secondary_index": [
              {
                "hash_key": "authorID",
                "name": "authorIDIndex",
                "non_key_attributes": [],
                "projection_type": "ALL",
                "range_key": "createdAt",
                "read_capacity": 0,
                "write_capacity": 0
              },
              {
                "hash_key": "status",
                "name": "publishedAtIndex",
                "non_key_attributes": [],
                "projection_type": "ALL",
                "range_key": "publishedAt",
                "read_capacity": 0,
                "write_capacity": 0
              }
            ],
            "hash_key": "postID",
            "id": "sblg-posts",
            "local_secondary_index": [],
            "name": "sblg-posts",
            "point_in_time_recovery": [
              {
                "enabled": true
              }
            ],
            "range_key": null,
            "read_capacity": 0,
            "replica": [],
            "restore_date_time": null,
            "restore_source_name": null,
            "restore_to_latest_time": null,
            "server_side_encryption": [
              {
                "enabled": true,
                "kms_key_arn": ""
              }
            ],
            "stream_arn": "",
            "stream_enabled": false,
            "stream_label": "",
            "stream_view_type": "",
            "table_class": "STANDARD",
            "tags": {},
            "tags_all": {},
            "timeouts": null,
            "ttl": [
              {
                "attribute_name": "",
                "enabled": false
              }
            ],
            "write_capacity": 0
          },
          "sensitive_attributes": [],
          "identity_schema_version": 0,
          "private": "eyJlMmJmYjczMC1lY2FhLTExZTYtOGY4OC0zNDM2M2JjN2M0YzAiOnsiY3JlYXRlIjoxODAwMDAwMDAwMDAwLCJkZWxldGUiOjYwMDAwMDAwMDAwMCwidXBkYXRlIjozNjAwMDAwMDAwMDAwfSwic2NoZW1hX3ZlcnNpb24iOiIxIn0=",
          "create_before_destroy": true
        }
      ]
    },
    {
      "module": "module.presign_lambda",
      "mode": "managed",
      "type": "aws_cloudwatch_log_group",
      "name": "lambda",
      "provider": "provider[\"registry.terraform.io/hashicorp/aws\"]",
      "instances": [
        {
          "index_key": 0,
          "schema_version": 0,
          "attributes": {
            "arn": "arn:aws:logs:eu-west-1:721937028630:log-group:/aws/lambda/presign_lambda",
            "id": "/aws/lambda/presign_lambda",
            "kms_key_id": "",
            "name": "/aws/lambda/presign_lambda",
            "name_prefix": "",
            "retention_in_days": 14,
            "skip_destroy": false,
            "tags": {
              "Name": "presign_lambda-log-group"
            },
            "tags_all": {
              "Name": "presign_lambda-log-group"
            }
          },
          "sensitive_attributes": [],
          "identity_schema_version": 0,
          "private": "bnVsbA==",
          "create_before_destroy": true
        }
      ]
    },
    {
      "module": "module.presign_lambda",
      "mode": "managed",
      "type": "aws_iam_role",
      "name": "lambda_role",
      "provider": "provider[\"registry.terraform.io/hashicorp/aws\"]",
      "instances": [
        {
          "index_key": 0,
          "schema_version": 0,
          "attributes": {
            "arn": "arn:aws:iam::721937028630:role/presign_lambda-lambda-role",
            "assume_role_policy": "{\"Statement\":[{\"Action\":\"sts:AssumeRole\",\"Effect\":\"Allow\",\"Principal\":{\"Service\":\"lambda.amazonaws.com\"}}],\"Version\":\"2012-10-17\"}",
            "create_date": "2026-02-17T21:36:10Z",
            "description": "",
            "force_detach_policies": false,
            "id": "presign_lambda-lambda-role",
            "inline_policy": [],
            "managed_policy_arns": [
              "arn:aws:iam::721937028630:policy/presign-lambda-s3-policy",
              "arn:aws:iam::aws:policy/service-role/AWSLambdaBasicExecutionRole"
            ],
            "max_session_duration": 3600,
            "name": "presign_lambda-lambda-role",
            "name_prefix": "",
            "path": "/",
            "permissions_boundary": null,
            "role_last_used": [
              {
                "last_used_date": "",
                "region": ""
              }
            ],
            "tags": {
              "Name": "presign_lambda-lambda-role"
            },
            "tags_all": {
              "Name": "presign_lambda-lambda-role"
            },
            "unique_id": "AROA2QFWM2YLOQYO6DFCR"
          },
          "sensitive_attributes": [],
          "identity_schema_version": 0,
          "private": "bnVsbA==",
          "create_before_destroy": true
        }
      ]
    },
    {
      "module": "module.presign_lambda",
      "mode": "managed",
      "type": "aws_iam_role_policy_attachment",
      "name": "basic_execution",
      "provider": "provider[\"registry.terraform.io/hashicorp/aws\"]",
      "instances": [
        {
          "index_key": 0,
          "schema_version": 0,
          "attributes": {
            "id": "presign_lambda-lambda-role-20260217213612535100000003",
            "policy_arn": "arn:aws:iam::aws:policy/service-role/AWSLambdaBasicExecutionRole",
            "role": "presign_lambda-lambda-role"
          },
          "sensitive_attributes": [],
          "identity_schema_version": 0,
          "private": "bnVsbA==",
          "dependencies": [
            "module.presign_lambda.aws_iam_role.lambda_role"
          ],
          "create_before_destroy": true
        }
      ]
    },
    {
      "module": "module.presign_lambda",
      "mode": "managed",
      "type": "aws_lambda_alias",
      "name": "this",
      "provider": "provider[\"registry.terraform.io/hashicorp/aws\"]",
      "instances": [
        {
          "index_key": "beta",
          "schema_version": 0,
          "attributes": {
            "arn": "arn:aws:lambda:eu-west-1:721937028630:function:presign_lambda:beta",
            "description": "Beta alias for presign_lambda",
            "function_name": "presign_lambda",
            "function_version": "1",
            "id": "arn:aws:lambda:eu-west-1:721937028630:function:presign_lambda:beta",
            "invoke_arn": "arn:aws:apigateway:eu-west-1:lambda:path/2015-03-31/functions/arn:aws:lambda:eu-west-1:721937028630:function:presign_lambda:beta/invocations",
            "name": "beta",
            "routing_config": []
          },
          "sensitive_attributes": [],
          "identity_schema_version": 0,
          "private": "bnVsbA==",
          "dependencies": [
            "module.lambda_layer.aws_lambda_layer_version.this",
            "module.media_bucket.aws_s3_bucket.protected",
            "module.media_bucket.aws_s3_bucket.unprotected",
            "module.presign_lambda.aws_cloudwatch_log_group.lambda",
            "module.presign_lambda.aws_iam_role.lambda_role",
            "module.presign_lambda.aws_iam_role_policy_attachment.basic_execution",
            "module.presign_lambda.aws_lambda_function.this"
          ]
        },
        {
          "index_key": "live",
          "schema_version": 0,
          "attributes": {
            "arn": "arn:aws:lambda:eu-west-1:721937028630:function:presign_lambda:live",
            "description": "Live alias for presign_lambda",
            "function_name": "presign_lambda",
            "function_version": "1",
            "id": "arn:aws:lambda:eu-west-1:721937028630:function:presign_lambda:live",
            "invoke_arn": "arn:aws:apigateway:eu-west-1:lambda:path/2015-03-31/functions/arn:aws:lambda:eu-west-1:721937028630:function:presign_lambda:live/invocations",
            "name": "live",
            "routing_config": []
          },
          "sensitive_attributes": [],
          "identity_schema_version": 0,
          "private": "bnVsbA==",
          "dependencies": [
            "module.lambda_layer.aws_lambda_layer_version.this",
            "module.media_bucket.aws_s3_bucket.protected",
            "module.media_bucket.aws_s3_bucket.unprotected",
            "module.presign_lambda.aws_cloudwatch_log_group.lambda",
            "module.presign_lambda.aws_iam_role.lambda_role",
            "module.presign_lambda.aws_iam_role_policy_attachment.basic_execution",
            "module.presign_lambda.aws_lambda_function.this"
          ]
        }
      ]
    },
    {
      "module": "module.presign_lambda",
      "mode": "managed",
      "type": "aws_lambda_function",
      "name": "this",
      "provider": "provider[\"registry.terraform.io/hashicorp/aws\"]",
      "instances": [
        {
          "schema_version": 0,
          "attributes": {
            "architectures": [
              "x86_64"
            ],
            "arn": "arn:aws:lambda:eu-west-1:721937028630:function:presign_lambda",
            "code_signing_config_arn": "",
            "dead_letter_config": [],
            "description": "Lambda function for generating presigned URLs",
            "environment": [
              {
                "variables": {
                  "MEDIA_BUCKET": "sblg-media-bucket",
                  "MEDIA_BUCKET_REGION": "eu-west-1"
                }
              }
            ],
            "ephemeral_storage": [
              {
                "size": 512
              }
            ],
            "file_system_config": [],
            "filename": "../backend/presign_lambda/presign_lambda.zip",
            "function_name": "presign_lambda",
            "handler": "index.handler",
            "id": "presign_lambda",
            "image_config": [],
            "image_uri": "",
            "invoke_arn": "arn:aws:apigateway:eu-west-1:lambda:path/2015-03-31/functions/arn:aws:lambda:eu-west-1:721937028630:function:presign_lambda/invocations",
            "kms_key_arn": "",
            "last_modified": "2026-02-17T21:36:28.377+0000",
            "layers": [
              "arn:aws:lambda:eu-west-1:721937028630:layer:lambda_layer:1"
            ],
            "memory_size": 128,
            "package_type": "Zip",
            "publish": true,
            "qualified_arn": "arn:aws:lambda:eu-west-1:721937028630:function:presign_lambda:1",
            "qualified_invoke_arn": "arn:aws:apigateway:eu-west-1:lambda:path/2015-03-31/functions/arn:aws:lambda:eu-west-1:721937028630:function:presign_lambda:1/invocations",
            "replace_security_groups_on_destroy": null,
            "replacement_security_group_ids": null,
            "reserved_concurrent_executions": -1,
            "role": "arn:aws:iam::721937028630:role/presign_lambda-lambda-role",
            "runtime": "nodejs18.x",
            "s3_bucket": null,
            "s3_key": null,
            "s3_object_version": null,
            "signing_job_arn": "",
            "signing_profile_version_arn": "",
            "skip_destroy": false,
            "snap_start": [],
            "source_code_hash": "E4tA/e/+RGyTbx0hLwmLKMdXCwIEYV7Dsl3K5MALa3Y=",
            "source_code_size": 1126,
            "tags": {
              "Name": "presign_lambda-function"
            },
            "tags_all": {
              "Name": "presign_lambda-function"
            },
            "timeout": 3,
            "timeouts": null,
            "tracing_config": [
              {
                "mode": "PassThrough"
              }
            ],
            "version": "1",
            "vpc_config": []
          },
          "sensitive_attributes": [],
          "identity_schema_version": 0,
          "private": "eyJlMmJmYjczMC1lY2FhLTExZTYtOGY4OC0zNDM2M2JjN2M0YzAiOnsiY3JlYXRlIjo2MDAwMDAwMDAwMDAsImRlbGV0ZSI6NjAwMDAwMDAwMDAwLCJ1cGRhdGUiOjYwMDAwMDAwMDAwMH19",
          "dependencies": [
            "module.lambda_layer.aws_lambda_layer_version.this",
            "module.media_bucket.aws_s3_bucket.protected",
            "module.media_bucket.aws_s3_bucket.unprotected",
            "module.presign_lambda.aws_cloudwatch_log_group.lambda",
            "module.presign_lambda.aws_iam_role.lambda_role",
            "module.presign_lambda.aws_iam_role_policy_attachment.basic_execution"
          ],
          "create_before_destroy": true
        }
      ]
    },
    {
      "module": "module.presign_lambda_invoke_permission",
      "mode": "managed",
      "type": "aws_lambda_permission",
      "name": "eventBridgeInvoke",
      "provider": "provider[\"registry.terraform.io/hashicorp/aws\"]",
      "instances": [
        {
          "schema_version": 0,
          "attributes": {
            "action": "lambda:InvokeFunction",
            "event_source_token": null,
            "function_name": "arn:aws:lambda:eu-west-1:721937028630:function:presign_lambda",
            "function_url_auth_type": null,
            "id": "AllowExecutionFromAPIGatewayForPresignLambda",
            "principal": "events.amazonaws.com",
            "principal_org_id": null,
            "qualifier": "",
            "source_account": null,
            "source_arn": "arn:aws:execute-api:eu-west-1:721937028630:webnnnwvg3",
            "statement_id": "AllowExecutionFromAPIGatewayForPresignLambda",
            "statement_id_prefix": ""
          },
          "sensitive_attributes": [],
          "identity_schema_version": 0,
          "private": "bnVsbA==",
          "dependencies": [
            "module.admin_api.module.api.aws_api_gateway_rest_api.this",
            "module.lambda_layer.aws_lambda_layer_version.this",
            "module.media_bucket.aws_s3_bucket.protected",
            "module.media_bucket.aws_s3_bucket.unprotected",
            "module.presign_lambda.aws_cloudwatch_log_group.lambda",
            "module.presign_lambda.aws_iam_role.lambda_role",
            "module.presign_lambda.aws_iam_role_policy_attachment.basic_execution",
            "module.presign_lambda.aws_lambda_function.this"
          ]
        }
      ]
    },
    {
      "module": "module.presign_lambda_permissions",
      "mode": "managed",
      "type": "aws_iam_policy",
      "name": "presign_lambda_s3_policy",
      "provider": "provider[\"registry.terraform.io/hashicorp/aws\"]",
      "instances": [
        {
          "schema_version": 0,
          "attributes": {
            "arn": "arn:aws:iam::721937028630:policy/presign-lambda-s3-policy",
            "description": "Policy for presign lambda to access S3 for presigned URLs",
            "id": "arn:aws:iam::721937028630:policy/presign-lambda-s3-policy",
            "name": "presign-lambda-s3-policy",
            "name_prefix": "",
            "path": "/",
            "policy": "{\"Statement\":[{\"Action\":[\"s3:PutObject\"],\"Effect\":\"Allow\",\"Resource\":\"arn:aws:s3:::sblg-media-bucket/*\"}],\"Version\":\"2012-10-17\"}",
            "policy_id": "ANPA2QFWM2YLLXWHDZ4FV",
            "tags": {},
            "tags_all": {}
          },
          "sensitive_attributes": [],
          "identity_schema_version": 0,
          "private": "bnVsbA==",
          "dependencies": [
            "module.media_bucket.aws_s3_bucket.protected",
            "module.media_bucket.aws_s3_bucket.unprotected"
          ]
        }
      ]
    },
    {
      "module": "module.public_api.module.api",
      "mode": "managed",
      "type": "aws_api_gateway_rest_api",
      "name": "this",
      "provider": "provider[\"registry.terraform.io/hashicorp/aws\"]",
      "instances": [
        {
          "schema_version": 0,
          "attributes": {
            "api_key_source": "HEADER",
            "arn": "arn:aws:apigateway:eu-west-1::/restapis/6ymvifhnfe",
            "binary_media_types": [],
            "body": null,
            "created_date": "2026-02-17T21:36:10Z",
            "description": "",
            "disable_execute_api_endpoint": false,
            "endpoint_configuration": [
              {
                "types": [
                  "REGIONAL"
                ],
                "vpc_endpoint_ids": []
              }
            ],
            "execution_arn": "arn:aws:execute-api:eu-west-1:721937028630:6ymvifhnfe",
            "fail_on_warnings": null,
            "id": "6ymvifhnfe",
            "minimum_compression_size": -1,
            "name": "public-api",
            "parameters": null,
            "policy": "",
            "put_rest_api_mode": null,
            "root_resource_id": "5778k0hr61",
            "tags": {},
            "tags_all": {}
          },
          "sensitive_attributes": [],
          "identity_schema_version": 0,
          "private": "bnVsbA==",
          "create_before_destroy": true
        }
      ]
    },
    {
      "module": "module.public_api.module.integrations",
      "mode": "managed",
      "type": "aws_api_gateway_integration",
      "name": "this",
      "provider": "provider[\"registry.terraform.io/hashicorp/aws\"]",
      "instances": [
        {
          "index_key": "create_lead",
          "schema_version": 0,
          "attributes": {
            "cache_key_parameters": null,
            "cache_namespace": "lmu8zl",
            "connection_id": "",
            "connection_type": "INTERNET",
            "content_handling": "",
            "credentials": "",
            "http_method": "POST",
            "id": "agi-6ymvifhnfe-lmu8zl-POST",
            "integration_http_method": "POST",
            "passthrough_behavior": "WHEN_NO_MATCH",
            "request_parameters": null,
            "request_templates": null,
            "resource_id": "lmu8zl",
            "rest_api_id": "6ymvifhnfe",
            "timeout_milliseconds": 29000,
            "tls_config": [],
            "type": "AWS_PROXY",
            "uri": "arn:aws:apigateway:eu-west-1:lambda:path/2015-03-31/functions/arn:aws:lambda:eu-west-1:721937028630:function:leads_lambda/invocations"
          },
          "sensitive_attributes": [],
          "identity_schema_version": 0,
          "private": "bnVsbA==",
          "dependencies": [
            "module.lambda_layer.aws_lambda_layer_version.this",
            "module.leads_lambda.aws_cloudwatch_log_group.lambda",
            "module.leads_lambda.aws_iam_role.lambda_role",
            "module.leads_lambda.aws_iam_role_policy_attachment.basic_execution",
            "module.leads_lambda.aws_lambda_function.this",
            "module.leads_table.aws_dynamodb_table.this",
            "module.posts_table.aws_dynamodb_table.this",
            "module.public_api.module.api.aws_api_gateway_rest_api.this",
            "module.public_api.module.methods.aws_api_gateway_method.this",
            "module.public_api.module.resources.aws_api_gateway_resource.level_1",
            "module.public_api.module.resources.aws_api_gateway_resource.level_2",
            "module.public_api.module.resources.aws_api_gateway_resource.level_3",
            "module.public_api.module.resources.aws_api_gateway_resource.level_4",
            "module.public_api.module.resources.aws_api_gateway_resource.level_5",
            "module.public_posts_lambda.aws_cloudwatch_log_group.lambda",
            "module.public_posts_lambda.aws_iam_role.lambda_role",
            "module.public_posts_lambda.aws_iam_role_policy_attachment.basic_execution",
            "module.public_posts_lambda.aws_lambda_function.this"
          ],
          "create_before_destroy": true
        },
        {
          "index_key": "get_post",
          "schema_version": 0,
          "attributes": {
            "cache_key_parameters": null,
            "cache_namespace": "tkvof8",
            "connection_id": "",
            "connection_type": "INTERNET",
            "content_handling": "",
            "credentials": "",
            "http_method": "GET",
            "id": "agi-6ymvifhnfe-tkvof8-GET",
            "integration_http_method": "POST",
            "passthrough_behavior": "WHEN_NO_MATCH",
            "request_parameters": null,
            "request_templates": null,
            "resource_id": "tkvof8",
            "rest_api_id": "6ymvifhnfe",
            "timeout_milliseconds": 29000,
            "tls_config": [],
            "type": "AWS_PROXY",
            "uri": "arn:aws:apigateway:eu-west-1:lambda:path/2015-03-31/functions/arn:aws:lambda:eu-west-1:721937028630:function:public_posts_lambda/invocations"
          },
          "sensitive_attributes": [],
          "identity_schema_version": 0,
          "private": "bnVsbA==",
          "dependencies": [
            "module.lambda_layer.aws_lambda_layer_version.this",
            "module.leads_lambda.aws_cloudwatch_log_group.lambda",
            "module.leads_lambda.aws_iam_role.lambda_role",
            "module.leads_lambda.aws_iam_role_policy_attachment.basic_execution",
            "module.leads_lambda.aws_lambda_function.this",
            "module.leads_table.aws_dynamodb_table.this",
            "module.posts_table.aws_dynamodb_table.this",
            "module.public_api.module.api.aws_api_gateway_rest_api.this",
            "module.public_api.module.methods.aws_api_gateway_method.this",
            "module.public_api.module.resources.aws_api_gateway_resource.level_1",
            "module.public_api.module.resources.aws_api_gateway_resource.level_2",
            "module.public_api.module.resources.aws_api_gateway_resource.level_3",
            "module.public_api.module.resources.aws_api_gateway_resource.level_4",
            "module.public_api.module.resources.aws_api_gateway_resource.level_5",
            "module.public_posts_lambda.aws_cloudwatch_log_group.lambda",
            "module.public_posts_lambda.aws_iam_role.lambda_role",
            "module.public_posts_lambda.aws_iam_role_policy_attachment.basic_execution",
            "module.public_posts_lambda.aws_lambda_function.this"
          ],
          "create_before_destroy": true
        },
        {
          "index_key": "get_posts",
          "schema_version": 0,
          "attributes": {
            "cache_key_parameters": null,
            "cache_namespace": "1k081o",
            "connection_id": "",
            "connection_type": "INTERNET",
            "content_handling": "",
            "credentials": "",
            "http_method": "GET",
            "id": "agi-6ymvifhnfe-1k081o-GET",
            "integration_http_method": "POST",
            "passthrough_behavior": "WHEN_NO_MATCH",
            "request_parameters": null,
            "request_templates": null,
            "resource_id": "1k081o",
            "rest_api_id": "6ymvifhnfe",
            "timeout_milliseconds": 29000,
            "tls_config": [],
            "type": "AWS_PROXY",
            "uri": "arn:aws:apigateway:eu-west-1:lambda:path/2015-03-31/functions/arn:aws:lambda:eu-west-1:721937028630:function:public_posts_lambda/invocations"
          },
          "sensitive_attributes": [],
          "identity_schema_version": 0,
          "private": "bnVsbA==",
          "dependencies": [
            "module.lambda_layer.aws_lambda_layer_version.this",
            "module.leads_lambda.aws_cloudwatch_log_group.lambda",
            "module.leads_lambda.aws_iam_role.lambda_role",
            "module.leads_lambda.aws_iam_role_policy_attachment.basic_execution",
            "module.leads_lambda.aws_lambda_function.this",
            "module.leads_table.aws_dynamodb_table.this",
            "module.posts_table.aws_dynamodb_table.this",
            "module.public_api.module.api.aws_api_gateway_rest_api.this",
            "module.public_api.module.methods.aws_api_gateway_method.this",
            "module.public_api.module.resources.aws_api_gateway_resource.level_1",
            "module.public_api.module.resources.aws_api_gateway_resource.level_2",
            "module.public_api.module.resources.aws_api_gateway_resource.level_3",
            "module.public_api.module.resources.aws_api_gateway_resource.level_4",
            "module.public_api.module.resources.aws_api_gateway_resource.level_5",
            "module.public_posts_lambda.aws_cloudwatch_log_group.lambda",
            "module.public_posts_lambda.aws_iam_role.lambda_role",
            "module.public_posts_lambda.aws_iam_role_policy_attachment.basic_execution",
            "module.public_posts_lambda.aws_lambda_function.this"
          ],
          "create_before_destroy": true
        },
        {
          "index_key": "leads_options",
          "schema_version": 0,
          "attributes": {
            "cache_key_parameters": null,
            "cache_namespace": "lmu8zl",
            "connection_id": "",
            "connection_type": "INTERNET",
            "content_handling": "",
            "credentials": "",
            "http_method": "OPTIONS",
            "id": "agi-6ymvifhnfe-lmu8zl-OPTIONS",
            "integration_http_method": "",
            "passthrough_behavior": "WHEN_NO_MATCH",
            "request_parameters": null,
            "request_templates": {
              "application/json": "            {\n                \"statusCode\": 200 \n                }\n"
            },
            "resource_id": "lmu8zl",
            "rest_api_id": "6ymvifhnfe",
            "timeout_milliseconds": 29000,
            "tls_config": [],
            "type": "MOCK",
            "uri": ""
          },
          "sensitive_attributes": [],
          "identity_schema_version": 0,
          "private": "bnVsbA==",
          "dependencies": [
            "module.lambda_layer.aws_lambda_layer_version.this",
            "module.leads_lambda.aws_cloudwatch_log_group.lambda",
            "module.leads_lambda.aws_iam_role.lambda_role",
            "module.leads_lambda.aws_iam_role_policy_attachment.basic_execution",
            "module.leads_lambda.aws_lambda_function.this",
            "module.leads_table.aws_dynamodb_table.this",
            "module.posts_table.aws_dynamodb_table.this",
            "module.public_api.module.api.aws_api_gateway_rest_api.this",
            "module.public_api.module.methods.aws_api_gateway_method.this",
            "module.public_api.module.resources.aws_api_gateway_resource.level_1",
            "module.public_api.module.resources.aws_api_gateway_resource.level_2",
            "module.public_api.module.resources.aws_api_gateway_resource.level_3",
            "module.public_api.module.resources.aws_api_gateway_resource.level_4",
            "module.public_api.module.resources.aws_api_gateway_resource.level_5",
            "module.public_posts_lambda.aws_cloudwatch_log_group.lambda",
            "module.public_posts_lambda.aws_iam_role.lambda_role",
            "module.public_posts_lambda.aws_iam_role_policy_attachment.basic_execution",
            "module.public_posts_lambda.aws_lambda_function.this"
          ],
          "create_before_destroy": true
        },
        {
          "index_key": "postId_options",
          "schema_version": 0,
          "attributes": {
            "cache_key_parameters": null,
            "cache_namespace": "tkvof8",
            "connection_id": "",
            "connection_type": "INTERNET",
            "content_handling": "",
            "credentials": "",
            "http_method": "OPTIONS",
            "id": "agi-6ymvifhnfe-tkvof8-OPTIONS",
            "integration_http_method": "",
            "passthrough_behavior": "WHEN_NO_MATCH",
            "request_parameters": null,
            "request_templates": {
              "application/json": "            {\n                \"statusCode\": 200\n                }\n"
            },
            "resource_id": "tkvof8",
            "rest_api_id": "6ymvifhnfe",
            "timeout_milliseconds": 29000,
            "tls_config": [],
            "type": "MOCK",
            "uri": ""
          },
          "sensitive_attributes": [],
          "identity_schema_version": 0,
          "private": "bnVsbA==",
          "dependencies": [
            "module.lambda_layer.aws_lambda_layer_version.this",
            "module.leads_lambda.aws_cloudwatch_log_group.lambda",
            "module.leads_lambda.aws_iam_role.lambda_role",
            "module.leads_lambda.aws_iam_role_policy_attachment.basic_execution",
            "module.leads_lambda.aws_lambda_function.this",
            "module.leads_table.aws_dynamodb_table.this",
            "module.posts_table.aws_dynamodb_table.this",
            "module.public_api.module.api.aws_api_gateway_rest_api.this",
            "module.public_api.module.methods.aws_api_gateway_method.this",
            "module.public_api.module.resources.aws_api_gateway_resource.level_1",
            "module.public_api.module.resources.aws_api_gateway_resource.level_2",
            "module.public_api.module.resources.aws_api_gateway_resource.level_3",
            "module.public_api.module.resources.aws_api_gateway_resource.level_4",
            "module.public_api.module.resources.aws_api_gateway_resource.level_5",
            "module.public_posts_lambda.aws_cloudwatch_log_group.lambda",
            "module.public_posts_lambda.aws_iam_role.lambda_role",
            "module.public_posts_lambda.aws_iam_role_policy_attachment.basic_execution",
            "module.public_posts_lambda.aws_lambda_function.this"
          ],
          "create_before_destroy": true
        },
        {
          "index_key": "posts_options",
          "schema_version": 0,
          "attributes": {
            "cache_key_parameters": null,
            "cache_namespace": "1k081o",
            "connection_id": "",
            "connection_type": "INTERNET",
            "content_handling": "",
            "credentials": "",
            "http_method": "OPTIONS",
            "id": "agi-6ymvifhnfe-1k081o-OPTIONS",
            "integration_http_method": "",
            "passthrough_behavior": "WHEN_NO_MATCH",
            "request_parameters": null,
            "request_templates": {
              "application/json": "            {\n                \"statusCode\": 200\n                }\n"
            },
            "resource_id": "1k081o",
            "rest_api_id": "6ymvifhnfe",
            "timeout_milliseconds": 29000,
            "tls_config": [],
            "type": "MOCK",
            "uri": ""
          },
          "sensitive_attributes": [],
          "identity_schema_version": 0,
          "private": "bnVsbA==",
          "dependencies": [
            "module.lambda_layer.aws_lambda_layer_version.this",
            "module.leads_lambda.aws_cloudwatch_log_group.lambda",
            "module.leads_lambda.aws_iam_role.lambda_role",
            "module.leads_lambda.aws_iam_role_policy_attachment.basic_execution",
            "module.leads_lambda.aws_lambda_function.this",
            "module.leads_table.aws_dynamodb_table.this",
            "module.posts_table.aws_dynamodb_table.this",
            "module.public_api.module.api.aws_api_gateway_rest_api.this",
            "module.public_api.module.methods.aws_api_gateway_method.this",
            "module.public_api.module.resources.aws_api_gateway_resource.level_1",
            "module.public_api.module.resources.aws_api_gateway_resource.level_2",
            "module.public_api.module.resources.aws_api_gateway_resource.level_3",
            "module.public_api.module.resources.aws_api_gateway_resource.level_4",
            "module.public_api.module.resources.aws_api_gateway_resource.level_5",
            "module.public_posts_lambda.aws_cloudwatch_log_group.lambda",
            "module.public_posts_lambda.aws_iam_role.lambda_role",
            "module.public_posts_lambda.aws_iam_role_policy_attachment.basic_execution",
            "module.public_posts_lambda.aws_lambda_function.this"
          ],
          "create_before_destroy": true
        }
      ]
    },
    {
      "module": "module.public_api.module.methods",
      "mode": "managed",
      "type": "aws_api_gateway_method",
      "name": "this",
      "provider": "provider[\"registry.terraform.io/hashicorp/aws\"]",
      "instances": [
        {
          "index_key": "create_lead",
          "schema_version": 0,
          "attributes": {
            "api_key_required": false,
            "authorization": "NONE",
            "authorization_scopes": [],
            "authorizer_id": "",
            "http_method": "POST",
            "id": "agm-6ymvifhnfe-lmu8zl-POST",
            "operation_name": "",
            "request_models": {},
            "request_parameters": {},
            "request_validator_id": "",
            "resource_id": "lmu8zl",
            "rest_api_id": "6ymvifhnfe"
          },
          "sensitive_attributes": [],
          "identity_schema_version": 0,
          "private": "bnVsbA==",
          "dependencies": [
            "module.public_api.module.api.aws_api_gateway_rest_api.this",
            "module.public_api.module.resources.aws_api_gateway_resource.level_1",
            "module.public_api.module.resources.aws_api_gateway_resource.level_2",
            "module.public_api.module.resources.aws_api_gateway_resource.level_3",
            "module.public_api.module.resources.aws_api_gateway_resource.level_4",
            "module.public_api.module.resources.aws_api_gateway_resource.level_5"
          ],
          "create_before_destroy": true
        },
        {
          "index_key": "get_post",
          "schema_version": 0,
          "attributes": {
            "api_key_required": false,
            "authorization": "NONE",
            "authorization_scopes": [],
            "authorizer_id": "",
            "http_method": "GET",
            "id": "agm-6ymvifhnfe-tkvof8-GET",
            "operation_name": "",
            "request_models": {},
            "request_parameters": {},
            "request_validator_id": "",
            "resource_id": "tkvof8",
            "rest_api_id": "6ymvifhnfe"
          },
          "sensitive_attributes": [],
          "identity_schema_version": 0,
          "private": "bnVsbA==",
          "dependencies": [
            "module.public_api.module.api.aws_api_gateway_rest_api.this",
            "module.public_api.module.resources.aws_api_gateway_resource.level_1",
            "module.public_api.module.resources.aws_api_gateway_resource.level_2",
            "module.public_api.module.resources.aws_api_gateway_resource.level_3",
            "module.public_api.module.resources.aws_api_gateway_resource.level_4",
            "module.public_api.module.resources.aws_api_gateway_resource.level_5"
          ],
          "create_before_destroy": true
        },
        {
          "index_key": "get_posts",
          "schema_version": 0,
          "attributes": {
            "api_key_required": false,
            "authorization": "NONE",
            "authorization_scopes": [],
            "authorizer_id": "",
            "http_method": "GET",
            "id": "agm-6ymvifhnfe-1k081o-GET",
            "operation_name": "",
            "request_models": {},
            "request_parameters": {},
            "request_validator_id": "",
            "resource_id": "1k081o",
            "rest_api_id": "6ymvifhnfe"
          },
          "sensitive_attributes": [],
          "identity_schema_version": 0,
          "private": "bnVsbA==",
          "dependencies": [
            "module.public_api.module.api.aws_api_gateway_rest_api.this",
            "module.public_api.module.resources.aws_api_gateway_resource.level_1",
            "module.public_api.module.resources.aws_api_gateway_resource.level_2",
            "module.public_api.module.resources.aws_api_gateway_resource.level_3",
            "module.public_api.module.resources.aws_api_gateway_resource.level_4",
            "module.public_api.module.resources.aws_api_gateway_resource.level_5"
          ],
          "create_before_destroy": true
        },
        {
          "index_key": "leads_options",
          "schema_version": 0,
          "attributes": {
            "api_key_required": false,
            "authorization": "NONE",
            "authorization_scopes": [],
            "authorizer_id": "",
            "http_method": "OPTIONS",
            "id": "agm-6ymvifhnfe-lmu8zl-OPTIONS",
            "operation_name": "",
            "request_models": {},
            "request_parameters": {},
            "request_validator_id": "",
            "resource_id": "lmu8zl",
            "rest_api_id": "6ymvifhnfe"
          },
          "sensitive_attributes": [],
          "identity_schema_version": 0,
          "private": "bnVsbA==",
          "dependencies": [
            "module.public_api.module.api.aws_api_gateway_rest_api.this",
            "module.public_api.module.resources.aws_api_gateway_resource.level_1",
            "module.public_api.module.resources.aws_api_gateway_resource.level_2",
            "module.public_api.module.resources.aws_api_gateway_resource.level_3",
            "module.public_api.module.resources.aws_api_gateway_resource.level_4",
            "module.public_api.module.resources.aws_api_gateway_resource.level_5"
          ],
          "create_before_destroy": true
        },
        {
          "index_key": "postId_options",
          "schema_version": 0,
          "attributes": {
            "api_key_required": false,
            "authorization": "NONE",
            "authorization_scopes": [],
            "authorizer_id": "",
            "http_method": "OPTIONS",
            "id": "agm-6ymvifhnfe-tkvof8-OPTIONS",
            "operation_name": "",
            "request_models": {},
            "request_parameters": {},
            "request_validator_id": "",
            "resource_id": "tkvof8",
            "rest_api_id": "6ymvifhnfe"
          },
          "sensitive_attributes": [],
          "identity_schema_version": 0,
          "private": "bnVsbA==",
          "dependencies": [
            "module.public_api.module.api.aws_api_gateway_rest_api.this",
            "module.public_api.module.resources.aws_api_gateway_resource.level_1",
            "module.public_api.module.resources.aws_api_gateway_resource.level_2",
            "module.public_api.module.resources.aws_api_gateway_resource.level_3",
            "module.public_api.module.resources.aws_api_gateway_resource.level_4",
            "module.public_api.module.resources.aws_api_gateway_resource.level_5"
          ],
          "create_before_destroy": true
        },
        {
          "index_key": "posts_options",
          "schema_version": 0,
          "attributes": {
            "api_key_required": false,
            "authorization": "NONE",
            "authorization_scopes": [],
            "authorizer_id": "",
            "http_method": "OPTIONS",
            "id": "agm-6ymvifhnfe-1k081o-OPTIONS",
            "operation_name": "",
            "request_models": {},
            "request_parameters": {},
            "request_validator_id": "",
            "resource_id": "1k081o",
            "rest_api_id": "6ymvifhnfe"
          },
          "sensitive_attributes": [],
          "identity_schema_version": 0,
          "private": "bnVsbA==",
          "dependencies": [
            "module.public_api.module.api.aws_api_gateway_rest_api.this",
            "module.public_api.module.resources.aws_api_gateway_resource.level_1",
            "module.public_api.module.resources.aws_api_gateway_resource.level_2",
            "module.public_api.module.resources.aws_api_gateway_resource.level_3",
            "module.public_api.module.resources.aws_api_gateway_resource.level_4",
            "module.public_api.module.resources.aws_api_gateway_resource.level_5"
          ],
          "create_before_destroy": true
        }
      ]
    },
    {
      "module": "module.public_api.module.resources",
      "mode": "managed",
      "type": "aws_api_gateway_resource",
      "name": "level_1",
      "provider": "provider[\"registry.terraform.io/hashicorp/aws\"]",
      "instances": [
        {
          "index_key": "leads",
          "schema_version": 0,
          "attributes": {
            "id": "lmu8zl",
            "parent_id": "5778k0hr61",
            "path": "/leads",
            "path_part": "leads",
            "rest_api_id": "6ymvifhnfe"
          },
          "sensitive_attributes": [],
          "identity_schema_version": 0,
          "private": "bnVsbA==",
          "dependencies": [
            "module.public_api.module.api.aws_api_gateway_rest_api.this"
          ],
          "create_before_destroy": true
        },
        {
          "index_key": "posts",
          "schema_version": 0,
          "attributes": {
            "id": "1k081o",
            "parent_id": "5778k0hr61",
            "path": "/posts",
            "path_part": "posts",
            "rest_api_id": "6ymvifhnfe"
          },
          "sensitive_attributes": [],
          "identity_schema_version": 0,
          "private": "bnVsbA==",
          "dependencies": [
            "module.public_api.module.api.aws_api_gateway_rest_api.this"
          ],
          "create_before_destroy": true
        }
      ]
    },
    {
      "module": "module.public_api.module.resources",
      "mode": "managed",
      "type": "aws_api_gateway_resource",
      "name": "level_2",
      "provider": "provider[\"registry.terraform.io/hashicorp/aws\"]",
      "instances": [
        {
          "index_key": "postId",
          "schema_version": 0,
          "attributes": {
            "id": "tkvof8",
            "parent_id": "1k081o",
            "path": "/posts/{postId}",
            "path_part": "{postId}",
            "rest_api_id": "6ymvifhnfe"
          },
          "sensitive_attributes": [],
          "identity_schema_version": 0,
          "private": "bnVsbA==",
          "dependencies": [
            "module.public_api.module.api.aws_api_gateway_rest_api.this",
            "module.public_api.module.resources.aws_api_gateway_resource.level_1"
          ],
          "create_before_destroy": true
        }
      ]
    },
    {
      "module": "module.public_api.module.responses",
      "mode": "managed",
      "type": "aws_api_gateway_integration_response",
      "name": "this",
      "provider": "provider[\"registry.terraform.io/hashicorp/aws\"]",
      "instances": [
        {
          "index_key": "leads_options_200",
          "schema_version": 0,
          "attributes": {
            "content_handling": "",
            "http_method": "OPTIONS",
            "id": "agir-6ymvifhnfe-lmu8zl-OPTIONS-200",
            "resource_id": "lmu8zl",
            "response_parameters": {
              "method.response.header.Access-Control-Allow-Headers": "'Content-Type,Authorization'",
              "method.response.header.Access-Control-Allow-Methods": "'POST,OPTIONS'",
              "method.response.header.Access-Control-Allow-Origin": "'*'"
            },
            "response_templates": null,
            "rest_api_id": "6ymvifhnfe",
            "selection_pattern": "",
            "status_code": "200"
          },
          "sensitive_attributes": [],
          "identity_schema_version": 0,
          "private": "bnVsbA==",
          "dependencies": [
            "module.lambda_layer.aws_lambda_layer_version.this",
            "module.leads_lambda.aws_cloudwatch_log_group.lambda",
            "module.leads_lambda.aws_iam_role.lambda_role",
            "module.leads_lambda.aws_iam_role_policy_attachment.basic_execution",
            "module.leads_lambda.aws_lambda_function.this",
            "module.leads_table.aws_dynamodb_table.this",
            "module.posts_table.aws_dynamodb_table.this",
            "module.public_api.module.api.aws_api_gateway_rest_api.this",
            "module.public_api.module.integrations.aws_api_gateway_integration.this",
            "module.public_api.module.methods.aws_api_gateway_method.this",
            "module.public_api.module.resources.aws_api_gateway_resource.level_1",
            "module.public_api.module.resources.aws_api_gateway_resource.level_2",
            "module.public_api.module.resources.aws_api_gateway_resource.level_3",
            "module.public_api.module.resources.aws_api_gateway_resource.level_4",
            "module.public_api.module.resources.aws_api_gateway_resource.level_5",
            "module.public_api.module.responses.aws_api_gateway_method_response.this",
            "module.public_posts_lambda.aws_cloudwatch_log_group.lambda",
            "module.public_posts_lambda.aws_iam_role.lambda_role",
            "module.public_posts_lambda.aws_iam_role_policy_attachment.basic_execution",
            "module.public_posts_lambda.aws_lambda_function.this"
          ],
          "create_before_destroy": true
        },
        {
          "index_key": "postId_options_200",
          "schema_version": 0,
          "attributes": {
            "content_handling": "",
            "http_method": "OPTIONS",
            "id": "agir-6ymvifhnfe-tkvof8-OPTIONS-200",
            "resource_id": "tkvof8",
            "response_parameters": {
              "method.response.header.Access-Control-Allow-Headers": "'Content-Type,Authorization'",
              "method.response.header.Access-Control-Allow-Methods": "'GET,OPTIONS'",
              "method.response.header.Access-Control-Allow-Origin": "'*'"
            },
            "response_templates": null,
            "rest_api_id": "6ymvifhnfe",
            "selection_pattern": "",
            "status_code": "200"
          },
          "sensitive_attributes": [],
          "identity_schema_version": 0,
          "private": "bnVsbA==",
          "dependencies": [
            "module.lambda_layer.aws_lambda_layer_version.this",
            "module.leads_lambda.aws_cloudwatch_log_group.lambda",
            "module.leads_lambda.aws_iam_role.lambda_role",
            "module.leads_lambda.aws_iam_role_policy_attachment.basic_execution",
            "module.leads_lambda.aws_lambda_function.this",
            "module.leads_table.aws_dynamodb_table.this",
            "module.posts_table.aws_dynamodb_table.this",
            "module.public_api.module.api.aws_api_gateway_rest_api.this",
            "module.public_api.module.integrations.aws_api_gateway_integration.this",
            "module.public_api.module.methods.aws_api_gateway_method.this",
            "module.public_api.module.resources.aws_api_gateway_resource.level_1",
            "module.public_api.module.resources.aws_api_gateway_resource.level_2",
            "module.public_api.module.resources.aws_api_gateway_resource.level_3",
            "module.public_api.module.resources.aws_api_gateway_resource.level_4",
            "module.public_api.module.resources.aws_api_gateway_resource.level_5",
            "module.public_api.module.responses.aws_api_gateway_method_response.this",
            "module.public_posts_lambda.aws_cloudwatch_log_group.lambda",
            "module.public_posts_lambda.aws_iam_role.lambda_role",
            "module.public_posts_lambda.aws_iam_role_policy_attachment.basic_execution",
            "module.public_posts_lambda.aws_lambda_function.this"
          ],
          "create_before_destroy": true
        },
        {
          "index_key": "posts_options_200",
          "schema_version": 0,
          "attributes": {
            "content_handling": "",
            "http_method": "OPTIONS",
            "id": "agir-6ymvifhnfe-1k081o-OPTIONS-200",
            "resource_id": "1k081o",
            "response_parameters": {
              "method.response.header.Access-Control-Allow-Headers": "'Content-Type,Authorization'",
              "method.response.header.Access-Control-Allow-Methods": "'GET,OPTIONS'",
              "method.response.header.Access-Control-Allow-Origin": "'*'"
            },
            "response_templates": null,
            "rest_api_id": "6ymvifhnfe",
            "selection_pattern": "",
            "status_code": "200"
          },
          "sensitive_attributes": [],
          "identity_schema_version": 0,
          "private": "bnVsbA==",
          "dependencies": [
            "module.lambda_layer.aws_lambda_layer_version.this",
            "module.leads_lambda.aws_cloudwatch_log_group.lambda",
            "module.leads_lambda.aws_iam_role.lambda_role",
            "module.leads_lambda.aws_iam_role_policy_attachment.basic_execution",
            "module.leads_lambda.aws_lambda_function.this",
            "module.leads_table.aws_dynamodb_table.this",
            "module.posts_table.aws_dynamodb_table.this",
            "module.public_api.module.api.aws_api_gateway_rest_api.this",
            "module.public_api.module.integrations.aws_api_gateway_integration.this",
            "module.public_api.module.methods.aws_api_gateway_method.this",
            "module.public_api.module.resources.aws_api_gateway_resource.level_1",
            "module.public_api.module.resources.aws_api_gateway_resource.level_2",
            "module.public_api.module.resources.aws_api_gateway_resource.level_3",
            "module.public_api.module.resources.aws_api_gateway_resource.level_4",
            "module.public_api.module.resources.aws_api_gateway_resource.level_5",
            "module.public_api.module.responses.aws_api_gateway_method_response.this",
            "module.public_posts_lambda.aws_cloudwatch_log_group.lambda",
            "module.public_posts_lambda.aws_iam_role.lambda_role",
            "module.public_posts_lambda.aws_iam_role_policy_attachment.basic_execution",
            "module.public_posts_lambda.aws_lambda_function.this"
          ],
          "create_before_destroy": true
        }
      ]
    },
    {
      "module": "module.public_api.module.responses",
      "mode": "managed",
      "type": "aws_api_gateway_method_response",
      "name": "this",
      "provider": "provider[\"registry.terraform.io/hashicorp/aws\"]",
      "instances": [
        {
          "index_key": "leads_options_200",
          "schema_version": 0,
          "attributes": {
            "http_method": "OPTIONS",
            "id": "agmr-6ymvifhnfe-lmu8zl-OPTIONS-200",
            "resource_id": "lmu8zl",
            "response_models": null,
            "response_parameters": {
              "method.response.header.Access-Control-Allow-Headers": true,
              "method.response.header.Access-Control-Allow-Methods": true,
              "method.response.header.Access-Control-Allow-Origin": true
            },
            "rest_api_id": "6ymvifhnfe",
            "status_code": "200"
          },
          "sensitive_attributes": [],
          "identity_schema_version": 0,
          "private": "bnVsbA==",
          "dependencies": [
            "module.lambda_layer.aws_lambda_layer_version.this",
            "module.leads_lambda.aws_cloudwatch_log_group.lambda",
            "module.leads_lambda.aws_iam_role.lambda_role",
            "module.leads_lambda.aws_iam_role_policy_attachment.basic_execution",
            "module.leads_lambda.aws_lambda_function.this",
            "module.leads_table.aws_dynamodb_table.this",
            "module.posts_table.aws_dynamodb_table.this",
            "module.public_api.module.api.aws_api_gateway_rest_api.this",
            "module.public_api.module.integrations.aws_api_gateway_integration.this",
            "module.public_api.module.methods.aws_api_gateway_method.this",
            "module.public_api.module.resources.aws_api_gateway_resource.level_1",
            "module.public_api.module.resources.aws_api_gateway_resource.level_2",
            "module.public_api.module.resources.aws_api_gateway_resource.level_3",
            "module.public_api.module.resources.aws_api_gateway_resource.level_4",
            "module.public_api.module.resources.aws_api_gateway_resource.level_5",
            "module.public_posts_lambda.aws_cloudwatch_log_group.lambda",
            "module.public_posts_lambda.aws_iam_role.lambda_role",
            "module.public_posts_lambda.aws_iam_role_policy_attachment.basic_execution",
            "module.public_posts_lambda.aws_lambda_function.this"
          ],
          "create_before_destroy": true
        },
        {
          "index_key": "postId_options_200",
          "schema_version": 0,
          "attributes": {
            "http_method": "OPTIONS",
            "id": "agmr-6ymvifhnfe-tkvof8-OPTIONS-200",
            "resource_id": "tkvof8",
            "response_models": null,
            "response_parameters": {
              "method.response.header.Access-Control-Allow-Headers": true,
              "method.response.header.Access-Control-Allow-Methods": true,
              "method.response.header.Access-Control-Allow-Origin": true
            },
            "rest_api_id": "6ymvifhnfe",
            "status_code": "200"
          },
          "sensitive_attributes": [],
          "identity_schema_version": 0,
          "private": "bnVsbA==",
          "dependencies": [
            "module.lambda_layer.aws_lambda_layer_version.this",
            "module.leads_lambda.aws_cloudwatch_log_group.lambda",
            "module.leads_lambda.aws_iam_role.lambda_role",
            "module.leads_lambda.aws_iam_role_policy_attachment.basic_execution",
            "module.leads_lambda.aws_lambda_function.this",
            "module.leads_table.aws_dynamodb_table.this",
            "module.posts_table.aws_dynamodb_table.this",
            "module.public_api.module.api.aws_api_gateway_rest_api.this",
            "module.public_api.module.integrations.aws_api_gateway_integration.this",
            "module.public_api.module.methods.aws_api_gateway_method.this",
            "module.public_api.module.resources.aws_api_gateway_resource.level_1",
            "module.public_api.module.resources.aws_api_gateway_resource.level_2",
            "module.public_api.module.resources.aws_api_gateway_resource.level_3",
            "module.public_api.module.resources.aws_api_gateway_resource.level_4",
            "module.public_api.module.resources.aws_api_gateway_resource.level_5",
            "module.public_posts_lambda.aws_cloudwatch_log_group.lambda",
            "module.public_posts_lambda.aws_iam_role.lambda_role",
            "module.public_posts_lambda.aws_iam_role_policy_attachment.basic_execution",
            "module.public_posts_lambda.aws_lambda_function.this"
          ],
          "create_before_destroy": true
        },
        {
          "index_key": "posts_options_200",
          "schema_version": 0,
          "attributes": {
            "http_method": "OPTIONS",
            "id": "agmr-6ymvifhnfe-1k081o-OPTIONS-200",
            "resource_id": "1k081o",
            "response_models": null,
            "response_parameters": {
              "method.response.header.Access-Control-Allow-Headers": true,
              "method.response.header.Access-Control-Allow-Methods": true,
              "method.response.header.Access-Control-Allow-Origin": true
            },
            "rest_api_id": "6ymvifhnfe",
            "status_code": "200"
          },
          "sensitive_attributes": [],
          "identity_schema_version": 0,
          "private": "bnVsbA==",
          "dependencies": [
            "module.lambda_layer.aws_lambda_layer_version.this",
            "module.leads_lambda.aws_cloudwatch_log_group.lambda",
            "module.leads_lambda.aws_iam_role.lambda_role",
            "module.leads_lambda.aws_iam_role_policy_attachment.basic_execution",
            "module.leads_lambda.aws_lambda_function.this",
            "module.leads_table.aws_dynamodb_table.this",
            "module.posts_table.aws_dynamodb_table.this",
            "module.public_api.module.api.aws_api_gateway_rest_api.this",
            "module.public_api.module.integrations.aws_api_gateway_integration.this",
            "module.public_api.module.methods.aws_api_gateway_method.this",
            "module.public_api.module.resources.aws_api_gateway_resource.level_1",
            "module.public_api.module.resources.aws_api_gateway_resource.level_2",
            "module.public_api.module.resources.aws_api_gateway_resource.level_3",
            "module.public_api.module.resources.aws_api_gateway_resource.level_4",
            "module.public_api.module.resources.aws_api_gateway_resource.level_5",
            "module.public_posts_lambda.aws_cloudwatch_log_group.lambda",
            "module.public_posts_lambda.aws_iam_role.lambda_role",
            "module.public_posts_lambda.aws_iam_role_policy_attachment.basic_execution",
            "module.public_posts_lambda.aws_lambda_function.this"
          ],
          "create_before_destroy": true
        }
      ]
    },
    {
      "module": "module.public_api.module.stage",
      "mode": "managed",
      "type": "aws_api_gateway_deployment",
      "name": "this",
      "provider": "provider[\"registry.terraform.io/hashicorp/aws\"]",
      "instances": [
        {
          "schema_version": 0,
          "attributes": {
            "created_date": "2026-02-17T21:40:56Z",
            "description": "",
            "execution_arn": "arn:aws:execute-api:eu-west-1:721937028630:6ymvifhnfe/",
            "id": "87yywv",
            "invoke_url": "https://6ymvifhnfe.execute-api.eu-west-1.amazonaws.com/",
            "rest_api_id": "6ymvifhnfe",
            "stage_description": null,
            "stage_name": null,
            "triggers": {
              "redeployment": "48210f8e34479d8f1f4ed7baa3e075d0eaa34ff0"
            },
            "variables": null
          },
          "sensitive_attributes": [],
          "identity_schema_version": 0,
          "private": "bnVsbA==",
          "dependencies": [
            "module.lambda_layer.aws_lambda_layer_version.this",
            "module.leads_lambda.aws_cloudwatch_log_group.lambda",
            "module.leads_lambda.aws_iam_role.lambda_role",
            "module.leads_lambda.aws_iam_role_policy_attachment.basic_execution",
            "module.leads_lambda.aws_lambda_function.this",
            "module.leads_table.aws_dynamodb_table.this",
            "module.posts_table.aws_dynamodb_table.this",
            "module.public_api.module.api.aws_api_gateway_rest_api.this",
            "module.public_api.module.integrations.aws_api_gateway_integration.this",
            "module.public_api.module.methods.aws_api_gateway_method.this",
            "module.public_api.module.resources.aws_api_gateway_resource.level_1",
            "module.public_api.module.resources.aws_api_gateway_resource.level_2",
            "module.public_api.module.resources.aws_api_gateway_resource.level_3",
            "module.public_api.module.resources.aws_api_gateway_resource.level_4",
            "module.public_api.module.resources.aws_api_gateway_resource.level_5",
            "module.public_api.module.responses.aws_api_gateway_integration_response.this",
            "module.public_api.module.responses.aws_api_gateway_method_response.this",
            "module.public_posts_lambda.aws_cloudwatch_log_group.lambda",
            "module.public_posts_lambda.aws_iam_role.lambda_role",
            "module.public_posts_lambda.aws_iam_role_policy_attachment.basic_execution",
            "module.public_posts_lambda.aws_lambda_function.this"
          ],
          "create_before_destroy": true
        }
      ]
    },
    {
      "module": "module.public_api.module.stage",
      "mode": "managed",
      "type": "aws_api_gateway_stage",
      "name": "this",
      "provider": "provider[\"registry.terraform.io/hashicorp/aws\"]",
      "instances": [
        {
          "schema_version": 0,
          "attributes": {
            "access_log_settings": [],
            "arn": "arn:aws:apigateway:eu-west-1::/restapis/6ymvifhnfe/stages/v1",
            "cache_cluster_enabled": false,
            "cache_cluster_size": "",
            "canary_settings": [],
            "client_certificate_id": "",
            "deployment_id": "87yywv",
            "description": "",
            "documentation_version": "",
            "execution_arn": "arn:aws:execute-api:eu-west-1:721937028630:6ymvifhnfe/v1",
            "id": "ags-6ymvifhnfe-v1",
            "invoke_url": "https://6ymvifhnfe.execute-api.eu-west-1.amazonaws.com/v1",
            "rest_api_id": "6ymvifhnfe",
            "stage_name": "v1",
            "tags": null,
            "tags_all": {},
            "variables": null,
            "web_acl_arn": "",
            "xray_tracing_enabled": false
          },
          "sensitive_attributes": [],
          "identity_schema_version": 0,
          "private": "bnVsbA==",
          "dependencies": [
            "module.lambda_layer.aws_lambda_layer_version.this",
            "module.leads_lambda.aws_cloudwatch_log_group.lambda",
            "module.leads_lambda.aws_iam_role.lambda_role",
            "module.leads_lambda.aws_iam_role_policy_attachment.basic_execution",
            "module.leads_lambda.aws_lambda_function.this",
            "module.leads_table.aws_dynamodb_table.this",
            "module.posts_table.aws_dynamodb_table.this",
            "module.public_api.module.api.aws_api_gateway_rest_api.this",
            "module.public_api.module.integrations.aws_api_gateway_integration.this",
            "module.public_api.module.methods.aws_api_gateway_method.this",
            "module.public_api.module.resources.aws_api_gateway_resource.level_1",
            "module.public_api.module.resources.aws_api_gateway_resource.level_2",
            "module.public_api.module.resources.aws_api_gateway_resource.level_3",
            "module.public_api.module.resources.aws_api_gateway_resource.level_4",
            "module.public_api.module.resources.aws_api_gateway_resource.level_5",
            "module.public_api.module.responses.aws_api_gateway_integration_response.this",
            "module.public_api.module.responses.aws_api_gateway_method_response.this",
            "module.public_api.module.stage.aws_api_gateway_deployment.this",
            "module.public_api.module.stage.aws_cloudwatch_log_group.apigw_access",
            "module.public_posts_lambda.aws_cloudwatch_log_group.lambda",
            "module.public_posts_lambda.aws_iam_role.lambda_role",
            "module.public_posts_lambda.aws_iam_role_policy_attachment.basic_execution",
            "module.public_posts_lambda.aws_lambda_function.this"
          ]
        }
      ]
    },
    {
      "module": "module.public_frontend_bucket",
      "mode": "managed",
      "type": "aws_s3_bucket",
      "name": "protected",
      "provider": "provider[\"registry.terraform.io/hashicorp/aws\"]",
      "instances": [
        {
          "index_key": 0,
          "schema_version": 0,
          "attributes": {
            "acceleration_status": "",
            "acl": null,
            "arn": "arn:aws:s3:::sblg-public-frontend-bucket",
            "bucket": "sblg-public-frontend-bucket",
            "bucket_domain_name": "sblg-public-frontend-bucket.s3.amazonaws.com",
            "bucket_prefix": "",
            "bucket_regional_domain_name": "sblg-public-frontend-bucket.s3.eu-west-1.amazonaws.com",
            "cors_rule": [
              {
                "allowed_headers": [
                  "*"
                ],
                "allowed_methods": [
                  "POST",
                  "GET",
                  "DELETE",
                  "PUT"
                ],
                "allowed_origins": [
                  "*"
                ],
                "expose_headers": [],
                "max_age_seconds": 3000
              }
            ],
            "force_destroy": false,
            "grant": [
              {
                "id": "0afede1590d3d298a05c7044ef0d5564416118e7b5d3c7634194a718ef0a238b",
                "permissions": [
                  "FULL_CONTROL"
                ],
                "type": "CanonicalUser",
                "uri": ""
              }
            ],
            "hosted_zone_id": "Z1BKCTXD74EZPE",
            "id": "sblg-public-frontend-bucket",
            "lifecycle_rule": [
              {
                "abort_incomplete_multipart_upload_days": 0,
                "enabled": true,
                "expiration": [],
                "id": "frontend-lifecycle-rule",
                "noncurrent_version_expiration": [],
                "noncurrent_version_transition": [],
                "prefix": "frontend/",
                "tags": {},
                "transition": [
                  {
                    "date": "",
                    "days": 30,
                    "storage_class": "STANDARD_IA"
                  }
                ]
              }
            ],
            "logging": [],
            "object_lock_configuration": [],
            "object_lock_enabled": false,
            "policy": "",
            "region": "eu-west-1",
            "replication_configuration": [],
            "request_payer": "BucketOwner",
            "server_side_encryption_configuration": [
              {
                "rule": [
                  {
                    "apply_server_side_encryption_by_default": [
                      {
                        "kms_master_key_id": "",
                        "sse_algorithm": "AES256"
                      }
                    ],
                    "bucket_key_enabled": false
                  }
                ]
              }
            ],
            "tags": {},
            "tags_all": {},
            "timeouts": null,
            "versioning": [
              {
                "enabled": true,
                "mfa_delete": false
              }
            ],
            "website": [],
            "website_domain": null,
            "website_endpoint": null
          },
          "sensitive_attributes": [],
          "identity_schema_version": 0,
          "private": "eyJlMmJmYjczMC1lY2FhLTExZTYtOGY4OC0zNDM2M2JjN2M0YzAiOnsiY3JlYXRlIjoxMjAwMDAwMDAwMDAwLCJkZWxldGUiOjM2MDAwMDAwMDAwMDAsInJlYWQiOjEyMDAwMDAwMDAwMDAsInVwZGF0ZSI6MTIwMDAwMDAwMDAwMH19"
        }
      ]
    },
    {
      "module": "module.public_frontend_bucket",
      "mode": "managed",
      "type": "aws_s3_bucket_cors_configuration",
      "name": "this",
      "provider": "provider[\"registry.terraform.io/hashicorp/aws\"]",
      "instances": [
        {
          "index_key": 0,
          "schema_version": 0,
          "attributes": {
            "bucket": "sblg-public-frontend-bucket",
            "cors_rule": [
              {
                "allowed_headers": [
                  "*"
                ],
                "allowed_methods": [
                  "DELETE",
                  "GET",
                  "POST",
                  "PUT"
                ],
                "allowed_origins": [
                  "*"
                ],
                "expose_headers": [],
                "id": "",
                "max_age_seconds": 3000
              }
            ],
            "expected_bucket_owner": "",
            "id": "sblg-public-frontend-bucket"
          },
          "sensitive_attributes": [],
          "identity_schema_version": 0,
          "private": "bnVsbA==",
          "dependencies": [
            "module.public_frontend_bucket.aws_s3_bucket.protected",
            "module.public_frontend_bucket.aws_s3_bucket.unprotected"
          ]
        }
      ]
    },
    {
      "module": "module.public_frontend_bucket",
      "mode": "managed",
      "type": "aws_s3_bucket_lifecycle_configuration",
      "name": "this",
      "provider": "provider[\"registry.terraform.io/hashicorp/aws\"]",
      "instances": [
        {
          "index_key": 0,
          "schema_version": 0,
          "attributes": {
            "bucket": "sblg-public-frontend-bucket",
            "expected_bucket_owner": "",
            "id": "sblg-public-frontend-bucket",
            "rule": [
              {
                "abort_incomplete_multipart_upload": [],
                "expiration": [],
                "filter": [
                  {
                    "and": [],
                    "object_size_greater_than": "",
                    "object_size_less_than": "",
                    "prefix": "frontend/",
                    "tag": []
                  }
                ],
                "id": "frontend-lifecycle-rule",
                "noncurrent_version_expiration": [],
                "noncurrent_version_transition": [],
                "prefix": "",
                "status": "Enabled",
                "transition": [
                  {
                    "date": "",
                    "days": 30,
                    "storage_class": "STANDARD_IA"
                  }
                ]
              }
            ]
          },
          "sensitive_attributes": [],
          "identity_schema_version": 0,
          "private": "bnVsbA==",
          "dependencies": [
            "module.public_frontend_bucket.aws_s3_bucket.protected",
            "module.public_frontend_bucket.aws_s3_bucket.unprotected"
          ]
        }
      ]
    },
    {
      "module": "module.public_frontend_bucket",
      "mode": "managed",
      "type": "aws_s3_bucket_public_access_block",
      "name": "this",
      "provider": "provider[\"registry.terraform.io/hashicorp/aws\"]",
      "instances": [
        {
          "index_key": 0,
          "schema_version": 0,
          "attributes": {
            "block_public_acls": true,
            "block_public_policy": true,
            "bucket": "sblg-public-frontend-bucket",
            "id": "sblg-public-frontend-bucket",
            "ignore_public_acls": true,
            "restrict_public_buckets": true
          },
          "sensitive_attributes": [],
          "identity_schema_version": 0,
          "private": "bnVsbA==",
          "dependencies": [
            "module.public_frontend_bucket.aws_s3_bucket.protected",
            "module.public_frontend_bucket.aws_s3_bucket.unprotected"
          ]
        }
      ]
    },
    {
      "module": "module.public_frontend_bucket",
      "mode": "managed",
      "type": "aws_s3_bucket_server_side_encryption_configuration",
      "name": "this",
      "provider": "provider[\"registry.terraform.io/hashicorp/aws\"]",
      "instances": [
        {
          "index_key": 0,
          "schema_version": 0,
          "attributes": {
            "bucket": "sblg-public-frontend-bucket",
            "expected_bucket_owner": "",
            "id": "sblg-public-frontend-bucket",
            "rule": [
              {
                "apply_server_side_encryption_by_default": [
                  {
                    "kms_master_key_id": "",
                    "sse_algorithm": "AES256"
                  }
                ],
                "bucket_key_enabled": false
              }
            ]
          },
          "sensitive_attributes": [],
          "identity_schema_version": 0,
          "private": "bnVsbA==",
          "dependencies": [
            "module.public_frontend_bucket.aws_s3_bucket.protected",
            "module.public_frontend_bucket.aws_s3_bucket.unprotected"
          ]
        }
      ]
    },
    {
      "module": "module.public_frontend_bucket",
      "mode": "managed",
      "type": "aws_s3_bucket_versioning",
      "name": "this",
      "provider": "provider[\"registry.terraform.io/hashicorp/aws\"]",
      "instances": [
        {
          "schema_version": 0,
          "attributes": {
            "bucket": "sblg-public-frontend-bucket",
            "expected_bucket_owner": "",
            "id": "sblg-public-frontend-bucket",
            "mfa": null,
            "versioning_configuration": [
              {
                "mfa_delete": "",
                "status": "Enabled"
              }
            ]
          },
          "sensitive_attributes": [],
          "identity_schema_version": 0,
          "private": "bnVsbA==",
          "dependencies": [
            "module.public_frontend_bucket.aws_s3_bucket.protected",
            "module.public_frontend_bucket.aws_s3_bucket.unprotected"
          ]
        }
      ]
    },
    {
      "module": "module.public_posts_lambda",
      "mode": "managed",
      "type": "aws_cloudwatch_log_group",
      "name": "lambda",
      "provider": "provider[\"registry.terraform.io/hashicorp/aws\"]",
      "instances": [
        {
          "index_key": 0,
          "schema_version": 0,
          "attributes": {
            "arn": "arn:aws:logs:eu-west-1:721937028630:log-group:/aws/lambda/public_posts_lambda",
            "id": "/aws/lambda/public_posts_lambda",
            "kms_key_id": "",
            "name": "/aws/lambda/public_posts_lambda",
            "name_prefix": "",
            "retention_in_days": 14,
            "skip_destroy": false,
            "tags": {
              "Name": "public_posts_lambda-log-group"
            },
            "tags_all": {
              "Name": "public_posts_lambda-log-group"
            }
          },
          "sensitive_attributes": [],
          "identity_schema_version": 0,
          "private": "bnVsbA==",
          "create_before_destroy": true
        }
      ]
    },
    {
      "module": "module.public_posts_lambda",
      "mode": "managed",
      "type": "aws_iam_role",
      "name": "lambda_role",
      "provider": "provider[\"registry.terraform.io/hashicorp/aws\"]",
      "instances": [
        {
          "index_key": 0,
          "schema_version": 0,
          "attributes": {
            "arn": "arn:aws:iam::721937028630:role/public_posts_lambda-lambda-role",
            "assume_role_policy": "{\"Statement\":[{\"Action\":\"sts:AssumeRole\",\"Effect\":\"Allow\",\"Principal\":{\"Service\":\"lambda.amazonaws.com\"}}],\"Version\":\"2012-10-17\"}",
            "create_date": "2026-02-17T21:36:10Z",
            "description": "",
            "force_detach_policies": false,
            "id": "public_posts_lambda-lambda-role",
            "inline_policy": [],
            "managed_policy_arns": [
              "arn:aws:iam::721937028630:policy/public-lambda-dynamodb-policy",
              "arn:aws:iam::aws:policy/service-role/AWSLambdaBasicExecutionRole"
            ],
            "max_session_duration": 3600,
            "name": "public_posts_lambda-lambda-role",
            "name_prefix": "",
            "path": "/",
            "permissions_boundary": null,
            "role_last_used": [
              {
                "last_used_date": "",
                "region": ""
              }
            ],
            "tags": {
              "Name": "public_posts_lambda-lambda-role"
            },
            "tags_all": {
              "Name": "public_posts_lambda-lambda-role"
            },
            "unique_id": "AROA2QFWM2YLGRXTWN46L"
          },
          "sensitive_attributes": [],
          "identity_schema_version": 0,
          "private": "bnVsbA==",
          "create_before_destroy": true
        }
      ]
    },
    {
      "module": "module.public_posts_lambda",
      "mode": "managed",
      "type": "aws_iam_role_policy_attachment",
      "name": "basic_execution",
      "provider": "provider[\"registry.terraform.io/hashicorp/aws\"]",
      "instances": [
        {
          "index_key": 0,
          "schema_version": 0,
          "attributes": {
            "id": "public_posts_lambda-lambda-role-20260217213612065100000002",
            "policy_arn": "arn:aws:iam::aws:policy/service-role/AWSLambdaBasicExecutionRole",
            "role": "public_posts_lambda-lambda-role"
          },
          "sensitive_attributes": [],
          "identity_schema_version": 0,
          "private": "bnVsbA==",
          "dependencies": [
            "module.public_posts_lambda.aws_iam_role.lambda_role"
          ],
          "create_before_destroy": true
        }
      ]
    },
    {
      "module": "module.public_posts_lambda",
      "mode": "managed",
      "type": "aws_lambda_alias",
      "name": "this",
      "provider": "provider[\"registry.terraform.io/hashicorp/aws\"]",
      "instances": [
        {
          "index_key": "beta",
          "schema_version": 0,
          "attributes": {
            "arn": "arn:aws:lambda:eu-west-1:721937028630:function:public_posts_lambda:beta",
            "description": "Beta alias for public_posts_lambda",
            "function_name": "public_posts_lambda",
            "function_version": "1",
            "id": "arn:aws:lambda:eu-west-1:721937028630:function:public_posts_lambda:beta",
            "invoke_arn": "arn:aws:apigateway:eu-west-1:lambda:path/2015-03-31/functions/arn:aws:lambda:eu-west-1:721937028630:function:public_posts_lambda:beta/invocations",
            "name": "beta",
            "routing_config": []
          },
          "sensitive_attributes": [],
          "identity_schema_version": 0,
          "private": "bnVsbA==",
          "dependencies": [
            "module.lambda_layer.aws_lambda_layer_version.this",
            "module.posts_table.aws_dynamodb_table.this",
            "module.public_posts_lambda.aws_cloudwatch_log_group.lambda",
            "module.public_posts_lambda.aws_iam_role.lambda_role",
            "module.public_posts_lambda.aws_iam_role_policy_attachment.basic_execution",
            "module.public_posts_lambda.aws_lambda_function.this"
          ]
        },
        {
          "index_key": "live",
          "schema_version": 0,
          "attributes": {
            "arn": "arn:aws:lambda:eu-west-1:721937028630:function:public_posts_lambda:live",
            "description": "Live alias for public_posts_lambda",
            "function_name": "public_posts_lambda",
            "function_version": "1",
            "id": "arn:aws:lambda:eu-west-1:721937028630:function:public_posts_lambda:live",
            "invoke_arn": "arn:aws:apigateway:eu-west-1:lambda:path/2015-03-31/functions/arn:aws:lambda:eu-west-1:721937028630:function:public_posts_lambda:live/invocations",
            "name": "live",
            "routing_config": []
          },
          "sensitive_attributes": [],
          "identity_schema_version": 0,
          "private": "bnVsbA==",
          "dependencies": [
            "module.lambda_layer.aws_lambda_layer_version.this",
            "module.posts_table.aws_dynamodb_table.this",
            "module.public_posts_lambda.aws_cloudwatch_log_group.lambda",
            "module.public_posts_lambda.aws_iam_role.lambda_role",
            "module.public_posts_lambda.aws_iam_role_policy_attachment.basic_execution",
            "module.public_posts_lambda.aws_lambda_function.this"
          ]
        }
      ]
    },
    {
      "module": "module.public_posts_lambda",
      "mode": "managed",
      "type": "aws_lambda_function",
      "name": "this",
      "provider": "provider[\"registry.terraform.io/hashicorp/aws\"]",
      "instances": [
        {
          "schema_version": 0,
          "attributes": {
            "architectures": [
              "x86_64"
            ],
            "arn": "arn:aws:lambda:eu-west-1:721937028630:function:public_posts_lambda",
            "code_signing_config_arn": "",
            "dead_letter_config": [],
            "description": "Lambda function for public blog post operations",
            "environment": [
              {
                "variables": {
                  "POSTS_TABLE": "sblg-posts"
                }
              }
            ],
            "ephemeral_storage": [
              {
                "size": 512
              }
            ],
            "file_system_config": [],
            "filename": "../backend/public_posts_lambda/public_posts_lambda.zip",
            "function_name": "public_posts_lambda",
            "handler": "index.handler",
            "id": "public_posts_lambda",
            "image_config": [],
            "image_uri": "",
            "invoke_arn": "arn:aws:apigateway:eu-west-1:lambda:path/2015-03-31/functions/arn:aws:lambda:eu-west-1:721937028630:function:public_posts_lambda/invocations",
            "kms_key_arn": "",
            "last_modified": "2026-02-17T21:36:45.924+0000",
            "layers": [
              "arn:aws:lambda:eu-west-1:721937028630:layer:lambda_layer:1"
            ],
            "memory_size": 128,
            "package_type": "Zip",
            "publish": true,
            "qualified_arn": "arn:aws:lambda:eu-west-1:721937028630:function:public_posts_lambda:1",
            "qualified_invoke_arn": "arn:aws:apigateway:eu-west-1:lambda:path/2015-03-31/functions/arn:aws:lambda:eu-west-1:721937028630:function:public_posts_lambda:1/invocations",
            "replace_security_groups_on_destroy": null,
            "replacement_security_group_ids": null,
            "reserved_concurrent_executions": -1,
            "role": "arn:aws:iam::721937028630:role/public_posts_lambda-lambda-role",
            "runtime": "nodejs18.x",
            "s3_bucket": null,
            "s3_key": null,
            "s3_object_version": null,
            "signing_job_arn": "",
            "signing_profile_version_arn": "",
            "skip_destroy": false,
            "snap_start": [],
            "source_code_hash": "iNSoQ1a8wRpoS9ruGiDy1zZwf9WeWcz4JcI2DgyJecs=",
            "source_code_size": 1259,
            "tags": {
              "Name": "public_posts_lambda-function"
            },
            "tags_all": {
              "Name": "public_posts_lambda-function"
            },
            "timeout": 3,
            "timeouts": null,
            "tracing_config": [
              {
                "mode": "PassThrough"
              }
            ],
            "version": "1",
            "vpc_config": []
          },
          "sensitive_attributes": [],
          "identity_schema_version": 0,
          "private": "eyJlMmJmYjczMC1lY2FhLTExZTYtOGY4OC0zNDM2M2JjN2M0YzAiOnsiY3JlYXRlIjo2MDAwMDAwMDAwMDAsImRlbGV0ZSI6NjAwMDAwMDAwMDAwLCJ1cGRhdGUiOjYwMDAwMDAwMDAwMH19",
          "dependencies": [
            "module.lambda_layer.aws_lambda_layer_version.this",
            "module.posts_table.aws_dynamodb_table.this",
            "module.public_posts_lambda.aws_cloudwatch_log_group.lambda",
            "module.public_posts_lambda.aws_iam_role.lambda_role",
            "module.public_posts_lambda.aws_iam_role_policy_attachment.basic_execution"
          ],
          "create_before_destroy": true
        }
      ]
    },
    {
      "module": "module.public_posts_lambda_invoke_permission",
      "mode": "managed",
      "type": "aws_lambda_permission",
      "name": "eventBridgeInvoke",
      "provider": "provider[\"registry.terraform.io/hashicorp/aws\"]",
      "instances": [
        {
          "schema_version": 0,
          "attributes": {
            "action": "lambda:InvokeFunction",
            "event_source_token": null,
            "function_name": "arn:aws:lambda:eu-west-1:721937028630:function:public_posts_lambda",
            "function_url_auth_type": null,
            "id": "AllowExecutionFromAPIGatewayForPublicPostsLambda",
            "principal": "events.amazonaws.com",
            "principal_org_id": null,
            "qualifier": "",
            "source_account": null,
            "source_arn": "arn:aws:execute-api:eu-west-1:721937028630:6ymvifhnfe",
            "statement_id": "AllowExecutionFromAPIGatewayForPublicPostsLambda",
            "statement_id_prefix": ""
          },
          "sensitive_attributes": [],
          "identity_schema_version": 0,
          "private": "bnVsbA==",
          "dependencies": [
            "module.lambda_layer.aws_lambda_layer_version.this",
            "module.posts_table.aws_dynamodb_table.this",
            "module.public_api.module.api.aws_api_gateway_rest_api.this",
            "module.public_posts_lambda.aws_cloudwatch_log_group.lambda",
            "module.public_posts_lambda.aws_iam_role.lambda_role",
            "module.public_posts_lambda.aws_iam_role_policy_attachment.basic_execution",
            "module.public_posts_lambda.aws_lambda_function.this"
          ]
        }
      ]
    },
    {
      "module": "module.public_posts_lambda_permissions",
      "mode": "managed",
      "type": "aws_iam_policy",
      "name": "public_lambda_dynamodb_policy",
      "provider": "provider[\"registry.terraform.io/hashicorp/aws\"]",
      "instances": [
        {
          "schema_version": 0,
          "attributes": {
            "arn": "arn:aws:iam::721937028630:policy/public-lambda-dynamodb-policy",
            "description": "Policy for public lambda to access dynamodb for posts",
            "id": "arn:aws:iam::721937028630:policy/public-lambda-dynamodb-policy",
            "name": "public-lambda-dynamodb-policy",
            "name_prefix": "",
            "path": "/",
            "policy": "{\"Statement\":[{\"Action\":[\"dynamodb:GetItem\",\"dynamodb:Scan\",\"dynamodb:Query\"],\"Effect\":\"Allow\",\"Resource\":\"arn:aws:dynamodb:eu-west-1:721937028630:table/sblg-posts\"}],\"Version\":\"2012-10-17\"}",
            "policy_id": "ANPA2QFWM2YLNIE4AVCE2",
            "tags": {},
            "tags_all": {}
          },
          "sensitive_attributes": [],
          "identity_schema_version": 0,
          "private": "bnVsbA==",
          "dependencies": [
            "module.posts_table.aws_dynamodb_table.this"
          ]
        }
      ]
    }
  ],
  "check_results": [
    {
      "object_kind": "var",
      "config_addr": "module.admin_api.var.domain_name",
      "status": "pass",
      "objects": [
        {
          "object_addr": "module.admin_api.var.domain_name",
          "status": "pass"
        }
      ]
    },
    {
      "object_kind": "resource",
      "config_addr": "module.public_posts_lambda.aws_lambda_function.this",
      "status": "pass",
      "objects": [
        {
          "object_addr": "module.public_posts_lambda.aws_lambda_function.this",
          "status": "pass"
        }
      ]
    },
    {
      "object_kind": "var",
      "config_addr": "module.lambda_layer.var.permissions",
      "status": "pass",
      "objects": [
        {
          "object_addr": "module.lambda_layer.var.permissions",
          "status": "pass"
        }
      ]
    },
    {
      "object_kind": "resource",
      "config_addr": "module.lambda_layer.aws_lambda_layer_version.this",
      "status": "pass",
      "objects": [
        {
          "object_addr": "module.lambda_layer.aws_lambda_layer_version.this",
          "status": "pass"
        }
      ]
    },
    {
      "object_kind": "var",
      "config_addr": "module.leads_table.var.hash_key",
      "status": "pass",
      "objects": [
        {
          "object_addr": "module.leads_table.var.hash_key",
          "status": "pass"
        }
      ]
    },
    {
      "object_kind": "var",
      "config_addr": "module.public_frontend_bucket.var.logging",
      "status": "pass",
      "objects": [
        {
          "object_addr": "module.public_frontend_bucket.var.logging",
          "status": "pass"
        }
      ]
    },
    {
      "object_kind": "var",
      "config_addr": "module.admin_blog_posts_lambda.var.filename",
      "status": "pass",
      "objects": [
        {
          "object_addr": "module.admin_blog_posts_lambda.var.filename",
          "status": "pass"
        }
      ]
    },
    {
      "object_kind": "var",
      "config_addr": "module.posts_table.var.local_secondary_indexes",
      "status": "pass",
      "objects": [
        {
          "object_addr": "module.posts_table.var.local_secondary_indexes",
          "status": "pass"
        }
      ]
    },
    {
      "object_kind": "var",
      "config_addr": "module.public_posts_lambda.var.architectures",
      "status": "pass",
      "objects": [
        {
          "object_addr": "module.public_posts_lambda.var.architectures",
          "status": "pass"
        }
      ]
    },
    {
      "object_kind": "var",
      "config_addr": "module.public_posts_lambda.var.kms_key_arn",
      "status": "pass",
      "objects": [
        {
          "object_addr": "module.public_posts_lambda.var.kms_key_arn",
          "status": "pass"
        }
      ]
    },
    {
      "object_kind": "var",
      "config_addr": "module.admin_blog_posts_lambda.var.reserved_concurrent_executions",
      "status": "pass",
      "objects": [
        {
          "object_addr": "module.admin_blog_posts_lambda.var.reserved_concurrent_executions",
          "status": "pass"
        }
      ]
    },
    {
      "object_kind": "var",
      "config_addr": "module.leads_lambda.var.architectures",
      "status": "pass",
      "objects": [
        {
          "object_addr": "module.leads_lambda.var.architectures",
          "status": "pass"
        }
      ]
    },
    {
      "object_kind": "var",
      "config_addr": "module.leads_lambda.var.layers",
      "status": "pass",
      "objects": [
        {
          "object_addr": "module.leads_lambda.var.layers",
          "status": "pass"
        }
      ]
    },
    {
      "object_kind": "var",
      "config_addr": "module.notifications_lambda.var.reserved_concurrent_executions",
      "status": "pass",
      "objects": [
        {
          "object_addr": "module.notifications_lambda.var.reserved_concurrent_executions",
          "status": "pass"
        }
      ]
    },
    {
      "object_kind": "resource",
      "config_addr": "module.admin_blog_posts_lambda.aws_lambda_alias.this",
      "status": "pass",
      "objects": [
        {
          "object_addr": "module.admin_blog_posts_lambda.aws_lambda_alias.this[\"beta\"]",
          "status": "pass"
        },
        {
          "object_addr": "module.admin_blog_posts_lambda.aws_lambda_alias.this[\"live\"]",
          "status": "pass"
        }
      ]
    },
    {
      "object_kind": "var",
      "config_addr": "module.admin_blog_posts_lambda.var.log_retention_in_days",
      "status": "pass",
      "objects": [
        {
          "object_addr": "module.admin_blog_posts_lambda.var.log_retention_in_days",
          "status": "pass"
        }
      ]
    },
    {
      "object_kind": "var",
      "config_addr": "module.leads_lambda.var.ephemeral_storage_size",
      "status": "pass",
      "objects": [
        {
          "object_addr": "module.leads_lambda.var.ephemeral_storage_size",
          "status": "pass"
        }
      ]
    },
    {
      "object_kind": "var",
      "config_addr": "module.public_api.var.domain_name",
      "status": "pass",
      "objects": [
        {
          "object_addr": "module.public_api.var.domain_name",
          "status": "pass"
        }
      ]
    },
    {
      "object_kind": "resource",
      "config_addr": "module.notifications_lambda.aws_lambda_alias.this",
      "status": "pass",
      "objects": [
        {
          "object_addr": "module.notifications_lambda.aws_lambda_alias.this[\"live\"]",
          "status": "pass"
        },
        {
          "object_addr": "module.notifications_lambda.aws_lambda_alias.this[\"beta\"]",
          "status": "pass"
        }
      ]
    },
    {
      "object_kind": "var",
      "config_addr": "module.cleanup_lambda.var.runtime",
      "status": "pass",
      "objects": [
        {
          "object_addr": "module.cleanup_lambda.var.runtime",
          "status": "pass"
        }
      ]
    },
    {
      "object_kind": "var",
      "config_addr": "module.cleanup_lambda.var.dead_letter_target_arn",
      "status": "pass",
      "objects": [
        {
          "object_addr": "module.cleanup_lambda.var.dead_letter_target_arn",
          "status": "pass"
        }
      ]
    },
    {
      "object_kind": "var",
      "config_addr": "module.notifications_lambda.var.log_group_kms_key_arn",
      "status": "pass",
      "objects": [
        {
          "object_addr": "module.notifications_lambda.var.log_group_kms_key_arn",
          "status": "pass"
        }
      ]
    },
    {
      "object_kind": "var",
      "config_addr": "module.media_bucket.var.bucket_name",
      "status": "pass",
      "objects": [
        {
          "object_addr": "module.media_bucket.var.bucket_name",
          "status": "pass"
        }
      ]
    },
    {
      "object_kind": "var",
      "config_addr": "module.cleanup_lambda.var.aliases",
      "status": "pass",
      "objects": [
        {
          "object_addr": "module.cleanup_lambda.var.aliases",
          "status": "pass"
        }
      ]
    },
    {
      "object_kind": "var",
      "config_addr": "module.public_posts_lambda.var.reserved_concurrent_executions",
      "status": "pass",
      "objects": [
        {
          "object_addr": "module.public_posts_lambda.var.reserved_concurrent_executions",
          "status": "pass"
        }
      ]
    },
    {
      "object_kind": "var",
      "config_addr": "module.leads_lambda.var.log_retention_in_days",
      "status": "pass",
      "objects": [
        {
          "object_addr": "module.leads_lambda.var.log_retention_in_days",
          "status": "pass"
        }
      ]
    },
    {
      "object_kind": "var",
      "config_addr": "module.public_api.var.stage_name",
      "status": "pass",
      "objects": [
        {
          "object_addr": "module.public_api.var.stage_name",
          "status": "pass"
        }
      ]
    },
    {
      "object_kind": "resource",
      "config_addr": "module.presign_lambda.aws_lambda_function.this",
      "status": "pass",
      "objects": [
        {
          "object_addr": "module.presign_lambda.aws_lambda_function.this",
          "status": "pass"
        }
      ]
    },
    {
      "object_kind": "var",
      "config_addr": "module.admin_api.var.integration_responses",
      "status": "pass",
      "objects": [
        {
          "object_addr": "module.admin_api.var.integration_responses",
          "status": "pass"
        }
      ]
    },
    {
      "object_kind": "resource",
      "config_addr": "module.leads_lambda.aws_lambda_function.this",
      "status": "pass",
      "objects": [
        {
          "object_addr": "module.leads_lambda.aws_lambda_function.this",
          "status": "pass"
        }
      ]
    },
    {
      "object_kind": "var",
      "config_addr": "module.leads_table.var.write_capacity",
      "status": "pass",
      "objects": [
        {
          "object_addr": "module.leads_table.var.write_capacity",
          "status": "pass"
        }
      ]
    },
    {
      "object_kind": "var",
      "config_addr": "module.admin_frontend_bucket.var.lifecycle_rules",
      "status": "pass",
      "objects": [
        {
          "object_addr": "module.admin_frontend_bucket.var.lifecycle_rules",
          "status": "pass"
        }
      ]
    },
    {
      "object_kind": "var",
      "config_addr": "module.public_posts_lambda.var.layers",
      "status": "pass",
      "objects": [
        {
          "object_addr": "module.public_posts_lambda.var.layers",
          "status": "pass"
        }
      ]
    },
    {
      "object_kind": "var",
      "config_addr": "module.notifications_lambda.var.architectures",
      "status": "pass",
      "objects": [
        {
          "object_addr": "module.notifications_lambda.var.architectures",
          "status": "pass"
        }
      ]
    },
    {
      "object_kind": "resource",
      "config_addr": "module.cleanup_lambda.aws_lambda_alias.this",
      "status": "pass",
      "objects": [
        {
          "object_addr": "module.cleanup_lambda.aws_lambda_alias.this[\"beta\"]",
          "status": "pass"
        },
        {
          "object_addr": "module.cleanup_lambda.aws_lambda_alias.this[\"live\"]",
          "status": "pass"
        }
      ]
    },
    {
      "object_kind": "var",
      "config_addr": "module.public_frontend_bucket.var.server_side_encryption",
      "status": "pass",
      "objects": [
        {
          "object_addr": "module.public_frontend_bucket.var.server_side_encryption",
          "status": "pass"
        }
      ]
    },
    {
      "object_kind": "var",
      "config_addr": "module.cleanup_lambda.var.log_group_kms_key_arn",
      "status": "pass",
      "objects": [
        {
          "object_addr": "module.cleanup_lambda.var.log_group_kms_key_arn",
          "status": "pass"
        }
      ]
    },
    {
      "object_kind": "var",
      "config_addr": "module.posts_table.var.stream_view_type",
      "status": "pass",
      "objects": [
        {
          "object_addr": "module.posts_table.var.stream_view_type",
          "status": "pass"
        }
      ]
    },
    {
      "object_kind": "var",
      "config_addr": "module.admin_blog_posts_lambda.var.architectures",
      "status": "pass",
      "objects": [
        {
          "object_addr": "module.admin_blog_posts_lambda.var.architectures",
          "status": "pass"
        }
      ]
    },
    {
      "object_kind": "resource",
      "config_addr": "module.leads_table.aws_dynamodb_table.this",
      "status": "pass",
      "objects": [
        {
          "object_addr": "module.leads_table.aws_dynamodb_table.this",
          "status": "pass"
        }
      ]
    },
    {
      "object_kind": "var",
      "config_addr": "module.event.var.lambda_permission_statement_id_prefix",
      "status": "pass",
      "objects": [
        {
          "object_addr": "module.event.var.lambda_permission_statement_id_prefix",
          "status": "pass"
        }
      ]
    },
    {
      "object_kind": "var",
      "config_addr": "module.public_posts_lambda.var.log_retention_in_days",
      "status": "pass",
      "objects": [
        {
          "object_addr": "module.public_posts_lambda.var.log_retention_in_days",
          "status": "pass"
        }
      ]
    },
    {
      "object_kind": "var",
      "config_addr": "module.admin_api.var.cache_cluster_size",
      "status": "pass",
      "objects": [
        {
          "object_addr": "module.admin_api.var.cache_cluster_size",
          "status": "pass"
        }
      ]
    },
    {
      "object_kind": "var",
      "config_addr": "module.notifications_ses.var.identity_policies",
      "status": "pass",
      "objects": [
        {
          "object_addr": "module.notifications_ses.var.identity_policies",
          "status": "pass"
        }
      ]
    },
    {
      "object_kind": "var",
      "config_addr": "module.admin_api.var.access_log_retention_in_days",
      "status": "pass",
      "objects": [
        {
          "object_addr": "module.admin_api.var.access_log_retention_in_days",
          "status": "pass"
        }
      ]
    },
    {
      "object_kind": "var",
      "config_addr": "module.posts_table.var.write_capacity",
      "status": "pass",
      "objects": [
        {
          "object_addr": "module.posts_table.var.write_capacity",
          "status": "pass"
        }
      ]
    },
    {
      "object_kind": "var",
      "config_addr": "module.public_posts_lambda.var.aliases",
      "status": "pass",
      "objects": [
        {
          "object_addr": "module.public_posts_lambda.var.aliases",
          "status": "pass"
        }
      ]
    },
    {
      "object_kind": "var",
      "config_addr": "module.presign_lambda.var.memory_size",
      "status": "pass",
      "objects": [
        {
          "object_addr": "module.presign_lambda.var.memory_size",
          "status": "pass"
        }
      ]
    },
    {
      "object_kind": "var",
      "config_addr": "module.notifications_lambda.var.timeout",
      "status": "pass",
      "objects": [
        {
          "object_addr": "module.notifications_lambda.var.timeout",
          "status": "pass"
        }
      ]
    },
    {
      "object_kind": "var",
      "config_addr": "module.admin_blog_posts_lambda.var.aliases",
      "status": "pass",
      "objects": [
        {
          "object_addr": "module.admin_blog_posts_lambda.var.aliases",
          "status": "pass"
        }
      ]
    },
    {
      "object_kind": "var",
      "config_addr": "module.public_api.var.cache_cluster_size",
      "status": "pass",
      "objects": [
        {
          "object_addr": "module.public_api.var.cache_cluster_size",
          "status": "pass"
        }
      ]
    },
    {
      "object_kind": "var",
      "config_addr": "module.public_posts_lambda.var.timeout",
      "status": "pass",
      "objects": [
        {
          "object_addr": "module.public_posts_lambda.var.timeout",
          "status": "pass"
        }
      ]
    },
    {
      "object_kind": "var",
      "config_addr": "module.admin_api.var.certificate_arn",
      "status": "pass",
      "objects": [
        {
          "object_addr": "module.admin_api.var.certificate_arn",
          "status": "pass"
        }
      ]
    },
    {
      "object_kind": "var",
      "config_addr": "module.public_frontend_bucket.var.cors_rules",
      "status": "pass",
      "objects": [
        {
          "object_addr": "module.public_frontend_bucket.var.cors_rules",
          "status": "pass"
        }
      ]
    },
    {
      "object_kind": "var",
      "config_addr": "module.admin_frontend_bucket.var.server_side_encryption",
      "status": "pass",
      "objects": [
        {
          "object_addr": "module.admin_frontend_bucket.var.server_side_encryption",
          "status": "pass"
        }
      ]
    },
    {
      "object_kind": "var",
      "config_addr": "module.public_api.var.method_settings",
      "status": "pass",
      "objects": [
        {
          "object_addr": "module.public_api.var.method_settings",
          "status": "pass"
        }
      ]
    },
    {
      "object_kind": "var",
      "config_addr": "module.admin_api.var.hosted_zone_id",
      "status": "pass",
      "objects": [
        {
          "object_addr": "module.admin_api.var.hosted_zone_id",
          "status": "pass"
        }
      ]
    },
    {
      "object_kind": "var",
      "config_addr": "module.lambda_layer.var.compatible_architectures",
      "status": "pass",
      "objects": [
        {
          "object_addr": "module.lambda_layer.var.compatible_architectures",
          "status": "pass"
        }
      ]
    },
    {
      "object_kind": "resource",
      "config_addr": "module.notifications_lambda.aws_lambda_function.this",
      "status": "pass",
      "objects": [
        {
          "object_addr": "module.notifications_lambda.aws_lambda_function.this",
          "status": "pass"
        }
      ]
    },
    {
      "object_kind": "var",
      "config_addr": "module.presign_lambda.var.execution_role_arn",
      "status": "pass",
      "objects": [
        {
          "object_addr": "module.presign_lambda.var.execution_role_arn",
          "status": "pass"
        }
      ]
    },
    {
      "object_kind": "var",
      "config_addr": "module.admin_api.var.resources",
      "status": "pass",
      "objects": [
        {
          "object_addr": "module.admin_api.var.resources",
          "status": "pass"
        }
      ]
    },
    {
      "object_kind": "var",
      "config_addr": "module.public_posts_lambda.var.execution_role_arn",
      "status": "pass",
      "objects": [
        {
          "object_addr": "module.public_posts_lambda.var.execution_role_arn",
          "status": "pass"
        }
      ]
    },
    {
      "object_kind": "var",
      "config_addr": "module.public_api.var.create_route53_record",
      "status": "pass",
      "objects": [
        {
          "object_addr": "module.public_api.var.create_route53_record",
          "status": "pass"
        }
      ]
    },
    {
      "object_kind": "var",
      "config_addr": "module.leads_lambda.var.log_group_kms_key_arn",
      "status": "pass",
      "objects": [
        {
          "object_addr": "module.leads_lambda.var.log_group_kms_key_arn",
          "status": "pass"
        }
      ]
    },
    {
      "object_kind": "var",
      "config_addr": "module.admin_api.var.create_route53_record",
      "status": "pass",
      "objects": [
        {
          "object_addr": "module.admin_api.var.create_route53_record",
          "status": "pass"
        }
      ]
    },
    {
      "object_kind": "var",
      "config_addr": "module.public_api.var.name",
      "status": "pass",
      "objects": [
        {
          "object_addr": "module.public_api.var.name",
          "status": "pass"
        }
      ]
    },
    {
      "object_kind": "var",
      "config_addr": "module.public_frontend_bucket.var.lifecycle_rules",
      "status": "pass",
      "objects": [
        {
          "object_addr": "module.public_frontend_bucket.var.lifecycle_rules",
          "status": "pass"
        }
      ]
    },
    {
      "object_kind": "var",
      "config_addr": "module.public_api.var.resources",
      "status": "pass",
      "objects": [
        {
          "object_addr": "module.public_api.var.resources",
          "status": "pass"
        }
      ]
    },
    {
      "object_kind": "var",
      "config_addr": "module.posts_table.var.replicas",
      "status": "pass",
      "objects": [
        {
          "object_addr": "module.posts_table.var.replicas",
          "status": "pass"
        }
      ]
    },
    {
      "object_kind": "var",
      "config_addr": "module.admin_api.var.method_settings",
      "status": "pass",
      "objects": [
        {
          "object_addr": "module.admin_api.var.method_settings",
          "status": "pass"
        }
      ]
    },
    {
      "object_kind": "var",
      "config_addr": "module.public_api.var.api_key_source",
      "status": "pass",
      "objects": [
        {
          "object_addr": "module.public_api.var.api_key_source",
          "status": "pass"
        }
      ]
    },
    {
      "object_kind": "var",
      "config_addr": "module.notifications_lambda.var.log_retention_in_days",
      "status": "pass",
      "objects": [
        {
          "object_addr": "module.notifications_lambda.var.log_retention_in_days",
          "status": "pass"
        }
      ]
    },
    {
      "object_kind": "var",
      "config_addr": "module.admin_blog_posts_lambda.var.log_group_kms_key_arn",
      "status": "pass",
      "objects": [
        {
          "object_addr": "module.admin_blog_posts_lambda.var.log_group_kms_key_arn",
          "status": "pass"
        }
      ]
    },
    {
      "object_kind": "var",
      "config_addr": "module.presign_lambda.var.handler",
      "status": "pass",
      "objects": [
        {
          "object_addr": "module.presign_lambda.var.handler",
          "status": "pass"
        }
      ]
    },
    {
      "object_kind": "var",
      "config_addr": "module.admin_api.var.endpoint_configuration_types",
      "status": "pass",
      "objects": [
        {
          "object_addr": "module.admin_api.var.endpoint_configuration_types",
          "status": "pass"
        }
      ]
    },
    {
      "object_kind": "var",
      "config_addr": "module.admin_api.var.name",
      "status": "pass",
      "objects": [
        {
          "object_addr": "module.admin_api.var.name",
          "status": "pass"
        }
      ]
    },
    {
      "object_kind": "var",
      "config_addr": "module.presign_lambda.var.runtime",
      "status": "pass",
      "objects": [
        {
          "object_addr": "module.presign_lambda.var.runtime",
          "status": "pass"
        }
      ]
    },
    {
      "object_kind": "var",
      "config_addr": "module.media_bucket.var.server_side_encryption",
      "status": "pass",
      "objects": [
        {
          "object_addr": "module.media_bucket.var.server_side_encryption",
          "status": "pass"
        }
      ]
    },
    {
      "object_kind": "var",
      "config_addr": "module.public_posts_lambda.var.handler",
      "status": "pass",
      "objects": [
        {
          "object_addr": "module.public_posts_lambda.var.handler",
          "status": "pass"
        }
      ]
    },
    {
      "object_kind": "var",
      "config_addr": "module.admin_frontend_bucket.var.logging",
      "status": "pass",
      "objects": [
        {
          "object_addr": "module.admin_frontend_bucket.var.logging",
          "status": "pass"
        }
      ]
    },
    {
      "object_kind": "var",
      "config_addr": "module.posts_table.var.server_side_encryption",
      "status": "pass",
      "objects": [
        {
          "object_addr": "module.posts_table.var.server_side_encryption",
          "status": "pass"
        }
      ]
    },
    {
      "object_kind": "var",
      "config_addr": "module.admin_api.var.record_name",
      "status": "pass",
      "objects": [
        {
          "object_addr": "module.admin_api.var.record_name",
          "status": "pass"
        }
      ]
    },
    {
      "object_kind": "var",
      "config_addr": "module.leads_lambda.var.filename",
      "status": "pass",
      "objects": [
        {
          "object_addr": "module.leads_lambda.var.filename",
          "status": "pass"
        }
      ]
    },
    {
      "object_kind": "var",
      "config_addr": "module.public_posts_lambda.var.dead_letter_target_arn",
      "status": "pass",
      "objects": [
        {
          "object_addr": "module.public_posts_lambda.var.dead_letter_target_arn",
          "status": "pass"
        }
      ]
    },
    {
      "object_kind": "var",
      "config_addr": "module.admin_frontend_bucket.var.replication",
      "status": "pass",
      "objects": [
        {
          "object_addr": "module.admin_frontend_bucket.var.replication",
          "status": "pass"
        }
      ]
    },
    {
      "object_kind": "var",
      "config_addr": "module.cleanup_lambda.var.memory_size",
      "status": "pass",
      "objects": [
        {
          "object_addr": "module.cleanup_lambda.var.memory_size",
          "status": "pass"
        }
      ]
    },
    {
      "object_kind": "var",
      "config_addr": "module.admin_api.var.security_policy",
      "status": "pass",
      "objects": [
        {
          "object_addr": "module.admin_api.var.security_policy",
          "status": "pass"
        }
      ]
    },
    {
      "object_kind": "var",
      "config_addr": "module.admin_api.var.cache_cluster_enabled",
      "status": "pass",
      "objects": [
        {
          "object_addr": "module.admin_api.var.cache_cluster_enabled",
          "status": "pass"
        }
      ]
    },
    {
      "object_kind": "var",
      "config_addr": "module.public_api.var.integrations",
      "status": "pass",
      "objects": [
        {
          "object_addr": "module.public_api.var.integrations",
          "status": "pass"
        }
      ]
    },
    {
      "object_kind": "var",
      "config_addr": "module.public_posts_lambda.var.log_group_kms_key_arn",
      "status": "pass",
      "objects": [
        {
          "object_addr": "module.public_posts_lambda.var.log_group_kms_key_arn",
          "status": "pass"
        }
      ]
    },
    {
      "object_kind": "var",
      "config_addr": "module.leads_lambda.var.aliases",
      "status": "pass",
      "objects": [
        {
          "object_addr": "module.leads_lambda.var.aliases",
          "status": "pass"
        }
      ]
    },
    {
      "object_kind": "resource",
      "config_addr": "module.posts_table.aws_dynamodb_table.this",
      "status": "pass",
      "objects": [
        {
          "object_addr": "module.posts_table.aws_dynamodb_table.this",
          "status": "pass"
        }
      ]
    },
    {
      "object_kind": "var",
      "config_addr": "module.leads_lambda.var.handler",
      "status": "pass",
      "objects": [
        {
          "object_addr": "module.leads_lambda.var.handler",
          "status": "pass"
        }
      ]
    },
    {
      "object_kind": "var",
      "config_addr": "module.admin_api.var.minimum_compression_size",
      "status": "pass",
      "objects": [
        {
          "object_addr": "module.admin_api.var.minimum_compression_size",
          "status": "pass"
        }
      ]
    },
    {
      "object_kind": "var",
      "config_addr": "module.public_posts_lambda.var.ephemeral_storage_size",
      "status": "pass",
      "objects": [
        {
          "object_addr": "module.public_posts_lambda.var.ephemeral_storage_size",
          "status": "pass"
        }
      ]
    },
    {
      "object_kind": "var",
      "config_addr": "module.leads_table.var.global_secondary_indexes",
      "status": "pass",
      "objects": [
        {
          "object_addr": "module.leads_table.var.global_secondary_indexes",
          "status": "pass"
        }
      ]
    },
    {
      "object_kind": "var",
      "config_addr": "module.notifications_lambda.var.aliases",
      "status": "pass",
      "objects": [
        {
          "object_addr": "module.notifications_lambda.var.aliases",
          "status": "pass"
        }
      ]
    },
    {
      "object_kind": "resource",
      "config_addr": "module.cleanup_lambda.aws_lambda_function.this",
      "status": "pass",
      "objects": [
        {
          "object_addr": "module.cleanup_lambda.aws_lambda_function.this",
          "status": "pass"
        }
      ]
    },
    {
      "object_kind": "var",
      "config_addr": "module.cleanup_lambda.var.layers",
      "status": "pass",
      "objects": [
        {
          "object_addr": "module.cleanup_lambda.var.layers",
          "status": "pass"
        }
      ]
    },
    {
      "object_kind": "var",
      "config_addr": "module.public_api.var.access_log_retention_in_days",
      "status": "pass",
      "objects": [
        {
          "object_addr": "module.public_api.var.access_log_retention_in_days",
          "status": "pass"
        }
      ]
    },
    {
      "object_kind": "var",
      "config_addr": "module.admin_api.var.stage_name",
      "status": "pass",
      "objects": [
        {
          "object_addr": "module.admin_api.var.stage_name",
          "status": "pass"
        }
      ]
    },
    {
      "object_kind": "resource",
      "config_addr": "module.leads_lambda.aws_lambda_alias.this",
      "status": "pass",
      "objects": [
        {
          "object_addr": "module.leads_lambda.aws_lambda_alias.this[\"beta\"]",
          "status": "pass"
        },
        {
          "object_addr": "module.leads_lambda.aws_lambda_alias.this[\"live\"]",
          "status": "pass"
        }
      ]
    },
    {
      "object_kind": "var",
      "config_addr": "module.notifications_lambda.var.memory_size",
      "status": "pass",
      "objects": [
        {
          "object_addr": "module.notifications_lambda.var.memory_size",
          "status": "pass"
        }
      ]
    },
    {
      "object_kind": "var",
      "config_addr": "module.notifications_lambda.var.dead_letter_target_arn",
      "status": "pass",
      "objects": [
        {
          "object_addr": "module.notifications_lambda.var.dead_letter_target_arn",
          "status": "pass"
        }
      ]
    },
    {
      "object_kind": "var",
      "config_addr": "module.notifications_lambda.var.filename",
      "status": "pass",
      "objects": [
        {
          "object_addr": "module.notifications_lambda.var.filename",
          "status": "pass"
        }
      ]
    },
    {
      "object_kind": "var",
      "config_addr": "module.cleanup_lambda.var.log_retention_in_days",
      "status": "pass",
      "objects": [
        {
          "object_addr": "module.cleanup_lambda.var.log_retention_in_days",
          "status": "pass"
        }
      ]
    },
    {
      "object_kind": "var",
      "config_addr": "module.leads_table.var.attributes",
      "status": "pass",
      "objects": [
        {
          "object_addr": "module.leads_table.var.attributes",
          "status": "pass"
        }
      ]
    },
    {
      "object_kind": "var",
      "config_addr": "module.leads_table.var.replicas",
      "status": "pass",
      "objects": [
        {
          "object_addr": "module.leads_table.var.replicas",
          "status": "pass"
        }
      ]
    },
    {
      "object_kind": "var",
      "config_addr": "module.public_posts_lambda.var.runtime",
      "status": "pass",
      "objects": [
        {
          "object_addr": "module.public_posts_lambda.var.runtime",
          "status": "pass"
        }
      ]
    },
    {
      "object_kind": "var",
      "config_addr": "module.leads_lambda.var.dead_letter_target_arn",
      "status": "pass",
      "objects": [
        {
          "object_addr": "module.leads_lambda.var.dead_letter_target_arn",
          "status": "pass"
        }
      ]
    },
    {
      "object_kind": "var",
      "config_addr": "module.admin_blog_posts_lambda.var.function_name",
      "status": "pass",
      "objects": [
        {
          "object_addr": "module.admin_blog_posts_lambda.var.function_name",
          "status": "pass"
        }
      ]
    },
    {
      "object_kind": "var",
      "config_addr": "module.admin_blog_posts_lambda.var.memory_size",
      "status": "pass",
      "objects": [
        {
          "object_addr": "module.admin_blog_posts_lambda.var.memory_size",
          "status": "pass"
        }
      ]
    },
    {
      "object_kind": "var",
      "config_addr": "module.admin_blog_posts_lambda.var.execution_role_arn",
      "status": "pass",
      "objects": [
        {
          "object_addr": "module.admin_blog_posts_lambda.var.execution_role_arn",
          "status": "pass"
        }
      ]
    },
    {
      "object_kind": "var",
      "config_addr": "module.public_api.var.security_policy",
      "status": "pass",
      "objects": [
        {
          "object_addr": "module.public_api.var.security_policy",
          "status": "pass"
        }
      ]
    },
    {
      "object_kind": "var",
      "config_addr": "module.leads_lambda.var.runtime",
      "status": "pass",
      "objects": [
        {
          "object_addr": "module.leads_lambda.var.runtime",
          "status": "pass"
        }
      ]
    },
    {
      "object_kind": "var",
      "config_addr": "module.public_api.var.method_responses",
      "status": "pass",
      "objects": [
        {
          "object_addr": "module.public_api.var.method_responses",
          "status": "pass"
        }
      ]
    },
    {
      "object_kind": "var",
      "config_addr": "module.notifications_lambda.var.layers",
      "status": "pass",
      "objects": [
        {
          "object_addr": "module.notifications_lambda.var.layers",
          "status": "pass"
        }
      ]
    },
    {
      "object_kind": "var",
      "config_addr": "module.admin_blog_posts_lambda.var.ephemeral_storage_size",
      "status": "pass",
      "objects": [
        {
          "object_addr": "module.admin_blog_posts_lambda.var.ephemeral_storage_size",
          "status": "pass"
        }
      ]
    },
    {
      "object_kind": "var",
      "config_addr": "module.admin_blog_posts_lambda.var.kms_key_arn",
      "status": "pass",
      "objects": [
        {
          "object_addr": "module.admin_blog_posts_lambda.var.kms_key_arn",
          "status": "pass"
        }
      ]
    },
    {
      "object_kind": "var",
      "config_addr": "module.presign_lambda.var.function_name",
      "status": "pass",
      "objects": [
        {
          "object_addr": "module.presign_lambda.var.function_name",
          "status": "pass"
        }
      ]
    },
    {
      "object_kind": "var",
      "config_addr": "module.presign_lambda.var.timeout",
      "status": "pass",
      "objects": [
        {
          "object_addr": "module.presign_lambda.var.timeout",
          "status": "pass"
        }
      ]
    },
    {
      "object_kind": "var",
      "config_addr": "module.public_api.var.hosted_zone_id",
      "status": "pass",
      "objects": [
        {
          "object_addr": "module.public_api.var.hosted_zone_id",
          "status": "pass"
        }
      ]
    },
    {
      "object_kind": "var",
      "config_addr": "module.notifications_ses.var.event_destinations",
      "status": "pass",
      "objects": [
        {
          "object_addr": "module.notifications_ses.var.event_destinations",
          "status": "pass"
        }
      ]
    },
    {
      "object_kind": "var",
      "config_addr": "module.cleanup_lambda.var.handler",
      "status": "pass",
      "objects": [
        {
          "object_addr": "module.cleanup_lambda.var.handler",
          "status": "pass"
        }
      ]
    },
    {
      "object_kind": "var",
      "config_addr": "module.notifications_ses.var.email_identities",
      "status": "pass",
      "objects": [
        {
          "object_addr": "module.notifications_ses.var.email_identities",
          "status": "pass"
        }
      ]
    },
    {
      "object_kind": "var",
      "config_addr": "module.admin_api.var.integrations",
      "status": "pass",
      "objects": [
        {
          "object_addr": "module.admin_api.var.integrations",
          "status": "pass"
        }
      ]
    },
    {
      "object_kind": "var",
      "config_addr": "module.event.var.event_buses",
      "status": "pass",
      "objects": [
        {
          "object_addr": "module.event.var.event_buses",
          "status": "pass"
        }
      ]
    },
    {
      "object_kind": "var",
      "config_addr": "module.media_bucket.var.replication",
      "status": "pass",
      "objects": [
        {
          "object_addr": "module.media_bucket.var.replication",
          "status": "pass"
        }
      ]
    },
    {
      "object_kind": "var",
      "config_addr": "module.admin_frontend_bucket.var.cors_rules",
      "status": "pass",
      "objects": [
        {
          "object_addr": "module.admin_frontend_bucket.var.cors_rules",
          "status": "pass"
        }
      ]
    },
    {
      "object_kind": "var",
      "config_addr": "module.admin_api.var.create_domain_name",
      "status": "pass",
      "objects": [
        {
          "object_addr": "module.admin_api.var.create_domain_name",
          "status": "pass"
        }
      ]
    },
    {
      "object_kind": "var",
      "config_addr": "module.leads_table.var.stream_view_type",
      "status": "pass",
      "objects": [
        {
          "object_addr": "module.leads_table.var.stream_view_type",
          "status": "pass"
        }
      ]
    },
    {
      "object_kind": "var",
      "config_addr": "module.leads_lambda.var.memory_size",
      "status": "pass",
      "objects": [
        {
          "object_addr": "module.leads_lambda.var.memory_size",
          "status": "pass"
        }
      ]
    },
    {
      "object_kind": "var",
      "config_addr": "module.admin_api.var.api_key_source",
      "status": "pass",
      "objects": [
        {
          "object_addr": "module.admin_api.var.api_key_source",
          "status": "pass"
        }
      ]
    },
    {
      "object_kind": "var",
      "config_addr": "module.posts_table.var.hash_key",
      "status": "pass",
      "objects": [
        {
          "object_addr": "module.posts_table.var.hash_key",
          "status": "pass"
        }
      ]
    },
    {
      "object_kind": "resource",
      "config_addr": "module.public_posts_lambda.aws_lambda_alias.this",
      "status": "pass",
      "objects": [
        {
          "object_addr": "module.public_posts_lambda.aws_lambda_alias.this[\"live\"]",
          "status": "pass"
        },
        {
          "object_addr": "module.public_posts_lambda.aws_lambda_alias.this[\"beta\"]",
          "status": "pass"
        }
      ]
    },
    {
      "object_kind": "var",
      "config_addr": "module.public_posts_lambda.var.filename",
      "status": "pass",
      "objects": [
        {
          "object_addr": "module.public_posts_lambda.var.filename",
          "status": "pass"
        }
      ]
    },
    {
      "object_kind": "var",
      "config_addr": "module.admin_frontend_bucket.var.bucket_name",
      "status": "pass",
      "objects": [
        {
          "object_addr": "module.admin_frontend_bucket.var.bucket_name",
          "status": "pass"
        }
      ]
    },
    {
      "object_kind": "var",
      "config_addr": "module.notifications_lambda.var.kms_key_arn",
      "status": "pass",
      "objects": [
        {
          "object_addr": "module.notifications_lambda.var.kms_key_arn",
          "status": "pass"
        }
      ]
    },
    {
      "object_kind": "var",
      "config_addr": "module.public_api.var.endpoint_configuration_types",
      "status": "pass",
      "objects": [
        {
          "object_addr": "module.public_api.var.endpoint_configuration_types",
          "status": "pass"
        }
      ]
    },
    {
      "object_kind": "var",
      "config_addr": "module.notifications_lambda.var.runtime",
      "status": "pass",
      "objects": [
        {
          "object_addr": "module.notifications_lambda.var.runtime",
          "status": "pass"
        }
      ]
    },
    {
      "object_kind": "var",
      "config_addr": "module.cleanup_lambda.var.architectures",
      "status": "pass",
      "objects": [
        {
          "object_addr": "module.cleanup_lambda.var.architectures",
          "status": "pass"
        }
      ]
    },
    {
      "object_kind": "var",
      "config_addr": "module.leads_lambda.var.execution_role_arn",
      "status": "pass",
      "objects": [
        {
          "object_addr": "module.leads_lambda.var.execution_role_arn",
          "status": "pass"
        }
      ]
    },
    {
      "object_kind": "var",
      "config_addr": "module.admin_api.var.access_log_kms_key_arn",
      "status": "pass",
      "objects": [
        {
          "object_addr": "module.admin_api.var.access_log_kms_key_arn",
          "status": "pass"
        }
      ]
    },
    {
      "object_kind": "var",
      "config_addr": "module.admin_blog_posts_lambda.var.dead_letter_target_arn",
      "status": "pass",
      "objects": [
        {
          "object_addr": "module.admin_blog_posts_lambda.var.dead_letter_target_arn",
          "status": "pass"
        }
      ]
    },
    {
      "object_kind": "var",
      "config_addr": "module.leads_lambda.var.kms_key_arn",
      "status": "pass",
      "objects": [
        {
          "object_addr": "module.leads_lambda.var.kms_key_arn",
          "status": "pass"
        }
      ]
    },
    {
      "object_kind": "var",
      "config_addr": "module.presign_lambda.var.layers",
      "status": "pass",
      "objects": [
        {
          "object_addr": "module.presign_lambda.var.layers",
          "status": "pass"
        }
      ]
    },
    {
      "object_kind": "var",
      "config_addr": "module.public_api.var.methods",
      "status": "pass",
      "objects": [
        {
          "object_addr": "module.public_api.var.methods",
          "status": "pass"
        }
      ]
    },
    {
      "object_kind": "var",
      "config_addr": "module.public_api.var.create_domain_name",
      "status": "pass",
      "objects": [
        {
          "object_addr": "module.public_api.var.create_domain_name",
          "status": "pass"
        }
      ]
    },
    {
      "object_kind": "var",
      "config_addr": "module.presign_lambda.var.ephemeral_storage_size",
      "status": "pass",
      "objects": [
        {
          "object_addr": "module.presign_lambda.var.ephemeral_storage_size",
          "status": "pass"
        }
      ]
    },
    {
      "object_kind": "var",
      "config_addr": "module.public_frontend_bucket.var.replication",
      "status": "pass",
      "objects": [
        {
          "object_addr": "module.public_frontend_bucket.var.replication",
          "status": "pass"
        }
      ]
    },
    {
      "object_kind": "var",
      "config_addr": "module.admin_api.var.access_log_enabled",
      "status": "pass",
      "objects": [
        {
          "object_addr": "module.admin_api.var.access_log_enabled",
          "status": "pass"
        }
      ]
    },
    {
      "object_kind": "var",
      "config_addr": "module.leads_table.var.server_side_encryption",
      "status": "pass",
      "objects": [
        {
          "object_addr": "module.leads_table.var.server_side_encryption",
          "status": "pass"
        }
      ]
    },
    {
      "object_kind": "var",
      "config_addr": "module.admin_blog_posts_lambda.var.layers",
      "status": "pass",
      "objects": [
        {
          "object_addr": "module.admin_blog_posts_lambda.var.layers",
          "status": "pass"
        }
      ]
    },
    {
      "object_kind": "var",
      "config_addr": "module.cleanup_lambda.var.execution_role_arn",
      "status": "pass",
      "objects": [
        {
          "object_addr": "module.cleanup_lambda.var.execution_role_arn",
          "status": "pass"
        }
      ]
    },
    {
      "object_kind": "var",
      "config_addr": "module.presign_lambda.var.filename",
      "status": "pass",
      "objects": [
        {
          "object_addr": "module.presign_lambda.var.filename",
          "status": "pass"
        }
      ]
    },
    {
      "object_kind": "var",
      "config_addr": "module.leads_lambda.var.function_name",
      "status": "pass",
      "objects": [
        {
          "object_addr": "module.leads_lambda.var.function_name",
          "status": "pass"
        }
      ]
    },
    {
      "object_kind": "var",
      "config_addr": "module.notifications_lambda.var.ephemeral_storage_size",
      "status": "pass",
      "objects": [
        {
          "object_addr": "module.notifications_lambda.var.ephemeral_storage_size",
          "status": "pass"
        }
      ]
    },
    {
      "object_kind": "var",
      "config_addr": "module.cleanup_lambda.var.filename",
      "status": "pass",
      "objects": [
        {
          "object_addr": "module.cleanup_lambda.var.filename",
          "status": "pass"
        }
      ]
    },
    {
      "object_kind": "var",
      "config_addr": "module.notifications_ses.var.configuration_sets",
      "status": "pass",
      "objects": [
        {
          "object_addr": "module.notifications_ses.var.configuration_sets",
          "status": "pass"
        }
      ]
    },
    {
      "object_kind": "var",
      "config_addr": "module.public_api.var.record_name",
      "status": "pass",
      "objects": [
        {
          "object_addr": "module.public_api.var.record_name",
          "status": "pass"
        }
      ]
    },
    {
      "object_kind": "var",
      "config_addr": "module.public_api.var.certificate_arn",
      "status": "pass",
      "objects": [
        {
          "object_addr": "module.public_api.var.certificate_arn",
          "status": "pass"
        }
      ]
    },
    {
      "object_kind": "var",
      "config_addr": "module.presign_lambda.var.dead_letter_target_arn",
      "status": "pass",
      "objects": [
        {
          "object_addr": "module.presign_lambda.var.dead_letter_target_arn",
          "status": "pass"
        }
      ]
    },
    {
      "object_kind": "var",
      "config_addr": "module.admin_blog_posts_lambda.var.runtime",
      "status": "pass",
      "objects": [
        {
          "object_addr": "module.admin_blog_posts_lambda.var.runtime",
          "status": "pass"
        }
      ]
    },
    {
      "object_kind": "var",
      "config_addr": "module.presign_lambda.var.aliases",
      "status": "pass",
      "objects": [
        {
          "object_addr": "module.presign_lambda.var.aliases",
          "status": "pass"
        }
      ]
    },
    {
      "object_kind": "var",
      "config_addr": "module.leads_table.var.read_capacity",
      "status": "pass",
      "objects": [
        {
          "object_addr": "module.leads_table.var.read_capacity",
          "status": "pass"
        }
      ]
    },
    {
      "object_kind": "var",
      "config_addr": "module.public_frontend_bucket.var.bucket_name",
      "status": "pass",
      "objects": [
        {
          "object_addr": "module.public_frontend_bucket.var.bucket_name",
          "status": "pass"
        }
      ]
    },
    {
      "object_kind": "var",
      "config_addr": "module.cleanup_lambda.var.timeout",
      "status": "pass",
      "objects": [
        {
          "object_addr": "module.cleanup_lambda.var.timeout",
          "status": "pass"
        }
      ]
    },
    {
      "object_kind": "var",
      "config_addr": "module.public_api.var.cache_cluster_enabled",
      "status": "pass",
      "objects": [
        {
          "object_addr": "module.public_api.var.cache_cluster_enabled",
          "status": "pass"
        }
      ]
    },
    {
      "object_kind": "var",
      "config_addr": "module.leads_table.var.local_secondary_indexes",
      "status": "pass",
      "objects": [
        {
          "object_addr": "module.leads_table.var.local_secondary_indexes",
          "status": "pass"
        }
      ]
    },
    {
      "object_kind": "var",
      "config_addr": "module.media_bucket.var.cors_rules",
      "status": "pass",
      "objects": [
        {
          "object_addr": "module.media_bucket.var.cors_rules",
          "status": "pass"
        }
      ]
    },
    {
      "object_kind": "var",
      "config_addr": "module.public_posts_lambda.var.memory_size",
      "status": "pass",
      "objects": [
        {
          "object_addr": "module.public_posts_lambda.var.memory_size",
          "status": "pass"
        }
      ]
    },
    {
      "object_kind": "var",
      "config_addr": "module.cleanup_lambda.var.kms_key_arn",
      "status": "pass",
      "objects": [
        {
          "object_addr": "module.cleanup_lambda.var.kms_key_arn",
          "status": "pass"
        }
      ]
    },
    {
      "object_kind": "var",
      "config_addr": "module.posts_table.var.read_capacity",
      "status": "pass",
      "objects": [
        {
          "object_addr": "module.posts_table.var.read_capacity",
          "status": "pass"
        }
      ]
    },
    {
      "object_kind": "resource",
      "config_addr": "module.admin_blog_posts_lambda.aws_lambda_function.this",
      "status": "pass",
      "objects": [
        {
          "object_addr": "module.admin_blog_posts_lambda.aws_lambda_function.this",
          "status": "pass"
        }
      ]
    },
    {
      "object_kind": "var",
      "config_addr": "module.posts_table.var.billing_mode",
      "status": "pass",
      "objects": [
        {
          "object_addr": "module.posts_table.var.billing_mode",
          "status": "pass"
        }
      ]
    },
    {
      "object_kind": "resource",
      "config_addr": "module.presign_lambda.aws_lambda_alias.this",
      "status": "pass",
      "objects": [
        {
          "object_addr": "module.presign_lambda.aws_lambda_alias.this[\"live\"]",
          "status": "pass"
        },
        {
          "object_addr": "module.presign_lambda.aws_lambda_alias.this[\"beta\"]",
          "status": "pass"
        }
      ]
    },
    {
      "object_kind": "var",
      "config_addr": "module.lambda_layer.var.layer_name",
      "status": "pass",
      "objects": [
        {
          "object_addr": "module.lambda_layer.var.layer_name",
          "status": "pass"
        }
      ]
    },
    {
      "object_kind": "var",
      "config_addr": "module.notifications_ses.var.templates",
      "status": "pass",
      "objects": [
        {
          "object_addr": "module.notifications_ses.var.templates",
          "status": "pass"
        }
      ]
    },
    {
      "object_kind": "var",
      "config_addr": "module.leads_table.var.table_class",
      "status": "pass",
      "objects": [
        {
          "object_addr": "module.leads_table.var.table_class",
          "status": "pass"
        }
      ]
    },
    {
      "object_kind": "var",
      "config_addr": "module.presign_lambda.var.log_retention_in_days",
      "status": "pass",
      "objects": [
        {
          "object_addr": "module.presign_lambda.var.log_retention_in_days",
          "status": "pass"
        }
      ]
    },
    {
      "object_kind": "var",
      "config_addr": "module.posts_table.var.global_secondary_indexes",
      "status": "pass",
      "objects": [
        {
          "object_addr": "module.posts_table.var.global_secondary_indexes",
          "status": "pass"
        }
      ]
    },
    {
      "object_kind": "var",
      "config_addr": "module.public_api.var.access_log_enabled",
      "status": "pass",
      "objects": [
        {
          "object_addr": "module.public_api.var.access_log_enabled",
          "status": "pass"
        }
      ]
    },
    {
      "object_kind": "var",
      "config_addr": "module.posts_table.var.table_class",
      "status": "pass",
      "objects": [
        {
          "object_addr": "module.posts_table.var.table_class",
          "status": "pass"
        }
      ]
    },
    {
      "object_kind": "var",
      "config_addr": "module.public_posts_lambda.var.function_name",
      "status": "pass",
      "objects": [
        {
          "object_addr": "module.public_posts_lambda.var.function_name",
          "status": "pass"
        }
      ]
    },
    {
      "object_kind": "var",
      "config_addr": "module.leads_lambda.var.timeout",
      "status": "pass",
      "objects": [
        {
          "object_addr": "module.leads_lambda.var.timeout",
          "status": "pass"
        }
      ]
    },
    {
      "object_kind": "var",
      "config_addr": "module.notifications_ses.var.domain_identities",
      "status": "pass",
      "objects": [
        {
          "object_addr": "module.notifications_ses.var.domain_identities",
          "status": "pass"
        }
      ]
    },
    {
      "object_kind": "var",
      "config_addr": "module.notifications_lambda.var.handler",
      "status": "pass",
      "objects": [
        {
          "object_addr": "module.notifications_lambda.var.handler",
          "status": "pass"
        }
      ]
    },
    {
      "object_kind": "var",
      "config_addr": "module.admin_api.var.methods",
      "status": "pass",
      "objects": [
        {
          "object_addr": "module.admin_api.var.methods",
          "status": "pass"
        }
      ]
    },
    {
      "object_kind": "var",
      "config_addr": "module.presign_lambda.var.architectures",
      "status": "pass",
      "objects": [
        {
          "object_addr": "module.presign_lambda.var.architectures",
          "status": "pass"
        }
      ]
    },
    {
      "object_kind": "var",
      "config_addr": "module.presign_lambda.var.reserved_concurrent_executions",
      "status": "pass",
      "objects": [
        {
          "object_addr": "module.presign_lambda.var.reserved_concurrent_executions",
          "status": "pass"
        }
      ]
    },
    {
      "object_kind": "var",
      "config_addr": "module.notifications_lambda.var.execution_role_arn",
      "status": "pass",
      "objects": [
        {
          "object_addr": "module.notifications_lambda.var.execution_role_arn",
          "status": "pass"
        }
      ]
    },
    {
      "object_kind": "var",
      "config_addr": "module.presign_lambda.var.kms_key_arn",
      "status": "pass",
      "objects": [
        {
          "object_addr": "module.presign_lambda.var.kms_key_arn",
          "status": "pass"
        }
      ]
    },
    {
      "object_kind": "var",
      "config_addr": "module.public_api.var.integration_responses",
      "status": "pass",
      "objects": [
        {
          "object_addr": "module.public_api.var.integration_responses",
          "status": "pass"
        }
      ]
    },
    {
      "object_kind": "var",
      "config_addr": "module.leads_table.var.table_name",
      "status": "pass",
      "objects": [
        {
          "object_addr": "module.leads_table.var.table_name",
          "status": "pass"
        }
      ]
    },
    {
      "object_kind": "var",
      "config_addr": "module.leads_lambda.var.reserved_concurrent_executions",
      "status": "pass",
      "objects": [
        {
          "object_addr": "module.leads_lambda.var.reserved_concurrent_executions",
          "status": "pass"
        }
      ]
    },
    {
      "object_kind": "var",
      "config_addr": "module.cleanup_lambda.var.ephemeral_storage_size",
      "status": "pass",
      "objects": [
        {
          "object_addr": "module.cleanup_lambda.var.ephemeral_storage_size",
          "status": "pass"
        }
      ]
    },
    {
      "object_kind": "var",
      "config_addr": "module.admin_api.var.method_responses",
      "status": "pass",
      "objects": [
        {
          "object_addr": "module.admin_api.var.method_responses",
          "status": "pass"
        }
      ]
    },
    {
      "object_kind": "var",
      "config_addr": "module.posts_table.var.attributes",
      "status": "pass",
      "objects": [
        {
          "object_addr": "module.posts_table.var.attributes",
          "status": "pass"
        }
      ]
    },
    {
      "object_kind": "var",
      "config_addr": "module.media_bucket.var.logging",
      "status": "pass",
      "objects": [
        {
          "object_addr": "module.media_bucket.var.logging",
          "status": "pass"
        }
      ]
    },
    {
      "object_kind": "var",
      "config_addr": "module.notifications_lambda.var.function_name",
      "status": "pass",
      "objects": [
        {
          "object_addr": "module.notifications_lambda.var.function_name",
          "status": "pass"
        }
      ]
    },
    {
      "object_kind": "var",
      "config_addr": "module.public_api.var.minimum_compression_size",
      "status": "pass",
      "objects": [
        {
          "object_addr": "module.public_api.var.minimum_compression_size",
          "status": "pass"
        }
      ]
    },
    {
      "object_kind": "var",
      "config_addr": "module.admin_blog_posts_lambda.var.handler",
      "status": "pass",
      "objects": [
        {
          "object_addr": "module.admin_blog_posts_lambda.var.handler",
          "status": "pass"
        }
      ]
    },
    {
      "object_kind": "var",
      "config_addr": "module.presign_lambda.var.log_group_kms_key_arn",
      "status": "pass",
      "objects": [
        {
          "object_addr": "module.presign_lambda.var.log_group_kms_key_arn",
          "status": "pass"
        }
      ]
    },
    {
      "object_kind": "var",
      "config_addr": "module.leads_table.var.billing_mode",
      "status": "pass",
      "objects": [
        {
          "object_addr": "module.leads_table.var.billing_mode",
          "status": "pass"
        }
      ]
    },
    {
      "object_kind": "var",
      "config_addr": "module.cleanup_lambda.var.reserved_concurrent_executions",
      "status": "pass",
      "objects": [
        {
          "object_addr": "module.cleanup_lambda.var.reserved_concurrent_executions",
          "status": "pass"
        }
      ]
    },
    {
      "object_kind": "var",
      "config_addr": "module.media_bucket.var.lifecycle_rules",
      "status": "pass",
      "objects": [
        {
          "object_addr": "module.media_bucket.var.lifecycle_rules",
          "status": "pass"
        }
      ]
    },
    {
      "object_kind": "var",
      "config_addr": "module.posts_table.var.table_name",
      "status": "pass",
      "objects": [
        {
          "object_addr": "module.posts_table.var.table_name",
          "status": "pass"
        }
      ]
    },
    {
      "object_kind": "var",
      "config_addr": "module.cleanup_lambda.var.function_name",
      "status": "pass",
      "objects": [
        {
          "object_addr": "module.cleanup_lambda.var.function_name",
          "status": "pass"
        }
      ]
    },
    {
      "object_kind": "var",
      "config_addr": "module.admin_blog_posts_lambda.var.timeout",
      "status": "pass",
      "objects": [
        {
          "object_addr": "module.admin_blog_posts_lambda.var.timeout",
          "status": "pass"
        }
      ]
    },
    {
      "object_kind": "var",
      "config_addr": "module.public_api.var.access_log_kms_key_arn",
      "status": "pass",
      "objects": [
        {
          "object_addr": "module.public_api.var.access_log_kms_key_arn",
          "status": "pass"
        }
      ]
    }
  ]
}
